// !$*UTF8*$!
{
	archiveVersion = 1;
	classes = {
	};
	objectVersion = 50;
	objects = {

/* Begin PBXBuildFile section */
		A400F133218DC535009C9CB0 /* AppDelegate.swift in Sources */ = {isa = PBXBuildFile; fileRef = A400F132218DC535009C9CB0 /* AppDelegate.swift */; };
		A400F135218DC535009C9CB0 /* ViewController.swift in Sources */ = {isa = PBXBuildFile; fileRef = A400F134218DC535009C9CB0 /* ViewController.swift */; };
		A400F138218DC535009C9CB0 /* Main.storyboard in Resources */ = {isa = PBXBuildFile; fileRef = A400F136218DC535009C9CB0 /* Main.storyboard */; };
		A400F13A218DC537009C9CB0 /* Assets.xcassets in Resources */ = {isa = PBXBuildFile; fileRef = A400F139218DC537009C9CB0 /* Assets.xcassets */; };
		A400F13D218DC537009C9CB0 /* LaunchScreen.storyboard in Resources */ = {isa = PBXBuildFile; fileRef = A400F13B218DC537009C9CB0 /* LaunchScreen.storyboard */; };
		A400F148218DC537009C9CB0 /* socket_clientTests.swift in Sources */ = {isa = PBXBuildFile; fileRef = A400F147218DC537009C9CB0 /* socket_clientTests.swift */; };
		A400F153218DC537009C9CB0 /* socket_clientUITests.swift in Sources */ = {isa = PBXBuildFile; fileRef = A400F152218DC537009C9CB0 /* socket_clientUITests.swift */; };
		A400F163218DCA10009C9CB0 /* EditCell.swift in Sources */ = {isa = PBXBuildFile; fileRef = A400F162218DCA10009C9CB0 /* EditCell.swift */; };
		A400F165218DDB4E009C9CB0 /* ConnectionStatusCell.swift in Sources */ = {isa = PBXBuildFile; fileRef = A400F164218DDB4E009C9CB0 /* ConnectionStatusCell.swift */; };
		A400F167218DDC17009C9CB0 /* LeaderboardCell.swift in Sources */ = {isa = PBXBuildFile; fileRef = A400F166218DDC17009C9CB0 /* LeaderboardCell.swift */; };
		BFD3EA3BC2EAC160E60AEFF7 /* libPods-socket_client.a in Frameworks */ = {isa = PBXBuildFile; fileRef = CF3544C0252C4ACADDBAE906 /* libPods-socket_client.a */; };
/* End PBXBuildFile section */

/* Begin PBXContainerItemProxy section */
		A400F144218DC537009C9CB0 /* PBXContainerItemProxy */ = {
			isa = PBXContainerItemProxy;
			containerPortal = A400F127218DC535009C9CB0 /* Project object */;
			proxyType = 1;
			remoteGlobalIDString = A400F12E218DC535009C9CB0;
			remoteInfo = socket_client;
		};
		A400F14F218DC537009C9CB0 /* PBXContainerItemProxy */ = {
			isa = PBXContainerItemProxy;
			containerPortal = A400F127218DC535009C9CB0 /* Project object */;
			proxyType = 1;
			remoteGlobalIDString = A400F12E218DC535009C9CB0;
			remoteInfo = socket_client;
		};
/* End PBXContainerItemProxy section */

/* Begin PBXFileReference section */
		602C9B5DC1F41DC235021EDD /* Pods-socket_client.release.xcconfig */ = {isa = PBXFileReference; includeInIndex = 1; lastKnownFileType = text.xcconfig; name = "Pods-socket_client.release.xcconfig"; path = "Pods/Target Support Files/Pods-socket_client/Pods-socket_client.release.xcconfig"; sourceTree = "<group>"; };
		63685886E62315A6CD3CDA42 /* Pods-socket_client.debug.xcconfig */ = {isa = PBXFileReference; includeInIndex = 1; lastKnownFileType = text.xcconfig; name = "Pods-socket_client.debug.xcconfig"; path = "Pods/Target Support Files/Pods-socket_client/Pods-socket_client.debug.xcconfig"; sourceTree = "<group>"; };
		A400F12F218DC535009C9CB0 /* socket_client.app */ = {isa = PBXFileReference; explicitFileType = wrapper.application; includeInIndex = 0; path = socket_client.app; sourceTree = BUILT_PRODUCTS_DIR; };
		A400F132218DC535009C9CB0 /* AppDelegate.swift */ = {isa = PBXFileReference; lastKnownFileType = sourcecode.swift; path = AppDelegate.swift; sourceTree = "<group>"; };
		A400F134218DC535009C9CB0 /* ViewController.swift */ = {isa = PBXFileReference; lastKnownFileType = sourcecode.swift; path = ViewController.swift; sourceTree = "<group>"; };
		A400F137218DC535009C9CB0 /* Base */ = {isa = PBXFileReference; lastKnownFileType = file.storyboard; name = Base; path = Base.lproj/Main.storyboard; sourceTree = "<group>"; };
		A400F139218DC537009C9CB0 /* Assets.xcassets */ = {isa = PBXFileReference; lastKnownFileType = folder.assetcatalog; path = Assets.xcassets; sourceTree = "<group>"; };
		A400F13C218DC537009C9CB0 /* Base */ = {isa = PBXFileReference; lastKnownFileType = file.storyboard; name = Base; path = Base.lproj/LaunchScreen.storyboard; sourceTree = "<group>"; };
		A400F13E218DC537009C9CB0 /* Info.plist */ = {isa = PBXFileReference; lastKnownFileType = text.plist.xml; path = Info.plist; sourceTree = "<group>"; };
		A400F143218DC537009C9CB0 /* socket_clientTests.xctest */ = {isa = PBXFileReference; explicitFileType = wrapper.cfbundle; includeInIndex = 0; path = socket_clientTests.xctest; sourceTree = BUILT_PRODUCTS_DIR; };
		A400F147218DC537009C9CB0 /* socket_clientTests.swift */ = {isa = PBXFileReference; lastKnownFileType = sourcecode.swift; path = socket_clientTests.swift; sourceTree = "<group>"; };
		A400F149218DC537009C9CB0 /* Info.plist */ = {isa = PBXFileReference; lastKnownFileType = text.plist.xml; path = Info.plist; sourceTree = "<group>"; };
		A400F14E218DC537009C9CB0 /* socket_clientUITests.xctest */ = {isa = PBXFileReference; explicitFileType = wrapper.cfbundle; includeInIndex = 0; path = socket_clientUITests.xctest; sourceTree = BUILT_PRODUCTS_DIR; };
		A400F152218DC537009C9CB0 /* socket_clientUITests.swift */ = {isa = PBXFileReference; lastKnownFileType = sourcecode.swift; path = socket_clientUITests.swift; sourceTree = "<group>"; };
		A400F154218DC537009C9CB0 /* Info.plist */ = {isa = PBXFileReference; lastKnownFileType = text.plist.xml; path = Info.plist; sourceTree = "<group>"; };
		A400F162218DCA10009C9CB0 /* EditCell.swift */ = {isa = PBXFileReference; lastKnownFileType = sourcecode.swift; path = EditCell.swift; sourceTree = "<group>"; };
		A400F164218DDB4E009C9CB0 /* ConnectionStatusCell.swift */ = {isa = PBXFileReference; lastKnownFileType = sourcecode.swift; path = ConnectionStatusCell.swift; sourceTree = "<group>"; };
		A400F166218DDC17009C9CB0 /* LeaderboardCell.swift */ = {isa = PBXFileReference; lastKnownFileType = sourcecode.swift; path = LeaderboardCell.swift; sourceTree = "<group>"; };
		CF3544C0252C4ACADDBAE906 /* libPods-socket_client.a */ = {isa = PBXFileReference; explicitFileType = archive.ar; includeInIndex = 0; path = "libPods-socket_client.a"; sourceTree = BUILT_PRODUCTS_DIR; };
/* End PBXFileReference section */

/* Begin PBXFrameworksBuildPhase section */
		A400F12C218DC535009C9CB0 /* Frameworks */ = {
			isa = PBXFrameworksBuildPhase;
			buildActionMask = 2147483647;
			files = (
				BFD3EA3BC2EAC160E60AEFF7 /* libPods-socket_client.a in Frameworks */,
			);
			runOnlyForDeploymentPostprocessing = 0;
		};
		A400F140218DC537009C9CB0 /* Frameworks */ = {
			isa = PBXFrameworksBuildPhase;
			buildActionMask = 2147483647;
			files = (
			);
			runOnlyForDeploymentPostprocessing = 0;
		};
		A400F14B218DC537009C9CB0 /* Frameworks */ = {
			isa = PBXFrameworksBuildPhase;
			buildActionMask = 2147483647;
			files = (
			);
			runOnlyForDeploymentPostprocessing = 0;
		};
/* End PBXFrameworksBuildPhase section */

/* Begin PBXGroup section */
		A400F126218DC535009C9CB0 = {
			isa = PBXGroup;
			children = (
				A400F131218DC535009C9CB0 /* socket_client */,
				A400F146218DC537009C9CB0 /* socket_clientTests */,
				A400F151218DC537009C9CB0 /* socket_clientUITests */,
				A400F130218DC535009C9CB0 /* Products */,
				DA1AADA2C98547BDF14181E4 /* Pods */,
				B7600B645537F9E579118CC1 /* Frameworks */,
			);
			sourceTree = "<group>";
		};
		A400F130218DC535009C9CB0 /* Products */ = {
			isa = PBXGroup;
			children = (
				A400F12F218DC535009C9CB0 /* socket_client.app */,
				A400F143218DC537009C9CB0 /* socket_clientTests.xctest */,
				A400F14E218DC537009C9CB0 /* socket_clientUITests.xctest */,
			);
			name = Products;
			sourceTree = "<group>";
		};
		A400F131218DC535009C9CB0 /* socket_client */ = {
			isa = PBXGroup;
			children = (
				A400F161218DC8AC009C9CB0 /* Cells */,
				A400F160218DC824009C9CB0 /* ViewControllers */,
				A400F132218DC535009C9CB0 /* AppDelegate.swift */,
				A400F136218DC535009C9CB0 /* Main.storyboard */,
				A400F139218DC537009C9CB0 /* Assets.xcassets */,
				A400F13B218DC537009C9CB0 /* LaunchScreen.storyboard */,
				A400F13E218DC537009C9CB0 /* Info.plist */,
			);
			path = socket_client;
			sourceTree = "<group>";
		};
		A400F146218DC537009C9CB0 /* socket_clientTests */ = {
			isa = PBXGroup;
			children = (
				A400F147218DC537009C9CB0 /* socket_clientTests.swift */,
				A400F149218DC537009C9CB0 /* Info.plist */,
			);
			path = socket_clientTests;
			sourceTree = "<group>";
		};
		A400F151218DC537009C9CB0 /* socket_clientUITests */ = {
			isa = PBXGroup;
			children = (
				A400F152218DC537009C9CB0 /* socket_clientUITests.swift */,
				A400F154218DC537009C9CB0 /* Info.plist */,
			);
			path = socket_clientUITests;
			sourceTree = "<group>";
		};
		A400F160218DC824009C9CB0 /* ViewControllers */ = {
			isa = PBXGroup;
			children = (
				A400F134218DC535009C9CB0 /* ViewController.swift */,
			);
			path = ViewControllers;
			sourceTree = "<group>";
		};
		A400F161218DC8AC009C9CB0 /* Cells */ = {
			isa = PBXGroup;
			children = (
				A400F162218DCA10009C9CB0 /* EditCell.swift */,
				A400F164218DDB4E009C9CB0 /* ConnectionStatusCell.swift */,
				A400F166218DDC17009C9CB0 /* LeaderboardCell.swift */,
			);
			path = Cells;
			sourceTree = "<group>";
		};
		B7600B645537F9E579118CC1 /* Frameworks */ = {
			isa = PBXGroup;
			children = (
				CF3544C0252C4ACADDBAE906 /* libPods-socket_client.a */,
			);
			name = Frameworks;
			sourceTree = "<group>";
		};
		DA1AADA2C98547BDF14181E4 /* Pods */ = {
			isa = PBXGroup;
			children = (
				63685886E62315A6CD3CDA42 /* Pods-socket_client.debug.xcconfig */,
				602C9B5DC1F41DC235021EDD /* Pods-socket_client.release.xcconfig */,
			);
			name = Pods;
			sourceTree = "<group>";
		};
/* End PBXGroup section */

/* Begin PBXNativeTarget section */
		A400F12E218DC535009C9CB0 /* socket_client */ = {
			isa = PBXNativeTarget;
			buildConfigurationList = A400F157218DC537009C9CB0 /* Build configuration list for PBXNativeTarget "socket_client" */;
			buildPhases = (
				EA69630333613773D49B61FE /* [CP] Check Pods Manifest.lock */,
				A400F12B218DC535009C9CB0 /* Sources */,
				A400F12C218DC535009C9CB0 /* Frameworks */,
				A400F12D218DC535009C9CB0 /* Resources */,
			);
			buildRules = (
			);
			dependencies = (
			);
			name = socket_client;
			productName = socket_client;
			productReference = A400F12F218DC535009C9CB0 /* socket_client.app */;
			productType = "com.apple.product-type.application";
		};
		A400F142218DC537009C9CB0 /* socket_clientTests */ = {
			isa = PBXNativeTarget;
			buildConfigurationList = A400F15A218DC537009C9CB0 /* Build configuration list for PBXNativeTarget "socket_clientTests" */;
			buildPhases = (
				A400F13F218DC537009C9CB0 /* Sources */,
				A400F140218DC537009C9CB0 /* Frameworks */,
				A400F141218DC537009C9CB0 /* Resources */,
			);
			buildRules = (
			);
			dependencies = (
				A400F145218DC537009C9CB0 /* PBXTargetDependency */,
			);
			name = socket_clientTests;
			productName = socket_clientTests;
			productReference = A400F143218DC537009C9CB0 /* socket_clientTests.xctest */;
			productType = "com.apple.product-type.bundle.unit-test";
		};
		A400F14D218DC537009C9CB0 /* socket_clientUITests */ = {
			isa = PBXNativeTarget;
			buildConfigurationList = A400F15D218DC537009C9CB0 /* Build configuration list for PBXNativeTarget "socket_clientUITests" */;
			buildPhases = (
				A400F14A218DC537009C9CB0 /* Sources */,
				A400F14B218DC537009C9CB0 /* Frameworks */,
				A400F14C218DC537009C9CB0 /* Resources */,
			);
			buildRules = (
			);
			dependencies = (
				A400F150218DC537009C9CB0 /* PBXTargetDependency */,
			);
			name = socket_clientUITests;
			productName = socket_clientUITests;
			productReference = A400F14E218DC537009C9CB0 /* socket_clientUITests.xctest */;
			productType = "com.apple.product-type.bundle.ui-testing";
		};
/* End PBXNativeTarget section */

/* Begin PBXProject section */
		A400F127218DC535009C9CB0 /* Project object */ = {
			isa = PBXProject;
			attributes = {
				LastSwiftUpdateCheck = 1000;
				LastUpgradeCheck = 1000;
				ORGANIZATIONNAME = "Lucass Beck";
				TargetAttributes = {
					A400F12E218DC535009C9CB0 = {
						CreatedOnToolsVersion = 10.0;
					};
					A400F142218DC537009C9CB0 = {
						CreatedOnToolsVersion = 10.0;
						TestTargetID = A400F12E218DC535009C9CB0;
					};
					A400F14D218DC537009C9CB0 = {
						CreatedOnToolsVersion = 10.0;
						TestTargetID = A400F12E218DC535009C9CB0;
					};
				};
			};
			buildConfigurationList = A400F12A218DC535009C9CB0 /* Build configuration list for PBXProject "socket_client" */;
			compatibilityVersion = "Xcode 9.3";
			developmentRegion = en;
			hasScannedForEncodings = 0;
			knownRegions = (
				en,
				Base,
			);
			mainGroup = A400F126218DC535009C9CB0;
			productRefGroup = A400F130218DC535009C9CB0 /* Products */;
			projectDirPath = "";
			projectRoot = "";
			targets = (
				A400F12E218DC535009C9CB0 /* socket_client */,
				A400F142218DC537009C9CB0 /* socket_clientTests */,
				A400F14D218DC537009C9CB0 /* socket_clientUITests */,
			);
		};
/* End PBXProject section */

/* Begin PBXResourcesBuildPhase section */
		A400F12D218DC535009C9CB0 /* Resources */ = {
			isa = PBXResourcesBuildPhase;
			buildActionMask = 2147483647;
			files = (
				A400F13D218DC537009C9CB0 /* LaunchScreen.storyboard in Resources */,
				A400F13A218DC537009C9CB0 /* Assets.xcassets in Resources */,
				A400F138218DC535009C9CB0 /* Main.storyboard in Resources */,
			);
			runOnlyForDeploymentPostprocessing = 0;
		};
		A400F141218DC537009C9CB0 /* Resources */ = {
			isa = PBXResourcesBuildPhase;
			buildActionMask = 2147483647;
			files = (
			);
			runOnlyForDeploymentPostprocessing = 0;
		};
		A400F14C218DC537009C9CB0 /* Resources */ = {
			isa = PBXResourcesBuildPhase;
			buildActionMask = 2147483647;
			files = (
			);
			runOnlyForDeploymentPostprocessing = 0;
		};
/* End PBXResourcesBuildPhase section */

/* Begin PBXShellScriptBuildPhase section */
		EA69630333613773D49B61FE /* [CP] Check Pods Manifest.lock */ = {
			isa = PBXShellScriptBuildPhase;
			buildActionMask = 2147483647;
			files = (
			);
			inputFileListPaths = (
			);
			inputPaths = (
				"${PODS_PODFILE_DIR_PATH}/Podfile.lock",
				"${PODS_ROOT}/Manifest.lock",
			);
			name = "[CP] Check Pods Manifest.lock";
			outputFileListPaths = (
			);
			outputPaths = (
				"$(DERIVED_FILE_DIR)/Pods-socket_client-checkManifestLockResult.txt",
			);
			runOnlyForDeploymentPostprocessing = 0;
			shellPath = /bin/sh;
			shellScript = "diff \"${PODS_PODFILE_DIR_PATH}/Podfile.lock\" \"${PODS_ROOT}/Manifest.lock\" > /dev/null\nif [ $? != 0 ] ; then\n    # print error to STDERR\n    echo \"error: The sandbox is not in sync with the Podfile.lock. Run 'pod install' or update your CocoaPods installation.\" >&2\n    exit 1\nfi\n# This output is used by Xcode 'outputs' to avoid re-running this script phase.\necho \"SUCCESS\" > \"${SCRIPT_OUTPUT_FILE_0}\"\n";
			showEnvVarsInLog = 0;
		};
/* End PBXShellScriptBuildPhase section */

/* Begin PBXSourcesBuildPhase section */
		A400F12B218DC535009C9CB0 /* Sources */ = {
			isa = PBXSourcesBuildPhase;
			buildActionMask = 2147483647;
			files = (
				A400F163218DCA10009C9CB0 /* EditCell.swift in Sources */,
				A400F167218DDC17009C9CB0 /* LeaderboardCell.swift in Sources */,
				A400F165218DDB4E009C9CB0 /* ConnectionStatusCell.swift in Sources */,
				A400F135218DC535009C9CB0 /* ViewController.swift in Sources */,
				A400F133218DC535009C9CB0 /* AppDelegate.swift in Sources */,
			);
			runOnlyForDeploymentPostprocessing = 0;
		};
		A400F13F218DC537009C9CB0 /* Sources */ = {
			isa = PBXSourcesBuildPhase;
			buildActionMask = 2147483647;
			files = (
				A400F148218DC537009C9CB0 /* socket_clientTests.swift in Sources */,
			);
			runOnlyForDeploymentPostprocessing = 0;
		};
		A400F14A218DC537009C9CB0 /* Sources */ = {
			isa = PBXSourcesBuildPhase;
			buildActionMask = 2147483647;
			files = (
				A400F153218DC537009C9CB0 /* socket_clientUITests.swift in Sources */,
			);
			runOnlyForDeploymentPostprocessing = 0;
		};
/* End PBXSourcesBuildPhase section */

/* Begin PBXTargetDependency section */
		A400F145218DC537009C9CB0 /* PBXTargetDependency */ = {
			isa = PBXTargetDependency;
			target = A400F12E218DC535009C9CB0 /* socket_client */;
			targetProxy = A400F144218DC537009C9CB0 /* PBXContainerItemProxy */;
		};
		A400F150218DC537009C9CB0 /* PBXTargetDependency */ = {
			isa = PBXTargetDependency;
			target = A400F12E218DC535009C9CB0 /* socket_client */;
			targetProxy = A400F14F218DC537009C9CB0 /* PBXContainerItemProxy */;
		};
/* End PBXTargetDependency section */

/* Begin PBXVariantGroup section */
		A400F136218DC535009C9CB0 /* Main.storyboard */ = {
			isa = PBXVariantGroup;
			children = (
				A400F137218DC535009C9CB0 /* Base */,
			);
			name = Main.storyboard;
			sourceTree = "<group>";
		};
		A400F13B218DC537009C9CB0 /* LaunchScreen.storyboard */ = {
			isa = PBXVariantGroup;
			children = (
				A400F13C218DC537009C9CB0 /* Base */,
			);
			name = LaunchScreen.storyboard;
			sourceTree = "<group>";
		};
/* End PBXVariantGroup section */

/* Begin XCBuildConfiguration section */
		A400F155218DC537009C9CB0 /* Debug */ = {
			isa = XCBuildConfiguration;
			buildSettings = {
				ALWAYS_SEARCH_USER_PATHS = NO;
				CLANG_ANALYZER_NONNULL = YES;
				CLANG_ANALYZER_NUMBER_OBJECT_CONVERSION = YES_AGGRESSIVE;
				CLANG_CXX_LANGUAGE_STANDARD = "gnu++14";
				CLANG_CXX_LIBRARY = "libc++";
				CLANG_ENABLE_MODULES = YES;
				CLANG_ENABLE_OBJC_ARC = YES;
				CLANG_ENABLE_OBJC_WEAK = YES;
				CLANG_WARN_BLOCK_CAPTURE_AUTORELEASING = YES;
				CLANG_WARN_BOOL_CONVERSION = YES;
				CLANG_WARN_COMMA = YES;
				CLANG_WARN_CONSTANT_CONVERSION = YES;
				CLANG_WARN_DEPRECATED_OBJC_IMPLEMENTATIONS = YES;
				CLANG_WARN_DIRECT_OBJC_ISA_USAGE = YES_ERROR;
				CLANG_WARN_DOCUMENTATION_COMMENTS = YES;
				CLANG_WARN_EMPTY_BODY = YES;
				CLANG_WARN_ENUM_CONVERSION = YES;
				CLANG_WARN_INFINITE_RECURSION = YES;
				CLANG_WARN_INT_CONVERSION = YES;
				CLANG_WARN_NON_LITERAL_NULL_CONVERSION = YES;
				CLANG_WARN_OBJC_IMPLICIT_RETAIN_SELF = YES;
				CLANG_WARN_OBJC_LITERAL_CONVERSION = YES;
				CLANG_WARN_OBJC_ROOT_CLASS = YES_ERROR;
				CLANG_WARN_RANGE_LOOP_ANALYSIS = YES;
				CLANG_WARN_STRICT_PROTOTYPES = YES;
				CLANG_WARN_SUSPICIOUS_MOVE = YES;
				CLANG_WARN_UNGUARDED_AVAILABILITY = YES_AGGRESSIVE;
				CLANG_WARN_UNREACHABLE_CODE = YES;
				CLANG_WARN__DUPLICATE_METHOD_MATCH = YES;
				CODE_SIGN_IDENTITY = "iPhone Developer";
				COPY_PHASE_STRIP = NO;
				DEBUG_INFORMATION_FORMAT = dwarf;
				ENABLE_STRICT_OBJC_MSGSEND = YES;
				ENABLE_TESTABILITY = YES;
				GCC_C_LANGUAGE_STANDARD = gnu11;
				GCC_DYNAMIC_NO_PIC = NO;
				GCC_NO_COMMON_BLOCKS = YES;
				GCC_OPTIMIZATION_LEVEL = 0;
				GCC_PREPROCESSOR_DEFINITIONS = (
					"DEBUG=1",
					"$(inherited)",
				);
				GCC_WARN_64_TO_32_BIT_CONVERSION = YES;
				GCC_WARN_ABOUT_RETURN_TYPE = YES_ERROR;
				GCC_WARN_UNDECLARED_SELECTOR = YES;
				GCC_WARN_UNINITIALIZED_AUTOS = YES_AGGRESSIVE;
				GCC_WARN_UNUSED_FUNCTION = YES;
				GCC_WARN_UNUSED_VARIABLE = YES;
				IPHONEOS_DEPLOYMENT_TARGET = 12.0;
				MTL_ENABLE_DEBUG_INFO = INCLUDE_SOURCE;
				MTL_FAST_MATH = YES;
				ONLY_ACTIVE_ARCH = YES;
				SDKROOT = iphoneos;
				SWIFT_ACTIVE_COMPILATION_CONDITIONS = DEBUG;
				SWIFT_OPTIMIZATION_LEVEL = "-Onone";
			};
			name = Debug;
		};
		A400F156218DC537009C9CB0 /* Release */ = {
			isa = XCBuildConfiguration;
			buildSettings = {
				ALWAYS_SEARCH_USER_PATHS = NO;
				CLANG_ANALYZER_NONNULL = YES;
				CLANG_ANALYZER_NUMBER_OBJECT_CONVERSION = YES_AGGRESSIVE;
				CLANG_CXX_LANGUAGE_STANDARD = "gnu++14";
				CLANG_CXX_LIBRARY = "libc++";
				CLANG_ENABLE_MODULES = YES;
				CLANG_ENABLE_OBJC_ARC = YES;
				CLANG_ENABLE_OBJC_WEAK = YES;
				CLANG_WARN_BLOCK_CAPTURE_AUTORELEASING = YES;
				CLANG_WARN_BOOL_CONVERSION = YES;
				CLANG_WARN_COMMA = YES;
				CLANG_WARN_CONSTANT_CONVERSION = YES;
				CLANG_WARN_DEPRECATED_OBJC_IMPLEMENTATIONS = YES;
				CLANG_WARN_DIRECT_OBJC_ISA_USAGE = YES_ERROR;
				CLANG_WARN_DOCUMENTATION_COMMENTS = YES;
				CLANG_WARN_EMPTY_BODY = YES;
				CLANG_WARN_ENUM_CONVERSION = YES;
				CLANG_WARN_INFINITE_RECURSION = YES;
				CLANG_WARN_INT_CONVERSION = YES;
				CLANG_WARN_NON_LITERAL_NULL_CONVERSION = YES;
				CLANG_WARN_OBJC_IMPLICIT_RETAIN_SELF = YES;
				CLANG_WARN_OBJC_LITERAL_CONVERSION = YES;
				CLANG_WARN_OBJC_ROOT_CLASS = YES_ERROR;
				CLANG_WARN_RANGE_LOOP_ANALYSIS = YES;
				CLANG_WARN_STRICT_PROTOTYPES = YES;
				CLANG_WARN_SUSPICIOUS_MOVE = YES;
				CLANG_WARN_UNGUARDED_AVAILABILITY = YES_AGGRESSIVE;
				CLANG_WARN_UNREACHABLE_CODE = YES;
				CLANG_WARN__DUPLICATE_METHOD_MATCH = YES;
				CODE_SIGN_IDENTITY = "iPhone Developer";
				COPY_PHASE_STRIP = NO;
				DEBUG_INFORMATION_FORMAT = "dwarf-with-dsym";
				ENABLE_NS_ASSERTIONS = NO;
				ENABLE_STRICT_OBJC_MSGSEND = YES;
				GCC_C_LANGUAGE_STANDARD = gnu11;
				GCC_NO_COMMON_BLOCKS = YES;
				GCC_WARN_64_TO_32_BIT_CONVERSION = YES;
				GCC_WARN_ABOUT_RETURN_TYPE = YES_ERROR;
				GCC_WARN_UNDECLARED_SELECTOR = YES;
				GCC_WARN_UNINITIALIZED_AUTOS = YES_AGGRESSIVE;
				GCC_WARN_UNUSED_FUNCTION = YES;
				GCC_WARN_UNUSED_VARIABLE = YES;
				IPHONEOS_DEPLOYMENT_TARGET = 12.0;
				MTL_ENABLE_DEBUG_INFO = NO;
				MTL_FAST_MATH = YES;
				SDKROOT = iphoneos;
				SWIFT_COMPILATION_MODE = wholemodule;
				SWIFT_OPTIMIZATION_LEVEL = "-O";
				VALIDATE_PRODUCT = YES;
			};
			name = Release;
		};
		A400F158218DC537009C9CB0 /* Debug */ = {
			isa = XCBuildConfiguration;
			baseConfigurationReference = 63685886E62315A6CD3CDA42 /* Pods-socket_client.debug.xcconfig */;
			buildSettings = {
				ASSETCATALOG_COMPILER_APPICON_NAME = AppIcon;
				CODE_SIGN_STYLE = Automatic;
				INFOPLIST_FILE = socket_client/Info.plist;
				LD_RUNPATH_SEARCH_PATHS = (
					"$(inherited)",
					"@executable_path/Frameworks",
				);
				PRODUCT_BUNDLE_IDENTIFIER = com.clubrowfitness.socketprototype;
				PRODUCT_NAME = "$(TARGET_NAME)";
				SWIFT_VERSION = 4.2;
				TARGETED_DEVICE_FAMILY = "1,2";
			};
			name = Debug;
		};
		A400F159218DC537009C9CB0 /* Release */ = {
			isa = XCBuildConfiguration;
			baseConfigurationReference = 602C9B5DC1F41DC235021EDD /* Pods-socket_client.release.xcconfig */;
			buildSettings = {
				ASSETCATALOG_COMPILER_APPICON_NAME = AppIcon;
				CODE_SIGN_STYLE = Automatic;
				INFOPLIST_FILE = socket_client/Info.plist;
				LD_RUNPATH_SEARCH_PATHS = (
					"$(inherited)",
					"@executable_path/Frameworks",
				);
				PRODUCT_BUNDLE_IDENTIFIER = com.clubrowfitness.socketprototype;
				PRODUCT_NAME = "$(TARGET_NAME)";
				SWIFT_VERSION = 4.2;
				TARGETED_DEVICE_FAMILY = "1,2";
			};
			name = Release;
		};
		A400F15B218DC537009C9CB0 /* Debug */ = {
			isa = XCBuildConfiguration;
			buildSettings = {
				ALWAYS_EMBED_SWIFT_STANDARD_LIBRARIES = YES;
				BUNDLE_LOADER = "$(TEST_HOST)";
				CODE_SIGN_STYLE = Automatic;
				INFOPLIST_FILE = socket_clientTests/Info.plist;
				LD_RUNPATH_SEARCH_PATHS = (
					"$(inherited)",
					"@executable_path/Frameworks",
					"@loader_path/Frameworks",
				);
				PRODUCT_BUNDLE_IDENTIFIER = "rs.yhs.socket-clientTests";
				PRODUCT_NAME = "$(TARGET_NAME)";
				SWIFT_VERSION = 4.2;
				TARGETED_DEVICE_FAMILY = "1,2";
				TEST_HOST = "$(BUILT_PRODUCTS_DIR)/socket_client.app/socket_client";
			};
			name = Debug;
		};
		A400F15C218DC537009C9CB0 /* Release */ = {
			isa = XCBuildConfiguration;
			buildSettings = {
				ALWAYS_EMBED_SWIFT_STANDARD_LIBRARIES = YES;
				BUNDLE_LOADER = "$(TEST_HOST)";
				CODE_SIGN_STYLE = Automatic;
				INFOPLIST_FILE = socket_clientTests/Info.plist;
				LD_RUNPATH_SEARCH_PATHS = (
					"$(inherited)",
					"@executable_path/Frameworks",
					"@loader_path/Frameworks",
				);
				PRODUCT_BUNDLE_IDENTIFIER = "rs.yhs.socket-clientTests";
				PRODUCT_NAME = "$(TARGET_NAME)";
				SWIFT_VERSION = 4.2;
				TARGETED_DEVICE_FAMILY = "1,2";
				TEST_HOST = "$(BUILT_PRODUCTS_DIR)/socket_client.app/socket_client";
			};
			name = Release;
		};
		A400F15E218DC537009C9CB0 /* Debug */ = {
			isa = XCBuildConfiguration;
			buildSettings = {
				ALWAYS_EMBED_SWIFT_STANDARD_LIBRARIES = YES;
				CODE_SIGN_STYLE = Automatic;
				INFOPLIST_FILE = socket_clientUITests/Info.plist;
				LD_RUNPATH_SEARCH_PATHS = (
					"$(inherited)",
					"@executable_path/Frameworks",
					"@loader_path/Frameworks",
				);
				PRODUCT_BUNDLE_IDENTIFIER = "rs.yhs.socket-clientUITests";
				PRODUCT_NAME = "$(TARGET_NAME)";
				SWIFT_VERSION = 4.2;
				TARGETED_DEVICE_FAMILY = "1,2";
				TEST_TARGET_NAME = socket_client;
			};
			name = Debug;
		};
		A400F15F218DC537009C9CB0 /* Release */ = {
			isa = XCBuildConfiguration;
			buildSettings = {
				ALWAYS_EMBED_SWIFT_STANDARD_LIBRARIES = YES;
				CODE_SIGN_STYLE = Automatic;
				INFOPLIST_FILE = socket_clientUITests/Info.plist;
				LD_RUNPATH_SEARCH_PATHS = (
					"$(inherited)",
					"@executable_path/Frameworks",
					"@loader_path/Frameworks",
				);
				PRODUCT_BUNDLE_IDENTIFIER = "rs.yhs.socket-clientUITests";
				PRODUCT_NAME = "$(TARGET_NAME)";
				SWIFT_VERSION = 4.2;
				TARGETED_DEVICE_FAMILY = "1,2";
				TEST_TARGET_NAME = socket_client;
			};
			name = Release;
		};
/* End XCBuildConfiguration section */

/* Begin XCConfigurationList section */
		A400F12A218DC535009C9CB0 /* Build configuration list for PBXProject "socket_client" */ = {
			isa = XCConfigurationList;
			buildConfigurations = (
				A400F155218DC537009C9CB0 /* Debug */,
				A400F156218DC537009C9CB0 /* Release */,
			);
			defaultConfigurationIsVisible = 0;
			defaultConfigurationName = Release;
		};
		A400F157218DC537009C9CB0 /* Build configuration list for PBXNativeTarget "socket_client" */ = {
			isa = XCConfigurationList;
			buildConfigurations = (
				A400F158218DC537009C9CB0 /* Debug */,
				A400F159218DC537009C9CB0 /* Release */,
			);
			defaultConfigurationIsVisible = 0;
			defaultConfigurationName = Release;
		};
		A400F15A218DC537009C9CB0 /* Build configuration list for PBXNativeTarget "socket_clientTests" */ = {
			isa = XCConfigurationList;
			buildConfigurations = (
				A400F15B218DC537009C9CB0 /* Debug */,
				A400F15C218DC537009C9CB0 /* Release */,
			);
			defaultConfigurationIsVisible = 0;
			defaultConfigurationName = Release;
		};
		A400F15D218DC537009C9CB0 /* Build configuration list for PBXNativeTarget "socket_clientUITests" */ = {
			isa = XCConfigurationList;
			buildConfigurations = (
				A400F15E218DC537009C9CB0 /* Debug */,
				A400F15F218DC537009C9CB0 /* Release */,
			);
			defaultConfigurationIsVisible = 0;
			defaultConfigurationName = Release;
		};
/* End XCConfigurationList section */
	};
	rootObject = A400F127218DC535009C9CB0 /* Project object */;
}
