// !$*UTF8*$!
{
	archiveVersion = 1;
	classes = {
	};
	objectVersion = 50;
	objects = {

/* Begin PBXBuildFile section */
		A40E2503217A794900DE9D4E /* C2ScanningManager.swift in Sources */ = {isa = PBXBuildFile; fileRef = A40E2502217A794900DE9D4E /* C2ScanningManager.swift */; };
		A40E2505217B18D800DE9D4E /* C2ConnectionManager.swift in Sources */ = {isa = PBXBuildFile; fileRef = A40E2504217B18D800DE9D4E /* C2ConnectionManager.swift */; };
		A481FF13214C8BC800E7410A /* AppDelegate.swift in Sources */ = {isa = PBXBuildFile; fileRef = A481FF12214C8BC800E7410A /* AppDelegate.swift */; };
		A481FF15214C8BC800E7410A /* ViewController.swift in Sources */ = {isa = PBXBuildFile; fileRef = A481FF14214C8BC800E7410A /* ViewController.swift */; };
		A481FF18214C8BC800E7410A /* Main.storyboard in Resources */ = {isa = PBXBuildFile; fileRef = A481FF16214C8BC800E7410A /* Main.storyboard */; };
		A481FF1A214C8BCE00E7410A /* Assets.xcassets in Resources */ = {isa = PBXBuildFile; fileRef = A481FF19214C8BCE00E7410A /* Assets.xcassets */; };
		A481FF1D214C8BCE00E7410A /* LaunchScreen.storyboard in Resources */ = {isa = PBXBuildFile; fileRef = A481FF1B214C8BCE00E7410A /* LaunchScreen.storyboard */; };
		A481FF28214C8BCE00E7410A /* Concept2Tests.swift in Sources */ = {isa = PBXBuildFile; fileRef = A481FF27214C8BCE00E7410A /* Concept2Tests.swift */; };
		A481FF33214C8BCE00E7410A /* Concept2UITests.swift in Sources */ = {isa = PBXBuildFile; fileRef = A481FF32214C8BCE00E7410A /* Concept2UITests.swift */; };
		A481FF41214C919800E7410A /* PM5TableViewController.swift in Sources */ = {isa = PBXBuildFile; fileRef = A481FF40214C919800E7410A /* PM5TableViewController.swift */; };
		A481FF43214C926B00E7410A /* Log.swift in Sources */ = {isa = PBXBuildFile; fileRef = A481FF42214C926B00E7410A /* Log.swift */; };
		A481FF45214C999800E7410A /* PM5Scanner.swift in Sources */ = {isa = PBXBuildFile; fileRef = A481FF44214C999800E7410A /* PM5Scanner.swift */; };
/* End PBXBuildFile section */

/* Begin PBXContainerItemProxy section */
		A481FF24214C8BCE00E7410A /* PBXContainerItemProxy */ = {
			isa = PBXContainerItemProxy;
			containerPortal = A481FF07214C8BC800E7410A /* Project object */;
			proxyType = 1;
			remoteGlobalIDString = A481FF0E214C8BC800E7410A;
			remoteInfo = Concept2;
		};
		A481FF2F214C8BCE00E7410A /* PBXContainerItemProxy */ = {
			isa = PBXContainerItemProxy;
			containerPortal = A481FF07214C8BC800E7410A /* Project object */;
			proxyType = 1;
			remoteGlobalIDString = A481FF0E214C8BC800E7410A;
			remoteInfo = Concept2;
		};
/* End PBXContainerItemProxy section */

/* Begin PBXFileReference section */
		A40E2502217A794900DE9D4E /* C2ScanningManager.swift */ = {isa = PBXFileReference; fileEncoding = 4; lastKnownFileType = sourcecode.swift; name = C2ScanningManager.swift; path = C2Library/C2ScanningManager.swift; sourceTree = SOURCE_ROOT; };
		A40E2504217B18D800DE9D4E /* C2ConnectionManager.swift */ = {isa = PBXFileReference; lastKnownFileType = sourcecode.swift; path = C2ConnectionManager.swift; sourceTree = "<group>"; };
		A481FF0F214C8BC800E7410A /* Concept2.app */ = {isa = PBXFileReference; explicitFileType = wrapper.application; includeInIndex = 0; path = Concept2.app; sourceTree = BUILT_PRODUCTS_DIR; };
		A481FF12214C8BC800E7410A /* AppDelegate.swift */ = {isa = PBXFileReference; lastKnownFileType = sourcecode.swift; path = AppDelegate.swift; sourceTree = "<group>"; };
		A481FF14214C8BC800E7410A /* ViewController.swift */ = {isa = PBXFileReference; lastKnownFileType = sourcecode.swift; path = ViewController.swift; sourceTree = "<group>"; };
		A481FF17214C8BC800E7410A /* Base */ = {isa = PBXFileReference; lastKnownFileType = file.storyboard; name = Base; path = Base.lproj/Main.storyboard; sourceTree = "<group>"; };
		A481FF19214C8BCE00E7410A /* Assets.xcassets */ = {isa = PBXFileReference; lastKnownFileType = folder.assetcatalog; path = Assets.xcassets; sourceTree = "<group>"; };
		A481FF1C214C8BCE00E7410A /* Base */ = {isa = PBXFileReference; lastKnownFileType = file.storyboard; name = Base; path = Base.lproj/LaunchScreen.storyboard; sourceTree = "<group>"; };
		A481FF1E214C8BCE00E7410A /* Info.plist */ = {isa = PBXFileReference; lastKnownFileType = text.plist.xml; path = Info.plist; sourceTree = "<group>"; };
		A481FF23214C8BCE00E7410A /* Concept2Tests.xctest */ = {isa = PBXFileReference; explicitFileType = wrapper.cfbundle; includeInIndex = 0; path = Concept2Tests.xctest; sourceTree = BUILT_PRODUCTS_DIR; };
		A481FF27214C8BCE00E7410A /* Concept2Tests.swift */ = {isa = PBXFileReference; lastKnownFileType = sourcecode.swift; path = Concept2Tests.swift; sourceTree = "<group>"; };
		A481FF29214C8BCE00E7410A /* Info.plist */ = {isa = PBXFileReference; lastKnownFileType = text.plist.xml; path = Info.plist; sourceTree = "<group>"; };
		A481FF2E214C8BCE00E7410A /* Concept2UITests.xctest */ = {isa = PBXFileReference; explicitFileType = wrapper.cfbundle; includeInIndex = 0; path = Concept2UITests.xctest; sourceTree = BUILT_PRODUCTS_DIR; };
		A481FF32214C8BCE00E7410A /* Concept2UITests.swift */ = {isa = PBXFileReference; lastKnownFileType = sourcecode.swift; path = Concept2UITests.swift; sourceTree = "<group>"; };
		A481FF34214C8BCE00E7410A /* Info.plist */ = {isa = PBXFileReference; lastKnownFileType = text.plist.xml; path = Info.plist; sourceTree = "<group>"; };
		A481FF40214C919800E7410A /* PM5TableViewController.swift */ = {isa = PBXFileReference; lastKnownFileType = sourcecode.swift; path = PM5TableViewController.swift; sourceTree = "<group>"; };
		A481FF42214C926B00E7410A /* Log.swift */ = {isa = PBXFileReference; lastKnownFileType = sourcecode.swift; path = Log.swift; sourceTree = "<group>"; };
		A481FF44214C999800E7410A /* PM5Scanner.swift */ = {isa = PBXFileReference; lastKnownFileType = sourcecode.swift; path = PM5Scanner.swift; sourceTree = "<group>"; };
/* End PBXFileReference section */

/* Begin PBXFrameworksBuildPhase section */
		A481FF0C214C8BC800E7410A /* Frameworks */ = {
			isa = PBXFrameworksBuildPhase;
			buildActionMask = 2147483647;
			files = (
			);
			runOnlyForDeploymentPostprocessing = 0;
		};
		A481FF20214C8BCE00E7410A /* Frameworks */ = {
			isa = PBXFrameworksBuildPhase;
			buildActionMask = 2147483647;
			files = (
			);
			runOnlyForDeploymentPostprocessing = 0;
		};
		A481FF2B214C8BCE00E7410A /* Frameworks */ = {
			isa = PBXFrameworksBuildPhase;
			buildActionMask = 2147483647;
			files = (
			);
			runOnlyForDeploymentPostprocessing = 0;
		};
/* End PBXFrameworksBuildPhase section */

/* Begin PBXGroup section */
		A40E2501217A793300DE9D4E /* C2Library */ = {
			isa = PBXGroup;
			children = (
				A40E2502217A794900DE9D4E /* C2ScanningManager.swift */,
				A40E2504217B18D800DE9D4E /* C2ConnectionManager.swift */,
			);
			name = C2Library;
			path = "New Group";
			sourceTree = "<group>";
		};
		A481FF06214C8BC800E7410A = {
			isa = PBXGroup;
			children = (
				A40E2501217A793300DE9D4E /* C2Library */,
				A481FF11214C8BC800E7410A /* Concept2 */,
				A481FF26214C8BCE00E7410A /* Concept2Tests */,
				A481FF31214C8BCE00E7410A /* Concept2UITests */,
				A481FF10214C8BC800E7410A /* Products */,
			);
			sourceTree = "<group>";
		};
		A481FF10214C8BC800E7410A /* Products */ = {
			isa = PBXGroup;
			children = (
				A481FF0F214C8BC800E7410A /* Concept2.app */,
				A481FF23214C8BCE00E7410A /* Concept2Tests.xctest */,
				A481FF2E214C8BCE00E7410A /* Concept2UITests.xctest */,
			);
			name = Products;
			sourceTree = "<group>";
		};
		A481FF11214C8BC800E7410A /* Concept2 */ = {
			isa = PBXGroup;
			children = (
				A481FF12214C8BC800E7410A /* AppDelegate.swift */,
				A481FF14214C8BC800E7410A /* ViewController.swift */,
				A481FF40214C919800E7410A /* PM5TableViewController.swift */,
				A481FF44214C999800E7410A /* PM5Scanner.swift */,
				A481FF16214C8BC800E7410A /* Main.storyboard */,
				A481FF19214C8BCE00E7410A /* Assets.xcassets */,
				A481FF1B214C8BCE00E7410A /* LaunchScreen.storyboard */,
				A481FF1E214C8BCE00E7410A /* Info.plist */,
				A481FF42214C926B00E7410A /* Log.swift */,
			);
			path = Concept2;
			sourceTree = "<group>";
		};
		A481FF26214C8BCE00E7410A /* Concept2Tests */ = {
			isa = PBXGroup;
			children = (
				A481FF27214C8BCE00E7410A /* Concept2Tests.swift */,
				A481FF29214C8BCE00E7410A /* Info.plist */,
			);
			path = Concept2Tests;
			sourceTree = "<group>";
		};
		A481FF31214C8BCE00E7410A /* Concept2UITests */ = {
			isa = PBXGroup;
			children = (
				A481FF32214C8BCE00E7410A /* Concept2UITests.swift */,
				A481FF34214C8BCE00E7410A /* Info.plist */,
			);
			path = Concept2UITests;
			sourceTree = "<group>";
		};
/* End PBXGroup section */

/* Begin PBXNativeTarget section */
		A481FF0E214C8BC800E7410A /* Concept2 */ = {
			isa = PBXNativeTarget;
			buildConfigurationList = A481FF37214C8BCE00E7410A /* Build configuration list for PBXNativeTarget "Concept2" */;
			buildPhases = (
				A481FF0B214C8BC800E7410A /* Sources */,
				A481FF0C214C8BC800E7410A /* Frameworks */,
				A481FF0D214C8BC800E7410A /* Resources */,
			);
			buildRules = (
			);
			dependencies = (
			);
			name = Concept2;
			productName = Concept2;
			productReference = A481FF0F214C8BC800E7410A /* Concept2.app */;
			productType = "com.apple.product-type.application";
		};
		A481FF22214C8BCE00E7410A /* Concept2Tests */ = {
			isa = PBXNativeTarget;
			buildConfigurationList = A481FF3A214C8BCE00E7410A /* Build configuration list for PBXNativeTarget "Concept2Tests" */;
			buildPhases = (
				A481FF1F214C8BCE00E7410A /* Sources */,
				A481FF20214C8BCE00E7410A /* Frameworks */,
				A481FF21214C8BCE00E7410A /* Resources */,
			);
			buildRules = (
			);
			dependencies = (
				A481FF25214C8BCE00E7410A /* PBXTargetDependency */,
			);
			name = Concept2Tests;
			productName = Concept2Tests;
			productReference = A481FF23214C8BCE00E7410A /* Concept2Tests.xctest */;
			productType = "com.apple.product-type.bundle.unit-test";
		};
		A481FF2D214C8BCE00E7410A /* Concept2UITests */ = {
			isa = PBXNativeTarget;
			buildConfigurationList = A481FF3D214C8BCE00E7410A /* Build configuration list for PBXNativeTarget "Concept2UITests" */;
			buildPhases = (
				A481FF2A214C8BCE00E7410A /* Sources */,
				A481FF2B214C8BCE00E7410A /* Frameworks */,
				A481FF2C214C8BCE00E7410A /* Resources */,
			);
			buildRules = (
			);
			dependencies = (
				A481FF30214C8BCE00E7410A /* PBXTargetDependency */,
			);
			name = Concept2UITests;
			productName = Concept2UITests;
			productReference = A481FF2E214C8BCE00E7410A /* Concept2UITests.xctest */;
			productType = "com.apple.product-type.bundle.ui-testing";
		};
/* End PBXNativeTarget section */

/* Begin PBXProject section */
		A481FF07214C8BC800E7410A /* Project object */ = {
			isa = PBXProject;
			attributes = {
				LastSwiftUpdateCheck = 0940;
				LastUpgradeCheck = 0940;
				ORGANIZATIONNAME = "Luccas Beck";
				TargetAttributes = {
					A481FF0E214C8BC800E7410A = {
						CreatedOnToolsVersion = 9.4.1;
					};
					A481FF22214C8BCE00E7410A = {
						CreatedOnToolsVersion = 9.4.1;
						TestTargetID = A481FF0E214C8BC800E7410A;
					};
					A481FF2D214C8BCE00E7410A = {
						CreatedOnToolsVersion = 9.4.1;
						TestTargetID = A481FF0E214C8BC800E7410A;
					};
				};
			};
			buildConfigurationList = A481FF0A214C8BC800E7410A /* Build configuration list for PBXProject "Concept2" */;
			compatibilityVersion = "Xcode 9.3";
			developmentRegion = en;
			hasScannedForEncodings = 0;
			knownRegions = (
				en,
				Base,
			);
			mainGroup = A481FF06214C8BC800E7410A;
			productRefGroup = A481FF10214C8BC800E7410A /* Products */;
			projectDirPath = "";
			projectRoot = "";
			targets = (
				A481FF0E214C8BC800E7410A /* Concept2 */,
				A481FF22214C8BCE00E7410A /* Concept2Tests */,
				A481FF2D214C8BCE00E7410A /* Concept2UITests */,
			);
		};
/* End PBXProject section */

/* Begin PBXResourcesBuildPhase section */
		A481FF0D214C8BC800E7410A /* Resources */ = {
			isa = PBXResourcesBuildPhase;
			buildActionMask = 2147483647;
			files = (
				A481FF1D214C8BCE00E7410A /* LaunchScreen.storyboard in Resources */,
				A481FF1A214C8BCE00E7410A /* Assets.xcassets in Resources */,
				A481FF18214C8BC800E7410A /* Main.storyboard in Resources */,
			);
			runOnlyForDeploymentPostprocessing = 0;
		};
		A481FF21214C8BCE00E7410A /* Resources */ = {
			isa = PBXResourcesBuildPhase;
			buildActionMask = 2147483647;
			files = (
			);
			runOnlyForDeploymentPostprocessing = 0;
		};
		A481FF2C214C8BCE00E7410A /* Resources */ = {
			isa = PBXResourcesBuildPhase;
			buildActionMask = 2147483647;
			files = (
			);
			runOnlyForDeploymentPostprocessing = 0;
		};
/* End PBXResourcesBuildPhase section */

/* Begin PBXSourcesBuildPhase section */
		A481FF0B214C8BC800E7410A /* Sources */ = {
			isa = PBXSourcesBuildPhase;
			buildActionMask = 2147483647;
			files = (
				A481FF15214C8BC800E7410A /* ViewController.swift in Sources */,
				A481FF13214C8BC800E7410A /* AppDelegate.swift in Sources */,
				A481FF43214C926B00E7410A /* Log.swift in Sources */,
				A481FF41214C919800E7410A /* PM5TableViewController.swift in Sources */,
				A481FF45214C999800E7410A /* PM5Scanner.swift in Sources */,
				A40E2505217B18D800DE9D4E /* C2ConnectionManager.swift in Sources */,
				A40E2503217A794900DE9D4E /* C2ScanningManager.swift in Sources */,
			);
			runOnlyForDeploymentPostprocessing = 0;
		};
		A481FF1F214C8BCE00E7410A /* Sources */ = {
			isa = PBXSourcesBuildPhase;
			buildActionMask = 2147483647;
			files = (
				A481FF28214C8BCE00E7410A /* Concept2Tests.swift in Sources */,
			);
			runOnlyForDeploymentPostprocessing = 0;
		};
		A481FF2A214C8BCE00E7410A /* Sources */ = {
			isa = PBXSourcesBuildPhase;
			buildActionMask = 2147483647;
			files = (
				A481FF33214C8BCE00E7410A /* Concept2UITests.swift in Sources */,
			);
			runOnlyForDeploymentPostprocessing = 0;
		};
/* End PBXSourcesBuildPhase section */

/* Begin PBXTargetDependency section */
		A481FF25214C8BCE00E7410A /* PBXTargetDependency */ = {
			isa = PBXTargetDependency;
			target = A481FF0E214C8BC800E7410A /* Concept2 */;
			targetProxy = A481FF24214C8BCE00E7410A /* PBXContainerItemProxy */;
		};
		A481FF30214C8BCE00E7410A /* PBXTargetDependency */ = {
			isa = PBXTargetDependency;
			target = A481FF0E214C8BC800E7410A /* Concept2 */;
			targetProxy = A481FF2F214C8BCE00E7410A /* PBXContainerItemProxy */;
		};
/* End PBXTargetDependency section */

/* Begin PBXVariantGroup section */
		A481FF16214C8BC800E7410A /* Main.storyboard */ = {
			isa = PBXVariantGroup;
			children = (
				A481FF17214C8BC800E7410A /* Base */,
			);
			name = Main.storyboard;
			sourceTree = "<group>";
		};
		A481FF1B214C8BCE00E7410A /* LaunchScreen.storyboard */ = {
			isa = PBXVariantGroup;
			children = (
				A481FF1C214C8BCE00E7410A /* Base */,
			);
			name = LaunchScreen.storyboard;
			sourceTree = "<group>";
		};
/* End PBXVariantGroup section */

/* Begin XCBuildConfiguration section */
		A481FF35214C8BCE00E7410A /* Debug */ = {
			isa = XCBuildConfiguration;
			buildSettings = {
				ALWAYS_SEARCH_USER_PATHS = NO;
				CLANG_ANALYZER_NONNULL = YES;
				CLANG_ANALYZER_NUMBER_OBJECT_CONVERSION = YES_AGGRESSIVE;
				CLANG_CXX_LANGUAGE_STANDARD = "gnu++14";
				CLANG_CXX_LIBRARY = "libc++";
				CLANG_ENABLE_MODULES = YES;
				CLANG_ENABLE_OBJC_ARC = YES;
				CLANG_ENABLE_OBJC_WEAK = YES;
				CLANG_WARN_BLOCK_CAPTURE_AUTORELEASING = YES;
				CLANG_WARN_BOOL_CONVERSION = YES;
				CLANG_WARN_COMMA = YES;
				CLANG_WARN_CONSTANT_CONVERSION = YES;
				CLANG_WARN_DEPRECATED_OBJC_IMPLEMENTATIONS = YES;
				CLANG_WARN_DIRECT_OBJC_ISA_USAGE = YES_ERROR;
				CLANG_WARN_DOCUMENTATION_COMMENTS = YES;
				CLANG_WARN_EMPTY_BODY = YES;
				CLANG_WARN_ENUM_CONVERSION = YES;
				CLANG_WARN_INFINITE_RECURSION = YES;
				CLANG_WARN_INT_CONVERSION = YES;
				CLANG_WARN_NON_LITERAL_NULL_CONVERSION = YES;
				CLANG_WARN_OBJC_IMPLICIT_RETAIN_SELF = YES;
				CLANG_WARN_OBJC_LITERAL_CONVERSION = YES;
				CLANG_WARN_OBJC_ROOT_CLASS = YES_ERROR;
				CLANG_WARN_RANGE_LOOP_ANALYSIS = YES;
				CLANG_WARN_STRICT_PROTOTYPES = YES;
				CLANG_WARN_SUSPICIOUS_MOVE = YES;
				CLANG_WARN_UNGUARDED_AVAILABILITY = YES_AGGRESSIVE;
				CLANG_WARN_UNREACHABLE_CODE = YES;
				CLANG_WARN__DUPLICATE_METHOD_MATCH = YES;
				CODE_SIGN_IDENTITY = "iPhone Developer";
				COPY_PHASE_STRIP = NO;
				DEBUG_INFORMATION_FORMAT = dwarf;
				ENABLE_STRICT_OBJC_MSGSEND = YES;
				ENABLE_TESTABILITY = YES;
				GCC_C_LANGUAGE_STANDARD = gnu11;
				GCC_DYNAMIC_NO_PIC = NO;
				GCC_NO_COMMON_BLOCKS = YES;
				GCC_OPTIMIZATION_LEVEL = 0;
				GCC_PREPROCESSOR_DEFINITIONS = (
					"DEBUG=1",
					"$(inherited)",
				);
				GCC_WARN_64_TO_32_BIT_CONVERSION = YES;
				GCC_WARN_ABOUT_RETURN_TYPE = YES_ERROR;
				GCC_WARN_UNDECLARED_SELECTOR = YES;
				GCC_WARN_UNINITIALIZED_AUTOS = YES_AGGRESSIVE;
				GCC_WARN_UNUSED_FUNCTION = YES;
				GCC_WARN_UNUSED_VARIABLE = YES;
				IPHONEOS_DEPLOYMENT_TARGET = 11.4;
				MTL_ENABLE_DEBUG_INFO = YES;
				ONLY_ACTIVE_ARCH = YES;
				SDKROOT = iphoneos;
				SWIFT_ACTIVE_COMPILATION_CONDITIONS = DEBUG;
				SWIFT_OPTIMIZATION_LEVEL = "-Onone";
			};
			name = Debug;
		};
		A481FF36214C8BCE00E7410A /* Release */ = {
			isa = XCBuildConfiguration;
			buildSettings = {
				ALWAYS_SEARCH_USER_PATHS = NO;
				CLANG_ANALYZER_NONNULL = YES;
				CLANG_ANALYZER_NUMBER_OBJECT_CONVERSION = YES_AGGRESSIVE;
				CLANG_CXX_LANGUAGE_STANDARD = "gnu++14";
				CLANG_CXX_LIBRARY = "libc++";
				CLANG_ENABLE_MODULES = YES;
				CLANG_ENABLE_OBJC_ARC = YES;
				CLANG_ENABLE_OBJC_WEAK = YES;
				CLANG_WARN_BLOCK_CAPTURE_AUTORELEASING = YES;
				CLANG_WARN_BOOL_CONVERSION = YES;
				CLANG_WARN_COMMA = YES;
				CLANG_WARN_CONSTANT_CONVERSION = YES;
				CLANG_WARN_DEPRECATED_OBJC_IMPLEMENTATIONS = YES;
				CLANG_WARN_DIRECT_OBJC_ISA_USAGE = YES_ERROR;
				CLANG_WARN_DOCUMENTATION_COMMENTS = YES;
				CLANG_WARN_EMPTY_BODY = YES;
				CLANG_WARN_ENUM_CONVERSION = YES;
				CLANG_WARN_INFINITE_RECURSION = YES;
				CLANG_WARN_INT_CONVERSION = YES;
				CLANG_WARN_NON_LITERAL_NULL_CONVERSION = YES;
				CLANG_WARN_OBJC_IMPLICIT_RETAIN_SELF = YES;
				CLANG_WARN_OBJC_LITERAL_CONVERSION = YES;
				CLANG_WARN_OBJC_ROOT_CLASS = YES_ERROR;
				CLANG_WARN_RANGE_LOOP_ANALYSIS = YES;
				CLANG_WARN_STRICT_PROTOTYPES = YES;
				CLANG_WARN_SUSPICIOUS_MOVE = YES;
				CLANG_WARN_UNGUARDED_AVAILABILITY = YES_AGGRESSIVE;
				CLANG_WARN_UNREACHABLE_CODE = YES;
				CLANG_WARN__DUPLICATE_METHOD_MATCH = YES;
				CODE_SIGN_IDENTITY = "iPhone Developer";
				COPY_PHASE_STRIP = NO;
				DEBUG_INFORMATION_FORMAT = "dwarf-with-dsym";
				ENABLE_NS_ASSERTIONS = NO;
				ENABLE_STRICT_OBJC_MSGSEND = YES;
				GCC_C_LANGUAGE_STANDARD = gnu11;
				GCC_NO_COMMON_BLOCKS = YES;
				GCC_WARN_64_TO_32_BIT_CONVERSION = YES;
				GCC_WARN_ABOUT_RETURN_TYPE = YES_ERROR;
				GCC_WARN_UNDECLARED_SELECTOR = YES;
				GCC_WARN_UNINITIALIZED_AUTOS = YES_AGGRESSIVE;
				GCC_WARN_UNUSED_FUNCTION = YES;
				GCC_WARN_UNUSED_VARIABLE = YES;
				IPHONEOS_DEPLOYMENT_TARGET = 11.4;
				MTL_ENABLE_DEBUG_INFO = NO;
				SDKROOT = iphoneos;
				SWIFT_COMPILATION_MODE = wholemodule;
				SWIFT_OPTIMIZATION_LEVEL = "-O";
				VALIDATE_PRODUCT = YES;
			};
			name = Release;
		};
		A481FF38214C8BCE00E7410A /* Debug */ = {
			isa = XCBuildConfiguration;
			buildSettings = {
				ASSETCATALOG_COMPILER_APPICON_NAME = AppIcon;
				CODE_SIGN_IDENTITY = "iPhone Developer";
				CODE_SIGN_STYLE = Automatic;
				DEVELOPMENT_TEAM = CQ6T4PP523;
				INFOPLIST_FILE = Concept2/Info.plist;
				IPHONEOS_DEPLOYMENT_TARGET = 9.3;
				LD_RUNPATH_SEARCH_PATHS = (
					"$(inherited)",
					"@executable_path/Frameworks",
				);
				PRODUCT_BUNDLE_IDENTIFIER = com.clubrowfitness.clubrowdev;
				PRODUCT_NAME = "$(TARGET_NAME)";
				PROVISIONING_PROFILE = "";
				PROVISIONING_PROFILE_SPECIFIER = "";
				SWIFT_VERSION = 4.0;
				TARGETED_DEVICE_FAMILY = "1,2";
			};
			name = Debug;
		};
		A481FF39214C8BCE00E7410A /* Release */ = {
			isa = XCBuildConfiguration;
			buildSettings = {
				ASSETCATALOG_COMPILER_APPICON_NAME = AppIcon;
				CODE_SIGN_IDENTITY = "iPhone Developer";
				CODE_SIGN_STYLE = Automatic;
				DEVELOPMENT_TEAM = CQ6T4PP523;
				INFOPLIST_FILE = Concept2/Info.plist;
				IPHONEOS_DEPLOYMENT_TARGET = 9.3;
				LD_RUNPATH_SEARCH_PATHS = (
					"$(inherited)",
					"@executable_path/Frameworks",
				);
				PRODUCT_BUNDLE_IDENTIFIER = com.clubrowfitness.clubrowdev;
				PRODUCT_NAME = "$(TARGET_NAME)";
				PROVISIONING_PROFILE_SPECIFIER = "";
				SWIFT_VERSION = 4.0;
				TARGETED_DEVICE_FAMILY = "1,2";
			};
			name = Release;
		};
		A481FF3B214C8BCE00E7410A /* Debug */ = {
			isa = XCBuildConfiguration;
			buildSettings = {
				ALWAYS_EMBED_SWIFT_STANDARD_LIBRARIES = YES;
				BUNDLE_LOADER = "$(TEST_HOST)";
				CODE_SIGN_STYLE = Automatic;
				INFOPLIST_FILE = Concept2Tests/Info.plist;
				LD_RUNPATH_SEARCH_PATHS = (
					"$(inherited)",
					"@executable_path/Frameworks",
					"@loader_path/Frameworks",
				);
				PRODUCT_BUNDLE_IDENTIFIER = createtorsneverdie.Concept2Tests;
				PRODUCT_NAME = "$(TARGET_NAME)";
				SWIFT_VERSION = 4.0;
				TARGETED_DEVICE_FAMILY = "1,2";
				TEST_HOST = "$(BUILT_PRODUCTS_DIR)/Concept2.app/Concept2";
			};
			name = Debug;
		};
		A481FF3C214C8BCE00E7410A /* Release */ = {
			isa = XCBuildConfiguration;
			buildSettings = {
				ALWAYS_EMBED_SWIFT_STANDARD_LIBRARIES = YES;
				BUNDLE_LOADER = "$(TEST_HOST)";
				CODE_SIGN_STYLE = Automatic;
				INFOPLIST_FILE = Concept2Tests/Info.plist;
				LD_RUNPATH_SEARCH_PATHS = (
					"$(inherited)",
					"@executable_path/Frameworks",
					"@loader_path/Frameworks",
				);
				PRODUCT_BUNDLE_IDENTIFIER = createtorsneverdie.Concept2Tests;
				PRODUCT_NAME = "$(TARGET_NAME)";
				SWIFT_VERSION = 4.0;
				TARGETED_DEVICE_FAMILY = "1,2";
				TEST_HOST = "$(BUILT_PRODUCTS_DIR)/Concept2.app/Concept2";
			};
			name = Release;
		};
		A481FF3E214C8BCE00E7410A /* Debug */ = {
			isa = XCBuildConfiguration;
			buildSettings = {
				ALWAYS_EMBED_SWIFT_STANDARD_LIBRARIES = YES;
				CODE_SIGN_STYLE = Automatic;
				INFOPLIST_FILE = Concept2UITests/Info.plist;
				LD_RUNPATH_SEARCH_PATHS = (
					"$(inherited)",
					"@executable_path/Frameworks",
					"@loader_path/Frameworks",
				);
				PRODUCT_BUNDLE_IDENTIFIER = createtorsneverdie.Concept2UITests;
				PRODUCT_NAME = "$(TARGET_NAME)";
				SWIFT_VERSION = 4.0;
				TARGETED_DEVICE_FAMILY = "1,2";
				TEST_TARGET_NAME = Concept2;
			};
			name = Debug;
		};
		A481FF3F214C8BCE00E7410A /* Release */ = {
			isa = XCBuildConfiguration;
			buildSettings = {
				ALWAYS_EMBED_SWIFT_STANDARD_LIBRARIES = YES;
				CODE_SIGN_STYLE = Automatic;
				INFOPLIST_FILE = Concept2UITests/Info.plist;
				LD_RUNPATH_SEARCH_PATHS = (
					"$(inherited)",
					"@executable_path/Frameworks",
					"@loader_path/Frameworks",
				);
				PRODUCT_BUNDLE_IDENTIFIER = createtorsneverdie.Concept2UITests;
				PRODUCT_NAME = "$(TARGET_NAME)";
				SWIFT_VERSION = 4.0;
				TARGETED_DEVICE_FAMILY = "1,2";
				TEST_TARGET_NAME = Concept2;
			};
			name = Release;
		};
/* End XCBuildConfiguration section */

/* Begin XCConfigurationList section */
		A481FF0A214C8BC800E7410A /* Build configuration list for PBXProject "Concept2" */ = {
			isa = XCConfigurationList;
			buildConfigurations = (
				A481FF35214C8BCE00E7410A /* Debug */,
				A481FF36214C8BCE00E7410A /* Release */,
			);
			defaultConfigurationIsVisible = 0;
			defaultConfigurationName = Release;
		};
		A481FF37214C8BCE00E7410A /* Build configuration list for PBXNativeTarget "Concept2" */ = {
			isa = XCConfigurationList;
			buildConfigurations = (
				A481FF38214C8BCE00E7410A /* Debug */,
				A481FF39214C8BCE00E7410A /* Release */,
			);
			defaultConfigurationIsVisible = 0;
			defaultConfigurationName = Release;
		};
		A481FF3A214C8BCE00E7410A /* Build configuration list for PBXNativeTarget "Concept2Tests" */ = {
			isa = XCConfigurationList;
			buildConfigurations = (
				A481FF3B214C8BCE00E7410A /* Debug */,
				A481FF3C214C8BCE00E7410A /* Release */,
			);
			defaultConfigurationIsVisible = 0;
			defaultConfigurationName = Release;
		};
		A481FF3D214C8BCE00E7410A /* Build configuration list for PBXNativeTarget "Concept2UITests" */ = {
			isa = XCConfigurationList;
			buildConfigurations = (
				A481FF3E214C8BCE00E7410A /* Debug */,
				A481FF3F214C8BCE00E7410A /* Release */,
			);
			defaultConfigurationIsVisible = 0;
			defaultConfigurationName = Release;
		};
/* End XCConfigurationList section */
	};
	rootObject = A481FF07214C8BC800E7410A /* Project object */;
}
