// !$*UTF8*$!
{
	archiveVersion = 1;
	classes = {
	};
	objectVersion = 50;
	objects = {

/* Begin PBXBuildFile section */
		3E0D70D5216A35F900F6BC95 /* ClassDetailsViewController.swift in Sources */ = {isa = PBXBuildFile; fileRef = 3E0D70D4216A35F900F6BC95 /* ClassDetailsViewController.swift */; };
		3E0D70D8216A432A00F6BC95 /* ClassCell.swift in Sources */ = {isa = PBXBuildFile; fileRef = 3E0D70D7216A432A00F6BC95 /* ClassCell.swift */; };
		3E3DA4212163488B00B5055C /* AppDelegate.swift in Sources */ = {isa = PBXBuildFile; fileRef = 3E3DA4202163488B00B5055C /* AppDelegate.swift */; };
		3E3DA4262163488B00B5055C /* Main.storyboard in Resources */ = {isa = PBXBuildFile; fileRef = 3E3DA4242163488B00B5055C /* Main.storyboard */; };
		3E3DA4282163489100B5055C /* Assets.xcassets in Resources */ = {isa = PBXBuildFile; fileRef = 3E3DA4272163489100B5055C /* Assets.xcassets */; };
		3E3DA42B2163489100B5055C /* LaunchScreen.storyboard in Resources */ = {isa = PBXBuildFile; fileRef = 3E3DA4292163489100B5055C /* LaunchScreen.storyboard */; };
		3E3DA44B21634A1800B5055C /* SuperViewController.swift in Sources */ = {isa = PBXBuildFile; fileRef = 3E3DA44A21634A1700B5055C /* SuperViewController.swift */; };
		3E3DA44F21634A7300B5055C /* MainViewController.swift in Sources */ = {isa = PBXBuildFile; fileRef = 3E3DA44E21634A7300B5055C /* MainViewController.swift */; };
		3E3DA4552163552A00B5055C /* TabbarViewController.swift in Sources */ = {isa = PBXBuildFile; fileRef = 3E3DA4542163552A00B5055C /* TabbarViewController.swift */; };
		3E3DA457216359EB00B5055C /* HomeViewController.swift in Sources */ = {isa = PBXBuildFile; fileRef = 3E3DA456216359EB00B5055C /* HomeViewController.swift */; };
		3E3DA45921635A1800B5055C /* SchedulesViewController.swift in Sources */ = {isa = PBXBuildFile; fileRef = 3E3DA45821635A1800B5055C /* SchedulesViewController.swift */; };
		3E3DA45B21635A2900B5055C /* ClassesViewController.swift in Sources */ = {isa = PBXBuildFile; fileRef = 3E3DA45A21635A2900B5055C /* ClassesViewController.swift */; };
		3E3DA45D21635A4B00B5055C /* ProfileViewController.swift in Sources */ = {isa = PBXBuildFile; fileRef = 3E3DA45C21635A4B00B5055C /* ProfileViewController.swift */; };
		3E565587216DEEDC00EF8964 /* SummaryTwoViewController.swift in Sources */ = {isa = PBXBuildFile; fileRef = 3E565586216DEEDC00EF8964 /* SummaryTwoViewController.swift */; };
		3E565591216F327B00EF8964 /* SummaryViewController.swift in Sources */ = {isa = PBXBuildFile; fileRef = 3E565590216F327B00EF8964 /* SummaryViewController.swift */; };
		3E904FF0216AC9240052CF68 /* NibDateView.xib in Resources */ = {isa = PBXBuildFile; fileRef = 3E904FEF216AC9230052CF68 /* NibDateView.xib */; };
		3EDED40C216B3E7C00167FEF /* SummaryOneViewController.swift in Sources */ = {isa = PBXBuildFile; fileRef = 3EDED40B216B3E7C00167FEF /* SummaryOneViewController.swift */; };
		3EDED40E216B42C400167FEF /* DateFilterViewController.swift in Sources */ = {isa = PBXBuildFile; fileRef = 3EDED40D216B42C400167FEF /* DateFilterViewController.swift */; };
		3EDED410216B535B00167FEF /* SortFilterViewController.swift in Sources */ = {isa = PBXBuildFile; fileRef = 3EDED40F216B535B00167FEF /* SortFilterViewController.swift */; };
		3EDED412216B5A3F00167FEF /* ClassVideoViewController.swift in Sources */ = {isa = PBXBuildFile; fileRef = 3EDED411216B5A3F00167FEF /* ClassVideoViewController.swift */; };
		3EE73C1E216AAC2600A20AF4 /* NibDateView.swift in Sources */ = {isa = PBXBuildFile; fileRef = 3EE73C1D216AAC2600A20AF4 /* NibDateView.swift */; };
		3EE73C26216AAEFB00A20AF4 /* CGRect+Utils.swift in Sources */ = {isa = PBXBuildFile; fileRef = 3EE73C20216AAEFB00A20AF4 /* CGRect+Utils.swift */; };
		3EE73C27216AAEFB00A20AF4 /* Font.swift in Sources */ = {isa = PBXBuildFile; fileRef = 3EE73C21216AAEFB00A20AF4 /* Font.swift */; };
		3EE73C28216AAEFB00A20AF4 /* Object+ClassName.swift in Sources */ = {isa = PBXBuildFile; fileRef = 3EE73C22216AAEFB00A20AF4 /* Object+ClassName.swift */; };
		3EE73C29216AAEFB00A20AF4 /* UIColor+Utils.swift in Sources */ = {isa = PBXBuildFile; fileRef = 3EE73C23216AAEFB00A20AF4 /* UIColor+Utils.swift */; };
		3EE73C2A216AAEFB00A20AF4 /* UIScreen+Utils.swift in Sources */ = {isa = PBXBuildFile; fileRef = 3EE73C24216AAEFB00A20AF4 /* UIScreen+Utils.swift */; };
		3EE73C2B216AAEFB00A20AF4 /* UIView+Nib.swift in Sources */ = {isa = PBXBuildFile; fileRef = 3EE73C25216AAEFB00A20AF4 /* UIView+Nib.swift */; };
		3EE73C2F216AB33A00A20AF4 /* DateViewController.swift in Sources */ = {isa = PBXBuildFile; fileRef = 3EE73C2E216AB33900A20AF4 /* DateViewController.swift */; };
		3EE73C35216AB72800A20AF4 /* PresetDescription.swift in Sources */ = {isa = PBXBuildFile; fileRef = 3EE73C33216AB72700A20AF4 /* PresetDescription.swift */; };
		3EE73C36216AB72800A20AF4 /* PresetsDataSource.swift in Sources */ = {isa = PBXBuildFile; fileRef = 3EE73C34216AB72700A20AF4 /* PresetsDataSource.swift */; };
		3EFFA6772175170D002B5678 /* CalendarViewController.swift in Sources */ = {isa = PBXBuildFile; fileRef = 3EFFA6762175170D002B5678 /* CalendarViewController.swift */; };
		3EFFA67D2175DA22002B5678 /* ContainerViewController.swift in Sources */ = {isa = PBXBuildFile; fileRef = 3EFFA67C2175DA22002B5678 /* ContainerViewController.swift */; };
		3EFFA6812175E6A8002B5678 /* MyImageCollectionViewCell.swift in Sources */ = {isa = PBXBuildFile; fileRef = 3EFFA67E2175E6A7002B5678 /* MyImageCollectionViewCell.swift */; };
		3EFFA6822175E6A8002B5678 /* CollectionViewController.swift in Sources */ = {isa = PBXBuildFile; fileRef = 3EFFA67F2175E6A7002B5678 /* CollectionViewController.swift */; };
		3EFFA6832175E6A8002B5678 /* ScrollViewController.swift in Sources */ = {isa = PBXBuildFile; fileRef = 3EFFA6802175E6A7002B5678 /* ScrollViewController.swift */; };
		3EFFA6852175E6D5002B5678 /* DragView.xib in Resources */ = {isa = PBXBuildFile; fileRef = 3EFFA6842175E6D5002B5678 /* DragView.xib */; };
		3EFFA68B21760CE4002B5678 /* ClassTableViewController.swift in Sources */ = {isa = PBXBuildFile; fileRef = 3EFFA68A21760CE4002B5678 /* ClassTableViewController.swift */; };
		A40297BB2194170200F69E60 /* ProgressManager.swift in Sources */ = {isa = PBXBuildFile; fileRef = A40297BA2194170200F69E60 /* ProgressManager.swift */; };
		A40297BD2194834200F69E60 /* ClassMember.swift in Sources */ = {isa = PBXBuildFile; fileRef = A40297BC2194834200F69E60 /* ClassMember.swift */; };
		A403D0132191E995007833C1 /* SelectedTeacherCell.swift in Sources */ = {isa = PBXBuildFile; fileRef = A403D0122191E995007833C1 /* SelectedTeacherCell.swift */; };
		A406238021954AAB00077B0B /* BluetoothModel.swift in Sources */ = {isa = PBXBuildFile; fileRef = A406237F21954AAB00077B0B /* BluetoothModel.swift */; };
		A406F8D2219DA5BC00777374 /* DescriptionCell.swift in Sources */ = {isa = PBXBuildFile; fileRef = A406F8D1219DA5BC00777374 /* DescriptionCell.swift */; };
		A40951AE217C7B91001EE7A5 /* Log.swift in Sources */ = {isa = PBXBuildFile; fileRef = A40951AD217C7B91001EE7A5 /* Log.swift */; };
		A40951B2217C7C3A001EE7A5 /* C2ScanningManager.swift in Sources */ = {isa = PBXBuildFile; fileRef = A40951B0217C7C3A001EE7A5 /* C2ScanningManager.swift */; };
		A40951B3217C7C3A001EE7A5 /* C2ConnectionManager.swift in Sources */ = {isa = PBXBuildFile; fileRef = A40951B1217C7C3A001EE7A5 /* C2ConnectionManager.swift */; };
		A40951B5217C8093001EE7A5 /* DevicesViewController.swift in Sources */ = {isa = PBXBuildFile; fileRef = A40951B4217C8093001EE7A5 /* DevicesViewController.swift */; };
		A40AABC221AB0B1200D7E371 /* Lobby.swift in Sources */ = {isa = PBXBuildFile; fileRef = A40AABC121AB0B1200D7E371 /* Lobby.swift */; };
		A40AABC421AB176D00D7E371 /* LobbyTableViewCell.swift in Sources */ = {isa = PBXBuildFile; fileRef = A40AABC321AB176D00D7E371 /* LobbyTableViewCell.swift */; };
		A416C29F219C71560038D67E /* ClassDetailCell.swift in Sources */ = {isa = PBXBuildFile; fileRef = A416C29E219C71560038D67E /* ClassDetailCell.swift */; };
		A416C2A3219D00620038D67E /* ic_next@3x.png in Resources */ = {isa = PBXBuildFile; fileRef = A416C2A0219D005A0038D67E /* ic_next@3x.png */; };
		A416C2A4219D00620038D67E /* ic_next.png in Resources */ = {isa = PBXBuildFile; fileRef = A416C2A1219D005F0038D67E /* ic_next.png */; };
		A416C2A5219D00620038D67E /* ic_next@2x.png in Resources */ = {isa = PBXBuildFile; fileRef = A416C2A2219D00610038D67E /* ic_next@2x.png */; };
		A416C2A7219D08BC0038D67E /* ProfileDetailCell.swift in Sources */ = {isa = PBXBuildFile; fileRef = A416C2A6219D08BC0038D67E /* ProfileDetailCell.swift */; };
		A416C2A9219D08DA0038D67E /* ProfileHistoryCell.swift in Sources */ = {isa = PBXBuildFile; fileRef = A416C2A8219D08DA0038D67E /* ProfileHistoryCell.swift */; };
		A416C2AD219D21B20038D67E /* bg_class_item.png in Resources */ = {isa = PBXBuildFile; fileRef = A416C2AA219D21A50038D67E /* bg_class_item.png */; };
		A416C2AE219D21B20038D67E /* ic_filter@2x.png in Resources */ = {isa = PBXBuildFile; fileRef = A416C2AB219D21AA0038D67E /* ic_filter@2x.png */; };
		A416C2AF219D21B20038D67E /* ic_filter@3x.png in Resources */ = {isa = PBXBuildFile; fileRef = A416C2AC219D21AF0038D67E /* ic_filter@3x.png */; };
		A416C2B1219D23050038D67E /* ClassesCell.swift in Sources */ = {isa = PBXBuildFile; fileRef = A416C2B0219D23050038D67E /* ClassesCell.swift */; };
		A41BF385219E63D000374C5B /* ic_double_arrow_up@3x.png in Resources */ = {isa = PBXBuildFile; fileRef = A41BF37F219E63BE00374C5B /* ic_double_arrow_up@3x.png */; };
		A41BF386219E63D000374C5B /* ic_double_arrow_down.png in Resources */ = {isa = PBXBuildFile; fileRef = A41BF380219E63C400374C5B /* ic_double_arrow_down.png */; };
		A41BF387219E63D000374C5B /* ic_double_arrow_up.png in Resources */ = {isa = PBXBuildFile; fileRef = A41BF381219E63C700374C5B /* ic_double_arrow_up.png */; };
		A41BF388219E63D000374C5B /* ic_double_arrow_up@2x.png in Resources */ = {isa = PBXBuildFile; fileRef = A41BF382219E63C900374C5B /* ic_double_arrow_up@2x.png */; };
		A41BF389219E63D000374C5B /* ic_double_arrow_down@2x.png in Resources */ = {isa = PBXBuildFile; fileRef = A41BF383219E63CC00374C5B /* ic_double_arrow_down@2x.png */; };
		A41BF38A219E63D000374C5B /* ic_double_arrow_down@3x.png in Resources */ = {isa = PBXBuildFile; fileRef = A41BF384219E63CE00374C5B /* ic_double_arrow_down@3x.png */; };
		A420819A219252EF00169232 /* SelectedTeacherCollectionCell.swift in Sources */ = {isa = PBXBuildFile; fileRef = A4208199219252EF00169232 /* SelectedTeacherCollectionCell.swift */; };
		A431BABA219322D8002BB3EF /* SocketManager.swift in Sources */ = {isa = PBXBuildFile; fileRef = A431BAB9219322D8002BB3EF /* SocketManager.swift */; };
		A43D96EF21A839A2007ACD56 /* SignUpViewController.swift in Sources */ = {isa = PBXBuildFile; fileRef = A43D96EE21A839A1007ACD56 /* SignUpViewController.swift */; };
		A4467B6221B67755002F3A8C /* ClassMemberForStrokesCell.swift in Sources */ = {isa = PBXBuildFile; fileRef = A4467B6021B67754002F3A8C /* ClassMemberForStrokesCell.swift */; };
		A4467B6321B67755002F3A8C /* ClassMemberForWattageCell.swift in Sources */ = {isa = PBXBuildFile; fileRef = A4467B6121B67754002F3A8C /* ClassMemberForWattageCell.swift */; };
		A463F1FA219276C30091B7ED /* Teacher.swift in Sources */ = {isa = PBXBuildFile; fileRef = A463F1F9219276C30091B7ED /* Teacher.swift */; };
		A463F1FE21928A2B0091B7ED /* HttpRequest.swift in Sources */ = {isa = PBXBuildFile; fileRef = A463F1FD21928A2B0091B7ED /* HttpRequest.swift */; };
		A4780E1D21B1F87500F047F6 /* ClassMemberForDistanceCell.swift in Sources */ = {isa = PBXBuildFile; fileRef = A4780E1A21B1F87500F047F6 /* ClassMemberForDistanceCell.swift */; };
		A4780E1E21B1F87500F047F6 /* ClassMemberForSpeedCell.swift in Sources */ = {isa = PBXBuildFile; fileRef = A4780E1B21B1F87500F047F6 /* ClassMemberForSpeedCell.swift */; };
		A4780E1F21B1F87500F047F6 /* ClassMemberForTimeCell.swift in Sources */ = {isa = PBXBuildFile; fileRef = A4780E1C21B1F87500F047F6 /* ClassMemberForTimeCell.swift */; };
		A4809BFC21AC722D005C041B /* Constant.swift in Sources */ = {isa = PBXBuildFile; fileRef = A4809BFB21AC722D005C041B /* Constant.swift */; };
		A4809BFE21AC753A005C041B /* Util.swift in Sources */ = {isa = PBXBuildFile; fileRef = A4809BFD21AC753A005C041B /* Util.swift */; };
		A481149B21A4CD1A00E9B242 /* LoginViewController.swift in Sources */ = {isa = PBXBuildFile; fileRef = A481149A21A4CD1A00E9B242 /* LoginViewController.swift */; };
		A492E44F219A7427001A6766 /* Shadow.swift in Sources */ = {isa = PBXBuildFile; fileRef = A492E44E219A7427001A6766 /* Shadow.swift */; };
		A492E48E219B3EFB001A6766 /* bg_white.png in Resources */ = {isa = PBXBuildFile; fileRef = A492E450219B3EF1001A6766 /* bg_white.png */; };
		A492E48F219B3EFB001A6766 /* ic_bell_select.png in Resources */ = {isa = PBXBuildFile; fileRef = A492E451219B3EF2001A6766 /* ic_bell_select.png */; };
		A492E490219B3EFB001A6766 /* ic_profile_select@2x.png in Resources */ = {isa = PBXBuildFile; fileRef = A492E452219B3EF2001A6766 /* ic_profile_select@2x.png */; };
		A492E491219B3EFB001A6766 /* ic_arrow_down.png in Resources */ = {isa = PBXBuildFile; fileRef = A492E453219B3EF2001A6766 /* ic_arrow_down.png */; };
		A492E492219B3EFB001A6766 /* ic_profile_unselect.png in Resources */ = {isa = PBXBuildFile; fileRef = A492E454219B3EF2001A6766 /* ic_profile_unselect.png */; };
		A492E493219B3EFB001A6766 /* ic_distance.png in Resources */ = {isa = PBXBuildFile; fileRef = A492E455219B3EF2001A6766 /* ic_distance.png */; };
		A492E494219B3EFB001A6766 /* ic_home_unselect@3x.png in Resources */ = {isa = PBXBuildFile; fileRef = A492E456219B3EF2001A6766 /* ic_home_unselect@3x.png */; };
		A492E495219B3EFB001A6766 /* ic_play_select@3x.png in Resources */ = {isa = PBXBuildFile; fileRef = A492E457219B3EF2001A6766 /* ic_play_select@3x.png */; };
		A492E496219B3EFB001A6766 /* if_road_1608816.png in Resources */ = {isa = PBXBuildFile; fileRef = A492E458219B3EF2001A6766 /* if_road_1608816.png */; };
		A492E497219B3EFB001A6766 /* ic_calendar_select@3x.png in Resources */ = {isa = PBXBuildFile; fileRef = A492E459219B3EF3001A6766 /* ic_calendar_select@3x.png */; };
		A492E498219B3EFB001A6766 /* ic_dist.png in Resources */ = {isa = PBXBuildFile; fileRef = A492E45A219B3EF3001A6766 /* ic_dist.png */; };
		A492E499219B3EFB001A6766 /* ic_gray_bar.png in Resources */ = {isa = PBXBuildFile; fileRef = A492E45B219B3EF3001A6766 /* ic_gray_bar.png */; };
		A492E49A219B3EFB001A6766 /* bg_rec.png in Resources */ = {isa = PBXBuildFile; fileRef = A492E45C219B3EF3001A6766 /* bg_rec.png */; };
		A492E49B219B3EFB001A6766 /* ic_star@2x.png in Resources */ = {isa = PBXBuildFile; fileRef = A492E45D219B3EF3001A6766 /* ic_star@2x.png */; };
		A492E49C219B3EFB001A6766 /* ic_arrow_up.png in Resources */ = {isa = PBXBuildFile; fileRef = A492E45E219B3EF3001A6766 /* ic_arrow_up.png */; };
		A492E49D219B3EFB001A6766 /* ic_time2.png in Resources */ = {isa = PBXBuildFile; fileRef = A492E45F219B3EF3001A6766 /* ic_time2.png */; };
		A492E49E219B3EFB001A6766 /* ic_speed2.png in Resources */ = {isa = PBXBuildFile; fileRef = A492E460219B3EF3001A6766 /* ic_speed2.png */; };
		A492E49F219B3EFB001A6766 /* ic_bg_button.png in Resources */ = {isa = PBXBuildFile; fileRef = A492E461219B3EF3001A6766 /* ic_bg_button.png */; };
		A492E4A0219B3EFB001A6766 /* ic_bell_unselect.png in Resources */ = {isa = PBXBuildFile; fileRef = A492E462219B3EF3001A6766 /* ic_bell_unselect.png */; };
		A492E4A1219B3EFB001A6766 /* ic_home_select@3x.png in Resources */ = {isa = PBXBuildFile; fileRef = A492E463219B3EF4001A6766 /* ic_home_select@3x.png */; };
		A492E4A2219B3EFB001A6766 /* btn_close_white.png in Resources */ = {isa = PBXBuildFile; fileRef = A492E464219B3EF4001A6766 /* btn_close_white.png */; };
		A492E4A3219B3EFB001A6766 /* ic_eye.png in Resources */ = {isa = PBXBuildFile; fileRef = A492E465219B3EF4001A6766 /* ic_eye.png */; };
		A492E4A4219B3EFB001A6766 /* ic_profile_select.png in Resources */ = {isa = PBXBuildFile; fileRef = A492E466219B3EF4001A6766 /* ic_profile_select.png */; };
		A492E4A5219B3EFB001A6766 /* bg_video.png in Resources */ = {isa = PBXBuildFile; fileRef = A492E467219B3EF4001A6766 /* bg_video.png */; };
		A492E4A6219B3EFB001A6766 /* ic_star@3x.png in Resources */ = {isa = PBXBuildFile; fileRef = A492E468219B3EF4001A6766 /* ic_star@3x.png */; };
		A492E4A7219B3EFB001A6766 /* bg_class.png in Resources */ = {isa = PBXBuildFile; fileRef = A492E469219B3EF4001A6766 /* bg_class.png */; };
		A492E4A8219B3EFB001A6766 /* bg_pink.png in Resources */ = {isa = PBXBuildFile; fileRef = A492E46A219B3EF5001A6766 /* bg_pink.png */; };
		A492E4A9219B3EFB001A6766 /* ic_time.png in Resources */ = {isa = PBXBuildFile; fileRef = A492E46B219B3EF5001A6766 /* ic_time.png */; };
		A492E4AA219B3EFB001A6766 /* ic_home_unselect@2x.png in Resources */ = {isa = PBXBuildFile; fileRef = A492E46C219B3EF5001A6766 /* ic_home_unselect@2x.png */; };
		A492E4AB219B3EFB001A6766 /* ic_filter.png in Resources */ = {isa = PBXBuildFile; fileRef = A492E46D219B3EF5001A6766 /* ic_filter.png */; };
		A492E4AC219B3EFB001A6766 /* ic_home_unselect.png in Resources */ = {isa = PBXBuildFile; fileRef = A492E46E219B3EF5001A6766 /* ic_home_unselect.png */; };
		A492E4AD219B3EFB001A6766 /* bg_rec_gray.png in Resources */ = {isa = PBXBuildFile; fileRef = A492E46F219B3EF5001A6766 /* bg_rec_gray.png */; };
		A492E4AE219B3EFB001A6766 /* ic_star.png in Resources */ = {isa = PBXBuildFile; fileRef = A492E470219B3EF6001A6766 /* ic_star.png */; };
		A492E4AF219B3EFB001A6766 /* ic_triangle@2x.png in Resources */ = {isa = PBXBuildFile; fileRef = A492E471219B3EF6001A6766 /* ic_triangle@2x.png */; };
		A492E4B0219B3EFB001A6766 /* ic_profile_unselect@3x.png in Resources */ = {isa = PBXBuildFile; fileRef = A492E472219B3EF6001A6766 /* ic_profile_unselect@3x.png */; };
		A492E4B1219B3EFB001A6766 /* bg_green.png in Resources */ = {isa = PBXBuildFile; fileRef = A492E473219B3EF6001A6766 /* bg_green.png */; };
		A492E4B2219B3EFB001A6766 /* ic_calendar_select@2x.png in Resources */ = {isa = PBXBuildFile; fileRef = A492E474219B3EF6001A6766 /* ic_calendar_select@2x.png */; };
		A492E4B3219B3EFB001A6766 /* ic_home_select.png in Resources */ = {isa = PBXBuildFile; fileRef = A492E475219B3EF6001A6766 /* ic_home_select.png */; };
		A492E4B4219B3EFB001A6766 /* ic_play_unselect.png in Resources */ = {isa = PBXBuildFile; fileRef = A492E476219B3EF7001A6766 /* ic_play_unselect.png */; };
		A492E4B5219B3EFB001A6766 /* ic_calendar_select.png in Resources */ = {isa = PBXBuildFile; fileRef = A492E477219B3EF7001A6766 /* ic_calendar_select.png */; };
		A492E4B6219B3EFB001A6766 /* ic_star_selected.png in Resources */ = {isa = PBXBuildFile; fileRef = A492E478219B3EF7001A6766 /* ic_star_selected.png */; };
		A492E4B7219B3EFB001A6766 /* ic_summary.png in Resources */ = {isa = PBXBuildFile; fileRef = A492E479219B3EF7001A6766 /* ic_summary.png */; };
		A492E4B8219B3EFB001A6766 /* bg_toolbar.png in Resources */ = {isa = PBXBuildFile; fileRef = A492E47A219B3EF7001A6766 /* bg_toolbar.png */; };
		A492E4B9219B3EFB001A6766 /* ic_home_select@2x.png in Resources */ = {isa = PBXBuildFile; fileRef = A492E47B219B3EF7001A6766 /* ic_home_select@2x.png */; };
		A492E4BA219B3EFB001A6766 /* ic_calendar_unselect@3x.png in Resources */ = {isa = PBXBuildFile; fileRef = A492E47C219B3EF8001A6766 /* ic_calendar_unselect@3x.png */; };
		A492E4BB219B3EFB001A6766 /* ic_speed.png in Resources */ = {isa = PBXBuildFile; fileRef = A492E47D219B3EF8001A6766 /* ic_speed.png */; };
		A492E4BC219B3EFB001A6766 /* ic_play_select.png in Resources */ = {isa = PBXBuildFile; fileRef = A492E47E219B3EF8001A6766 /* ic_play_select.png */; };
		A492E4BD219B3EFB001A6766 /* ic_profile_select@3x.png in Resources */ = {isa = PBXBuildFile; fileRef = A492E47F219B3EF8001A6766 /* ic_profile_select@3x.png */; };
		A492E4BE219B3EFB001A6766 /* ic_calendar_unselect@2x.png in Resources */ = {isa = PBXBuildFile; fileRef = A492E480219B3EF8001A6766 /* ic_calendar_unselect@2x.png */; };
		A492E4BF219B3EFB001A6766 /* ic_star_selected@3x.png in Resources */ = {isa = PBXBuildFile; fileRef = A492E481219B3EF8001A6766 /* ic_star_selected@3x.png */; };
		A492E4C0219B3EFB001A6766 /* ic_profile_unselect@2x.png in Resources */ = {isa = PBXBuildFile; fileRef = A492E482219B3EF9001A6766 /* ic_profile_unselect@2x.png */; };
		A492E4C1219B3EFB001A6766 /* btn_close.png in Resources */ = {isa = PBXBuildFile; fileRef = A492E483219B3EF9001A6766 /* btn_close.png */; };
		A492E4C2219B3EFB001A6766 /* ic_play_unselect@3x.png in Resources */ = {isa = PBXBuildFile; fileRef = A492E484219B3EF9001A6766 /* ic_play_unselect@3x.png */; };
		A492E4C3219B3EFB001A6766 /* ic_star_selected@2x.png in Resources */ = {isa = PBXBuildFile; fileRef = A492E485219B3EF9001A6766 /* ic_star_selected@2x.png */; };
		A492E4C4219B3EFB001A6766 /* btn_join_class.png in Resources */ = {isa = PBXBuildFile; fileRef = A492E486219B3EFA001A6766 /* btn_join_class.png */; };
		A492E4C5219B3EFB001A6766 /* ic_calendar_unselect.png in Resources */ = {isa = PBXBuildFile; fileRef = A492E487219B3EFA001A6766 /* ic_calendar_unselect.png */; };
		A492E4C6219B3EFB001A6766 /* ic_action_more.png in Resources */ = {isa = PBXBuildFile; fileRef = A492E488219B3EFA001A6766 /* ic_action_more.png */; };
		A492E4C7219B3EFB001A6766 /* ic_play_select@2x.png in Resources */ = {isa = PBXBuildFile; fileRef = A492E489219B3EFA001A6766 /* ic_play_select@2x.png */; };
		A492E4C8219B3EFB001A6766 /* ic_triangle@3x.png in Resources */ = {isa = PBXBuildFile; fileRef = A492E48A219B3EFA001A6766 /* ic_triangle@3x.png */; };
		A492E4C9219B3EFB001A6766 /* ic_star 2.png in Resources */ = {isa = PBXBuildFile; fileRef = A492E48B219B3EFB001A6766 /* ic_star 2.png */; };
		A492E4CA219B3EFB001A6766 /* ic_play_unselect@2x.png in Resources */ = {isa = PBXBuildFile; fileRef = A492E48C219B3EFB001A6766 /* ic_play_unselect@2x.png */; };
		A492E4CB219B3EFB001A6766 /* ic_triangle.png in Resources */ = {isa = PBXBuildFile; fileRef = A492E48D219B3EFB001A6766 /* ic_triangle.png */; };
		A493DD76219F0E380057C3A9 /* TSCDesignableView.swift in Sources */ = {isa = PBXBuildFile; fileRef = A493DD75219F0E380057C3A9 /* TSCDesignableView.swift */; };
		A4973DAD21AF1C9900A29EBD /* ClassLobbyCollectionViewCell.swift in Sources */ = {isa = PBXBuildFile; fileRef = A4973DAB21AF1C9800A29EBD /* ClassLobbyCollectionViewCell.swift */; };
		A4973DAE21AF1C9900A29EBD /* ClassLobbyCell.swift in Sources */ = {isa = PBXBuildFile; fileRef = A4973DAC21AF1C9900A29EBD /* ClassLobbyCell.swift */; };
		A4973DB021AF23D000A29EBD /* LiveClass.swift in Sources */ = {isa = PBXBuildFile; fileRef = A4973DAF21AF23D000A29EBD /* LiveClass.swift */; };
		A4DD2178219820ED00D7DC2E /* UIDevice.swift in Sources */ = {isa = PBXBuildFile; fileRef = A4DD2177219820EC00D7DC2E /* UIDevice.swift */; };
		CA1F42CF21A3E87B00901ADB /* ic_bell_selected@3x.png in Resources */ = {isa = PBXBuildFile; fileRef = CA1F42C921A3E86C00901ADB /* ic_bell_selected@3x.png */; };
		CA1F42D021A3E87B00901ADB /* ic_bell_selected@2x.png in Resources */ = {isa = PBXBuildFile; fileRef = CA1F42CA21A3E87000901ADB /* ic_bell_selected@2x.png */; };
		CA1F42D121A3E87B00901ADB /* ic_bell_unselected@2x.png in Resources */ = {isa = PBXBuildFile; fileRef = CA1F42CB21A3E87300901ADB /* ic_bell_unselected@2x.png */; };
		CA1F42D221A3E87B00901ADB /* ic_bell_unselected@3x.png in Resources */ = {isa = PBXBuildFile; fileRef = CA1F42CC21A3E87500901ADB /* ic_bell_unselected@3x.png */; };
		CA1F42D321A3E87B00901ADB /* ic_bell_unselected.png in Resources */ = {isa = PBXBuildFile; fileRef = CA1F42CD21A3E87700901ADB /* ic_bell_unselected.png */; };
		CA1F42D421A3E87B00901ADB /* ic_bell_selected.png in Resources */ = {isa = PBXBuildFile; fileRef = CA1F42CE21A3E87900901ADB /* ic_bell_selected.png */; };
		CA87661D21C16C2700B31B7E /* UIView+Box.swift in Sources */ = {isa = PBXBuildFile; fileRef = CA87661C21C16C2700B31B7E /* UIView+Box.swift */; };
		CAC4368B21C106D600B0BDCA /* ic_avatar_default.png in Resources */ = {isa = PBXBuildFile; fileRef = CAC4368A21C106CE00B0BDCA /* ic_avatar_default.png */; };
		CAC4368D21C1078C00B0BDCA /* LobbiesViewController.swift in Sources */ = {isa = PBXBuildFile; fileRef = CAC4368C21C1078C00B0BDCA /* LobbiesViewController.swift */; };
		CAC4369421C112F100B0BDCA /* ic_group.png in Resources */ = {isa = PBXBuildFile; fileRef = CAC4368E21C112C900B0BDCA /* ic_group.png */; };
		CAC4369521C112F100B0BDCA /* ic_plus_white@3x.png in Resources */ = {isa = PBXBuildFile; fileRef = CAC4368F21C112CF00B0BDCA /* ic_plus_white@3x.png */; };
		CAC4369621C112F100B0BDCA /* ic_group@3x.png in Resources */ = {isa = PBXBuildFile; fileRef = CAC4369021C112D500B0BDCA /* ic_group@3x.png */; };
		CAC4369721C112F200B0BDCA /* ic_group@2x.png in Resources */ = {isa = PBXBuildFile; fileRef = CAC4369121C112DA00B0BDCA /* ic_group@2x.png */; };
		CAC4369821C112F200B0BDCA /* ic_plus_white.png in Resources */ = {isa = PBXBuildFile; fileRef = CAC4369221C112E400B0BDCA /* ic_plus_white.png */; };
		CAC4369921C112F200B0BDCA /* ic_plus_white@2x.png in Resources */ = {isa = PBXBuildFile; fileRef = CAC4369321C112EC00B0BDCA /* ic_plus_white@2x.png */; };
		CACDCACE21C0AF0900E7A85D /* ic_flag_unselect@2x.png in Resources */ = {isa = PBXBuildFile; fileRef = CACDCAC221C0AF0600E7A85D /* ic_flag_unselect@2x.png */; };
		CACDCACF21C0AF0900E7A85D /* ic_flag_select.png in Resources */ = {isa = PBXBuildFile; fileRef = CACDCAC321C0AF0700E7A85D /* ic_flag_select.png */; };
		CACDCAD021C0AF0900E7A85D /* ic_flag_unselect.png in Resources */ = {isa = PBXBuildFile; fileRef = CACDCAC421C0AF0700E7A85D /* ic_flag_unselect.png */; };
		CACDCAD121C0AF0900E7A85D /* ic_flag_unselect@3x.png in Resources */ = {isa = PBXBuildFile; fileRef = CACDCAC521C0AF0700E7A85D /* ic_flag_unselect@3x.png */; };
		CACDCAD221C0AF0900E7A85D /* ic_eye@2x.png in Resources */ = {isa = PBXBuildFile; fileRef = CACDCAC621C0AF0700E7A85D /* ic_eye@2x.png */; };
		CACDCAD321C0AF0900E7A85D /* ic_eye@3x.png in Resources */ = {isa = PBXBuildFile; fileRef = CACDCAC721C0AF0700E7A85D /* ic_eye@3x.png */; };
		CACDCAD421C0AF0900E7A85D /* btn_close@2x.png in Resources */ = {isa = PBXBuildFile; fileRef = CACDCAC821C0AF0800E7A85D /* btn_close@2x.png */; };
		CACDCAD521C0AF0900E7A85D /* btn_close_white@2x.png in Resources */ = {isa = PBXBuildFile; fileRef = CACDCAC921C0AF0800E7A85D /* btn_close_white@2x.png */; };
		CACDCAD621C0AF0900E7A85D /* btn_close_white@3x.png in Resources */ = {isa = PBXBuildFile; fileRef = CACDCACA21C0AF0800E7A85D /* btn_close_white@3x.png */; };
		CACDCAD721C0AF0900E7A85D /* ic_flag_select@2x.png in Resources */ = {isa = PBXBuildFile; fileRef = CACDCACB21C0AF0800E7A85D /* ic_flag_select@2x.png */; };
		CACDCAD821C0AF0900E7A85D /* ic_flag_select@3x.png in Resources */ = {isa = PBXBuildFile; fileRef = CACDCACC21C0AF0800E7A85D /* ic_flag_select@3x.png */; };
		CACDCAD921C0AF0900E7A85D /* btn_close@3x.png in Resources */ = {isa = PBXBuildFile; fileRef = CACDCACD21C0AF0900E7A85D /* btn_close@3x.png */; };
		CACDCADB21C0AFB800E7A85D /* InstructorsViewController.swift in Sources */ = {isa = PBXBuildFile; fileRef = CACDCADA21C0AFB800E7A85D /* InstructorsViewController.swift */; };
		CACDCADD21C0BBC900E7A85D /* InstrcutorCollectionViewCell.swift in Sources */ = {isa = PBXBuildFile; fileRef = CACDCADC21C0BBC900E7A85D /* InstrcutorCollectionViewCell.swift */; };
		CACF145021D97D2B006817E2 /* RootViewController.swift in Sources */ = {isa = PBXBuildFile; fileRef = CACF144F21D97D2B006817E2 /* RootViewController.swift */; };
		F580CC481327293742D752A2 /* Pods_ClubRow.framework in Frameworks */ = {isa = PBXBuildFile; fileRef = A9D769B2ED5F887EC1438CC1 /* Pods_ClubRow.framework */; };
/* End PBXBuildFile section */

/* Begin PBXFileReference section */
		3E0D70D4216A35F900F6BC95 /* ClassDetailsViewController.swift */ = {isa = PBXFileReference; lastKnownFileType = sourcecode.swift; path = ClassDetailsViewController.swift; sourceTree = "<group>"; };
		3E0D70D7216A432A00F6BC95 /* ClassCell.swift */ = {isa = PBXFileReference; lastKnownFileType = sourcecode.swift; path = ClassCell.swift; sourceTree = "<group>"; };
		3E3DA41D2163488B00B5055C /* ClubRow.app */ = {isa = PBXFileReference; explicitFileType = wrapper.application; includeInIndex = 0; path = ClubRow.app; sourceTree = BUILT_PRODUCTS_DIR; };
		3E3DA4202163488B00B5055C /* AppDelegate.swift */ = {isa = PBXFileReference; lastKnownFileType = sourcecode.swift; path = AppDelegate.swift; sourceTree = "<group>"; };
		3E3DA4252163488B00B5055C /* Base */ = {isa = PBXFileReference; lastKnownFileType = file.storyboard; name = Base; path = Base.lproj/Main.storyboard; sourceTree = "<group>"; };
		3E3DA4272163489100B5055C /* Assets.xcassets */ = {isa = PBXFileReference; lastKnownFileType = folder.assetcatalog; path = Assets.xcassets; sourceTree = "<group>"; };
		3E3DA42A2163489100B5055C /* Base */ = {isa = PBXFileReference; lastKnownFileType = file.storyboard; name = Base; path = Base.lproj/LaunchScreen.storyboard; sourceTree = "<group>"; };
		3E3DA42C2163489100B5055C /* Info.plist */ = {isa = PBXFileReference; lastKnownFileType = text.plist.xml; path = Info.plist; sourceTree = "<group>"; };
		3E3DA44A21634A1700B5055C /* SuperViewController.swift */ = {isa = PBXFileReference; lastKnownFileType = sourcecode.swift; path = SuperViewController.swift; sourceTree = "<group>"; };
		3E3DA44E21634A7300B5055C /* MainViewController.swift */ = {isa = PBXFileReference; lastKnownFileType = sourcecode.swift; path = MainViewController.swift; sourceTree = "<group>"; };
		3E3DA4542163552A00B5055C /* TabbarViewController.swift */ = {isa = PBXFileReference; lastKnownFileType = sourcecode.swift; path = TabbarViewController.swift; sourceTree = "<group>"; };
		3E3DA456216359EB00B5055C /* HomeViewController.swift */ = {isa = PBXFileReference; lastKnownFileType = sourcecode.swift; path = HomeViewController.swift; sourceTree = "<group>"; };
		3E3DA45821635A1800B5055C /* SchedulesViewController.swift */ = {isa = PBXFileReference; lastKnownFileType = sourcecode.swift; path = SchedulesViewController.swift; sourceTree = "<group>"; };
		3E3DA45A21635A2900B5055C /* ClassesViewController.swift */ = {isa = PBXFileReference; lastKnownFileType = sourcecode.swift; path = ClassesViewController.swift; sourceTree = "<group>"; };
		3E3DA45C21635A4B00B5055C /* ProfileViewController.swift */ = {isa = PBXFileReference; lastKnownFileType = sourcecode.swift; path = ProfileViewController.swift; sourceTree = "<group>"; };
		3E565586216DEEDC00EF8964 /* SummaryTwoViewController.swift */ = {isa = PBXFileReference; lastKnownFileType = sourcecode.swift; path = SummaryTwoViewController.swift; sourceTree = "<group>"; };
		3E565590216F327B00EF8964 /* SummaryViewController.swift */ = {isa = PBXFileReference; lastKnownFileType = sourcecode.swift; path = SummaryViewController.swift; sourceTree = "<group>"; };
		3E904FEF216AC9230052CF68 /* NibDateView.xib */ = {isa = PBXFileReference; fileEncoding = 4; lastKnownFileType = file.xib; path = NibDateView.xib; sourceTree = "<group>"; };
		3EBDF5052166B84F00DDAAF1 /* EChart.framework */ = {isa = PBXFileReference; explicitFileType = wrapper.framework; path = EChart.framework; sourceTree = BUILT_PRODUCTS_DIR; };
		3EDED40B216B3E7C00167FEF /* SummaryOneViewController.swift */ = {isa = PBXFileReference; lastKnownFileType = sourcecode.swift; path = SummaryOneViewController.swift; sourceTree = "<group>"; };
		3EDED40D216B42C400167FEF /* DateFilterViewController.swift */ = {isa = PBXFileReference; lastKnownFileType = sourcecode.swift; path = DateFilterViewController.swift; sourceTree = "<group>"; };
		3EDED40F216B535B00167FEF /* SortFilterViewController.swift */ = {isa = PBXFileReference; lastKnownFileType = sourcecode.swift; path = SortFilterViewController.swift; sourceTree = "<group>"; };
		3EDED411216B5A3F00167FEF /* ClassVideoViewController.swift */ = {isa = PBXFileReference; lastKnownFileType = sourcecode.swift; path = ClassVideoViewController.swift; sourceTree = "<group>"; };
		3EE73C1D216AAC2600A20AF4 /* NibDateView.swift */ = {isa = PBXFileReference; lastKnownFileType = sourcecode.swift; path = NibDateView.swift; sourceTree = "<group>"; };
		3EE73C20216AAEFB00A20AF4 /* CGRect+Utils.swift */ = {isa = PBXFileReference; fileEncoding = 4; lastKnownFileType = sourcecode.swift; path = "CGRect+Utils.swift"; sourceTree = "<group>"; };
		3EE73C21216AAEFB00A20AF4 /* Font.swift */ = {isa = PBXFileReference; fileEncoding = 4; lastKnownFileType = sourcecode.swift; path = Font.swift; sourceTree = "<group>"; };
		3EE73C22216AAEFB00A20AF4 /* Object+ClassName.swift */ = {isa = PBXFileReference; fileEncoding = 4; lastKnownFileType = sourcecode.swift; path = "Object+ClassName.swift"; sourceTree = "<group>"; };
		3EE73C23216AAEFB00A20AF4 /* UIColor+Utils.swift */ = {isa = PBXFileReference; fileEncoding = 4; lastKnownFileType = sourcecode.swift; path = "UIColor+Utils.swift"; sourceTree = "<group>"; };
		3EE73C24216AAEFB00A20AF4 /* UIScreen+Utils.swift */ = {isa = PBXFileReference; fileEncoding = 4; lastKnownFileType = sourcecode.swift; path = "UIScreen+Utils.swift"; sourceTree = "<group>"; };
		3EE73C25216AAEFB00A20AF4 /* UIView+Nib.swift */ = {isa = PBXFileReference; fileEncoding = 4; lastKnownFileType = sourcecode.swift; path = "UIView+Nib.swift"; sourceTree = "<group>"; };
		3EE73C2E216AB33900A20AF4 /* DateViewController.swift */ = {isa = PBXFileReference; fileEncoding = 4; lastKnownFileType = sourcecode.swift; path = DateViewController.swift; sourceTree = "<group>"; };
		3EE73C33216AB72700A20AF4 /* PresetDescription.swift */ = {isa = PBXFileReference; fileEncoding = 4; lastKnownFileType = sourcecode.swift; path = PresetDescription.swift; sourceTree = "<group>"; };
		3EE73C34216AB72700A20AF4 /* PresetsDataSource.swift */ = {isa = PBXFileReference; fileEncoding = 4; lastKnownFileType = sourcecode.swift; path = PresetsDataSource.swift; sourceTree = "<group>"; };
		3EFFA6762175170D002B5678 /* CalendarViewController.swift */ = {isa = PBXFileReference; lastKnownFileType = sourcecode.swift; path = CalendarViewController.swift; sourceTree = "<group>"; };
		3EFFA67C2175DA22002B5678 /* ContainerViewController.swift */ = {isa = PBXFileReference; lastKnownFileType = sourcecode.swift; path = ContainerViewController.swift; sourceTree = "<group>"; };
		3EFFA67E2175E6A7002B5678 /* MyImageCollectionViewCell.swift */ = {isa = PBXFileReference; fileEncoding = 4; lastKnownFileType = sourcecode.swift; path = MyImageCollectionViewCell.swift; sourceTree = "<group>"; };
		3EFFA67F2175E6A7002B5678 /* CollectionViewController.swift */ = {isa = PBXFileReference; fileEncoding = 4; lastKnownFileType = sourcecode.swift; path = CollectionViewController.swift; sourceTree = "<group>"; };
		3EFFA6802175E6A7002B5678 /* ScrollViewController.swift */ = {isa = PBXFileReference; fileEncoding = 4; lastKnownFileType = sourcecode.swift; path = ScrollViewController.swift; sourceTree = "<group>"; };
		3EFFA6842175E6D5002B5678 /* DragView.xib */ = {isa = PBXFileReference; fileEncoding = 4; lastKnownFileType = file.xib; path = DragView.xib; sourceTree = "<group>"; };
		3EFFA68A21760CE4002B5678 /* ClassTableViewController.swift */ = {isa = PBXFileReference; lastKnownFileType = sourcecode.swift; path = ClassTableViewController.swift; sourceTree = "<group>"; };
		667035B6151B7E70C9524D86 /* Pods-ClubRow.debug.xcconfig */ = {isa = PBXFileReference; includeInIndex = 1; lastKnownFileType = text.xcconfig; name = "Pods-ClubRow.debug.xcconfig"; path = "Pods/Target Support Files/Pods-ClubRow/Pods-ClubRow.debug.xcconfig"; sourceTree = "<group>"; };
		A40297BA2194170200F69E60 /* ProgressManager.swift */ = {isa = PBXFileReference; lastKnownFileType = sourcecode.swift; path = ProgressManager.swift; sourceTree = "<group>"; };
		A40297BC2194834200F69E60 /* ClassMember.swift */ = {isa = PBXFileReference; lastKnownFileType = sourcecode.swift; path = ClassMember.swift; sourceTree = "<group>"; };
		A403D0122191E995007833C1 /* SelectedTeacherCell.swift */ = {isa = PBXFileReference; lastKnownFileType = sourcecode.swift; path = SelectedTeacherCell.swift; sourceTree = "<group>"; };
		A406237F21954AAB00077B0B /* BluetoothModel.swift */ = {isa = PBXFileReference; lastKnownFileType = sourcecode.swift; path = BluetoothModel.swift; sourceTree = "<group>"; };
		A406F8D1219DA5BC00777374 /* DescriptionCell.swift */ = {isa = PBXFileReference; lastKnownFileType = sourcecode.swift; path = DescriptionCell.swift; sourceTree = "<group>"; };
		A40951AD217C7B91001EE7A5 /* Log.swift */ = {isa = PBXFileReference; fileEncoding = 4; lastKnownFileType = sourcecode.swift; path = Log.swift; sourceTree = "<group>"; };
		A40951B0217C7C3A001EE7A5 /* C2ScanningManager.swift */ = {isa = PBXFileReference; fileEncoding = 4; lastKnownFileType = sourcecode.swift; name = C2ScanningManager.swift; path = C2Library/C2ScanningManager.swift; sourceTree = SOURCE_ROOT; };
		A40951B1217C7C3A001EE7A5 /* C2ConnectionManager.swift */ = {isa = PBXFileReference; fileEncoding = 4; lastKnownFileType = sourcecode.swift; name = C2ConnectionManager.swift; path = C2Library/C2ConnectionManager.swift; sourceTree = SOURCE_ROOT; };
		A40951B4217C8093001EE7A5 /* DevicesViewController.swift */ = {isa = PBXFileReference; lastKnownFileType = sourcecode.swift; path = DevicesViewController.swift; sourceTree = "<group>"; };
		A40AABC121AB0B1200D7E371 /* Lobby.swift */ = {isa = PBXFileReference; fileEncoding = 4; lastKnownFileType = sourcecode.swift; path = Lobby.swift; sourceTree = "<group>"; };
		A40AABC321AB176D00D7E371 /* LobbyTableViewCell.swift */ = {isa = PBXFileReference; lastKnownFileType = sourcecode.swift; path = LobbyTableViewCell.swift; sourceTree = "<group>"; };
		A416C29E219C71560038D67E /* ClassDetailCell.swift */ = {isa = PBXFileReference; lastKnownFileType = sourcecode.swift; path = ClassDetailCell.swift; sourceTree = "<group>"; };
		A416C2A0219D005A0038D67E /* ic_next@3x.png */ = {isa = PBXFileReference; lastKnownFileType = image.png; path = "ic_next@3x.png"; sourceTree = "<group>"; };
		A416C2A1219D005F0038D67E /* ic_next.png */ = {isa = PBXFileReference; lastKnownFileType = image.png; path = ic_next.png; sourceTree = "<group>"; };
		A416C2A2219D00610038D67E /* ic_next@2x.png */ = {isa = PBXFileReference; lastKnownFileType = image.png; path = "ic_next@2x.png"; sourceTree = "<group>"; };
		A416C2A6219D08BC0038D67E /* ProfileDetailCell.swift */ = {isa = PBXFileReference; lastKnownFileType = sourcecode.swift; path = ProfileDetailCell.swift; sourceTree = "<group>"; };
		A416C2A8219D08DA0038D67E /* ProfileHistoryCell.swift */ = {isa = PBXFileReference; lastKnownFileType = sourcecode.swift; path = ProfileHistoryCell.swift; sourceTree = "<group>"; };
		A416C2AA219D21A50038D67E /* bg_class_item.png */ = {isa = PBXFileReference; lastKnownFileType = image.png; path = bg_class_item.png; sourceTree = "<group>"; };
		A416C2AB219D21AA0038D67E /* ic_filter@2x.png */ = {isa = PBXFileReference; lastKnownFileType = image.png; path = "ic_filter@2x.png"; sourceTree = "<group>"; };
		A416C2AC219D21AF0038D67E /* ic_filter@3x.png */ = {isa = PBXFileReference; lastKnownFileType = image.png; path = "ic_filter@3x.png"; sourceTree = "<group>"; };
		A416C2B0219D23050038D67E /* ClassesCell.swift */ = {isa = PBXFileReference; lastKnownFileType = sourcecode.swift; path = ClassesCell.swift; sourceTree = "<group>"; };
		A41BF37F219E63BE00374C5B /* ic_double_arrow_up@3x.png */ = {isa = PBXFileReference; lastKnownFileType = image.png; path = "ic_double_arrow_up@3x.png"; sourceTree = "<group>"; };
		A41BF380219E63C400374C5B /* ic_double_arrow_down.png */ = {isa = PBXFileReference; lastKnownFileType = image.png; path = ic_double_arrow_down.png; sourceTree = "<group>"; };
		A41BF381219E63C700374C5B /* ic_double_arrow_up.png */ = {isa = PBXFileReference; lastKnownFileType = image.png; path = ic_double_arrow_up.png; sourceTree = "<group>"; };
		A41BF382219E63C900374C5B /* ic_double_arrow_up@2x.png */ = {isa = PBXFileReference; lastKnownFileType = image.png; path = "ic_double_arrow_up@2x.png"; sourceTree = "<group>"; };
		A41BF383219E63CC00374C5B /* ic_double_arrow_down@2x.png */ = {isa = PBXFileReference; lastKnownFileType = image.png; path = "ic_double_arrow_down@2x.png"; sourceTree = "<group>"; };
		A41BF384219E63CE00374C5B /* ic_double_arrow_down@3x.png */ = {isa = PBXFileReference; lastKnownFileType = image.png; path = "ic_double_arrow_down@3x.png"; sourceTree = "<group>"; };
		A4208199219252EF00169232 /* SelectedTeacherCollectionCell.swift */ = {isa = PBXFileReference; lastKnownFileType = sourcecode.swift; path = SelectedTeacherCollectionCell.swift; sourceTree = "<group>"; };
		A431BAB9219322D8002BB3EF /* SocketManager.swift */ = {isa = PBXFileReference; lastKnownFileType = sourcecode.swift; path = SocketManager.swift; sourceTree = "<group>"; };
		A43D96EE21A839A1007ACD56 /* SignUpViewController.swift */ = {isa = PBXFileReference; fileEncoding = 4; lastKnownFileType = sourcecode.swift; path = SignUpViewController.swift; sourceTree = "<group>"; };
		A4467B6021B67754002F3A8C /* ClassMemberForStrokesCell.swift */ = {isa = PBXFileReference; fileEncoding = 4; lastKnownFileType = sourcecode.swift; path = ClassMemberForStrokesCell.swift; sourceTree = "<group>"; };
		A4467B6121B67754002F3A8C /* ClassMemberForWattageCell.swift */ = {isa = PBXFileReference; fileEncoding = 4; lastKnownFileType = sourcecode.swift; path = ClassMemberForWattageCell.swift; sourceTree = "<group>"; };
		A463F1F9219276C30091B7ED /* Teacher.swift */ = {isa = PBXFileReference; lastKnownFileType = sourcecode.swift; path = Teacher.swift; sourceTree = "<group>"; };
		A463F1FD21928A2B0091B7ED /* HttpRequest.swift */ = {isa = PBXFileReference; lastKnownFileType = sourcecode.swift; path = HttpRequest.swift; sourceTree = "<group>"; };
		A4780E1A21B1F87500F047F6 /* ClassMemberForDistanceCell.swift */ = {isa = PBXFileReference; fileEncoding = 4; lastKnownFileType = sourcecode.swift; path = ClassMemberForDistanceCell.swift; sourceTree = "<group>"; };
		A4780E1B21B1F87500F047F6 /* ClassMemberForSpeedCell.swift */ = {isa = PBXFileReference; fileEncoding = 4; lastKnownFileType = sourcecode.swift; path = ClassMemberForSpeedCell.swift; sourceTree = "<group>"; };
		A4780E1C21B1F87500F047F6 /* ClassMemberForTimeCell.swift */ = {isa = PBXFileReference; fileEncoding = 4; lastKnownFileType = sourcecode.swift; path = ClassMemberForTimeCell.swift; sourceTree = "<group>"; };
		A4809BFB21AC722D005C041B /* Constant.swift */ = {isa = PBXFileReference; lastKnownFileType = sourcecode.swift; path = Constant.swift; sourceTree = "<group>"; };
		A4809BFD21AC753A005C041B /* Util.swift */ = {isa = PBXFileReference; lastKnownFileType = sourcecode.swift; path = Util.swift; sourceTree = "<group>"; };
		A481149A21A4CD1A00E9B242 /* LoginViewController.swift */ = {isa = PBXFileReference; fileEncoding = 4; lastKnownFileType = sourcecode.swift; path = LoginViewController.swift; sourceTree = "<group>"; };
		A492E44E219A7427001A6766 /* Shadow.swift */ = {isa = PBXFileReference; lastKnownFileType = sourcecode.swift; path = Shadow.swift; sourceTree = "<group>"; };
		A492E450219B3EF1001A6766 /* bg_white.png */ = {isa = PBXFileReference; lastKnownFileType = image.png; path = bg_white.png; sourceTree = "<group>"; };
		A492E451219B3EF2001A6766 /* ic_bell_select.png */ = {isa = PBXFileReference; lastKnownFileType = image.png; path = ic_bell_select.png; sourceTree = "<group>"; };
		A492E452219B3EF2001A6766 /* ic_profile_select@2x.png */ = {isa = PBXFileReference; lastKnownFileType = image.png; path = "ic_profile_select@2x.png"; sourceTree = "<group>"; };
		A492E453219B3EF2001A6766 /* ic_arrow_down.png */ = {isa = PBXFileReference; lastKnownFileType = image.png; path = ic_arrow_down.png; sourceTree = "<group>"; };
		A492E454219B3EF2001A6766 /* ic_profile_unselect.png */ = {isa = PBXFileReference; lastKnownFileType = image.png; path = ic_profile_unselect.png; sourceTree = "<group>"; };
		A492E455219B3EF2001A6766 /* ic_distance.png */ = {isa = PBXFileReference; lastKnownFileType = image.png; path = ic_distance.png; sourceTree = "<group>"; };
		A492E456219B3EF2001A6766 /* ic_home_unselect@3x.png */ = {isa = PBXFileReference; lastKnownFileType = image.png; path = "ic_home_unselect@3x.png"; sourceTree = "<group>"; };
		A492E457219B3EF2001A6766 /* ic_play_select@3x.png */ = {isa = PBXFileReference; lastKnownFileType = image.png; path = "ic_play_select@3x.png"; sourceTree = "<group>"; };
		A492E458219B3EF2001A6766 /* if_road_1608816.png */ = {isa = PBXFileReference; lastKnownFileType = image.png; path = if_road_1608816.png; sourceTree = "<group>"; };
		A492E459219B3EF3001A6766 /* ic_calendar_select@3x.png */ = {isa = PBXFileReference; lastKnownFileType = image.png; path = "ic_calendar_select@3x.png"; sourceTree = "<group>"; };
		A492E45A219B3EF3001A6766 /* ic_dist.png */ = {isa = PBXFileReference; lastKnownFileType = image.png; path = ic_dist.png; sourceTree = "<group>"; };
		A492E45B219B3EF3001A6766 /* ic_gray_bar.png */ = {isa = PBXFileReference; lastKnownFileType = image.png; path = ic_gray_bar.png; sourceTree = "<group>"; };
		A492E45C219B3EF3001A6766 /* bg_rec.png */ = {isa = PBXFileReference; lastKnownFileType = image.png; path = bg_rec.png; sourceTree = "<group>"; };
		A492E45D219B3EF3001A6766 /* ic_star@2x.png */ = {isa = PBXFileReference; lastKnownFileType = image.png; path = "ic_star@2x.png"; sourceTree = "<group>"; };
		A492E45E219B3EF3001A6766 /* ic_arrow_up.png */ = {isa = PBXFileReference; lastKnownFileType = image.png; path = ic_arrow_up.png; sourceTree = "<group>"; };
		A492E45F219B3EF3001A6766 /* ic_time2.png */ = {isa = PBXFileReference; lastKnownFileType = image.png; path = ic_time2.png; sourceTree = "<group>"; };
		A492E460219B3EF3001A6766 /* ic_speed2.png */ = {isa = PBXFileReference; lastKnownFileType = image.png; path = ic_speed2.png; sourceTree = "<group>"; };
		A492E461219B3EF3001A6766 /* ic_bg_button.png */ = {isa = PBXFileReference; lastKnownFileType = image.png; path = ic_bg_button.png; sourceTree = "<group>"; };
		A492E462219B3EF3001A6766 /* ic_bell_unselect.png */ = {isa = PBXFileReference; lastKnownFileType = image.png; path = ic_bell_unselect.png; sourceTree = "<group>"; };
		A492E463219B3EF4001A6766 /* ic_home_select@3x.png */ = {isa = PBXFileReference; lastKnownFileType = image.png; path = "ic_home_select@3x.png"; sourceTree = "<group>"; };
		A492E464219B3EF4001A6766 /* btn_close_white.png */ = {isa = PBXFileReference; lastKnownFileType = image.png; path = btn_close_white.png; sourceTree = "<group>"; };
		A492E465219B3EF4001A6766 /* ic_eye.png */ = {isa = PBXFileReference; lastKnownFileType = image.png; path = ic_eye.png; sourceTree = "<group>"; };
		A492E466219B3EF4001A6766 /* ic_profile_select.png */ = {isa = PBXFileReference; lastKnownFileType = image.png; path = ic_profile_select.png; sourceTree = "<group>"; };
		A492E467219B3EF4001A6766 /* bg_video.png */ = {isa = PBXFileReference; lastKnownFileType = image.png; path = bg_video.png; sourceTree = "<group>"; };
		A492E468219B3EF4001A6766 /* ic_star@3x.png */ = {isa = PBXFileReference; lastKnownFileType = image.png; path = "ic_star@3x.png"; sourceTree = "<group>"; };
		A492E469219B3EF4001A6766 /* bg_class.png */ = {isa = PBXFileReference; lastKnownFileType = image.png; path = bg_class.png; sourceTree = "<group>"; };
		A492E46A219B3EF5001A6766 /* bg_pink.png */ = {isa = PBXFileReference; lastKnownFileType = image.png; path = bg_pink.png; sourceTree = "<group>"; };
		A492E46B219B3EF5001A6766 /* ic_time.png */ = {isa = PBXFileReference; lastKnownFileType = image.png; path = ic_time.png; sourceTree = "<group>"; };
		A492E46C219B3EF5001A6766 /* ic_home_unselect@2x.png */ = {isa = PBXFileReference; lastKnownFileType = image.png; path = "ic_home_unselect@2x.png"; sourceTree = "<group>"; };
		A492E46D219B3EF5001A6766 /* ic_filter.png */ = {isa = PBXFileReference; lastKnownFileType = image.png; path = ic_filter.png; sourceTree = "<group>"; };
		A492E46E219B3EF5001A6766 /* ic_home_unselect.png */ = {isa = PBXFileReference; lastKnownFileType = image.png; path = ic_home_unselect.png; sourceTree = "<group>"; };
		A492E46F219B3EF5001A6766 /* bg_rec_gray.png */ = {isa = PBXFileReference; lastKnownFileType = image.png; path = bg_rec_gray.png; sourceTree = "<group>"; };
		A492E470219B3EF6001A6766 /* ic_star.png */ = {isa = PBXFileReference; lastKnownFileType = image.png; path = ic_star.png; sourceTree = "<group>"; };
		A492E471219B3EF6001A6766 /* ic_triangle@2x.png */ = {isa = PBXFileReference; lastKnownFileType = image.png; path = "ic_triangle@2x.png"; sourceTree = "<group>"; };
		A492E472219B3EF6001A6766 /* ic_profile_unselect@3x.png */ = {isa = PBXFileReference; lastKnownFileType = image.png; path = "ic_profile_unselect@3x.png"; sourceTree = "<group>"; };
		A492E473219B3EF6001A6766 /* bg_green.png */ = {isa = PBXFileReference; lastKnownFileType = image.png; path = bg_green.png; sourceTree = "<group>"; };
		A492E474219B3EF6001A6766 /* ic_calendar_select@2x.png */ = {isa = PBXFileReference; lastKnownFileType = image.png; path = "ic_calendar_select@2x.png"; sourceTree = "<group>"; };
		A492E475219B3EF6001A6766 /* ic_home_select.png */ = {isa = PBXFileReference; lastKnownFileType = image.png; path = ic_home_select.png; sourceTree = "<group>"; };
		A492E476219B3EF7001A6766 /* ic_play_unselect.png */ = {isa = PBXFileReference; lastKnownFileType = image.png; path = ic_play_unselect.png; sourceTree = "<group>"; };
		A492E477219B3EF7001A6766 /* ic_calendar_select.png */ = {isa = PBXFileReference; lastKnownFileType = image.png; path = ic_calendar_select.png; sourceTree = "<group>"; };
		A492E478219B3EF7001A6766 /* ic_star_selected.png */ = {isa = PBXFileReference; lastKnownFileType = image.png; path = ic_star_selected.png; sourceTree = "<group>"; };
		A492E479219B3EF7001A6766 /* ic_summary.png */ = {isa = PBXFileReference; lastKnownFileType = image.png; path = ic_summary.png; sourceTree = "<group>"; };
		A492E47A219B3EF7001A6766 /* bg_toolbar.png */ = {isa = PBXFileReference; lastKnownFileType = image.png; path = bg_toolbar.png; sourceTree = "<group>"; };
		A492E47B219B3EF7001A6766 /* ic_home_select@2x.png */ = {isa = PBXFileReference; lastKnownFileType = image.png; path = "ic_home_select@2x.png"; sourceTree = "<group>"; };
		A492E47C219B3EF8001A6766 /* ic_calendar_unselect@3x.png */ = {isa = PBXFileReference; lastKnownFileType = image.png; path = "ic_calendar_unselect@3x.png"; sourceTree = "<group>"; };
		A492E47D219B3EF8001A6766 /* ic_speed.png */ = {isa = PBXFileReference; lastKnownFileType = image.png; path = ic_speed.png; sourceTree = "<group>"; };
		A492E47E219B3EF8001A6766 /* ic_play_select.png */ = {isa = PBXFileReference; lastKnownFileType = image.png; path = ic_play_select.png; sourceTree = "<group>"; };
		A492E47F219B3EF8001A6766 /* ic_profile_select@3x.png */ = {isa = PBXFileReference; lastKnownFileType = image.png; path = "ic_profile_select@3x.png"; sourceTree = "<group>"; };
		A492E480219B3EF8001A6766 /* ic_calendar_unselect@2x.png */ = {isa = PBXFileReference; lastKnownFileType = image.png; path = "ic_calendar_unselect@2x.png"; sourceTree = "<group>"; };
		A492E481219B3EF8001A6766 /* ic_star_selected@3x.png */ = {isa = PBXFileReference; lastKnownFileType = image.png; path = "ic_star_selected@3x.png"; sourceTree = "<group>"; };
		A492E482219B3EF9001A6766 /* ic_profile_unselect@2x.png */ = {isa = PBXFileReference; lastKnownFileType = image.png; path = "ic_profile_unselect@2x.png"; sourceTree = "<group>"; };
		A492E483219B3EF9001A6766 /* btn_close.png */ = {isa = PBXFileReference; lastKnownFileType = image.png; path = btn_close.png; sourceTree = "<group>"; };
		A492E484219B3EF9001A6766 /* ic_play_unselect@3x.png */ = {isa = PBXFileReference; lastKnownFileType = image.png; path = "ic_play_unselect@3x.png"; sourceTree = "<group>"; };
		A492E485219B3EF9001A6766 /* ic_star_selected@2x.png */ = {isa = PBXFileReference; lastKnownFileType = image.png; path = "ic_star_selected@2x.png"; sourceTree = "<group>"; };
		A492E486219B3EFA001A6766 /* btn_join_class.png */ = {isa = PBXFileReference; lastKnownFileType = image.png; path = btn_join_class.png; sourceTree = "<group>"; };
		A492E487219B3EFA001A6766 /* ic_calendar_unselect.png */ = {isa = PBXFileReference; lastKnownFileType = image.png; path = ic_calendar_unselect.png; sourceTree = "<group>"; };
		A492E488219B3EFA001A6766 /* ic_action_more.png */ = {isa = PBXFileReference; lastKnownFileType = image.png; path = ic_action_more.png; sourceTree = "<group>"; };
		A492E489219B3EFA001A6766 /* ic_play_select@2x.png */ = {isa = PBXFileReference; lastKnownFileType = image.png; path = "ic_play_select@2x.png"; sourceTree = "<group>"; };
		A492E48A219B3EFA001A6766 /* ic_triangle@3x.png */ = {isa = PBXFileReference; lastKnownFileType = image.png; path = "ic_triangle@3x.png"; sourceTree = "<group>"; };
		A492E48B219B3EFB001A6766 /* ic_star 2.png */ = {isa = PBXFileReference; lastKnownFileType = image.png; path = "ic_star 2.png"; sourceTree = "<group>"; };
		A492E48C219B3EFB001A6766 /* ic_play_unselect@2x.png */ = {isa = PBXFileReference; lastKnownFileType = image.png; path = "ic_play_unselect@2x.png"; sourceTree = "<group>"; };
		A492E48D219B3EFB001A6766 /* ic_triangle.png */ = {isa = PBXFileReference; lastKnownFileType = image.png; path = ic_triangle.png; sourceTree = "<group>"; };
		A493DD75219F0E380057C3A9 /* TSCDesignableView.swift */ = {isa = PBXFileReference; fileEncoding = 4; lastKnownFileType = sourcecode.swift; path = TSCDesignableView.swift; sourceTree = "<group>"; };
		A4973DAB21AF1C9800A29EBD /* ClassLobbyCollectionViewCell.swift */ = {isa = PBXFileReference; fileEncoding = 4; lastKnownFileType = sourcecode.swift; path = ClassLobbyCollectionViewCell.swift; sourceTree = "<group>"; };
		A4973DAC21AF1C9900A29EBD /* ClassLobbyCell.swift */ = {isa = PBXFileReference; fileEncoding = 4; lastKnownFileType = sourcecode.swift; path = ClassLobbyCell.swift; sourceTree = "<group>"; };
		A4973DAF21AF23D000A29EBD /* LiveClass.swift */ = {isa = PBXFileReference; lastKnownFileType = sourcecode.swift; path = LiveClass.swift; sourceTree = "<group>"; };
		A4DD2177219820EC00D7DC2E /* UIDevice.swift */ = {isa = PBXFileReference; lastKnownFileType = sourcecode.swift; path = UIDevice.swift; sourceTree = "<group>"; };
		A9D769B2ED5F887EC1438CC1 /* Pods_ClubRow.framework */ = {isa = PBXFileReference; explicitFileType = wrapper.framework; includeInIndex = 0; path = Pods_ClubRow.framework; sourceTree = BUILT_PRODUCTS_DIR; };
		C4029E6216D84F85705C9137 /* Pods-ClubRow.release.xcconfig */ = {isa = PBXFileReference; includeInIndex = 1; lastKnownFileType = text.xcconfig; name = "Pods-ClubRow.release.xcconfig"; path = "Pods/Target Support Files/Pods-ClubRow/Pods-ClubRow.release.xcconfig"; sourceTree = "<group>"; };
		CA1F42C921A3E86C00901ADB /* ic_bell_selected@3x.png */ = {isa = PBXFileReference; lastKnownFileType = image.png; path = "ic_bell_selected@3x.png"; sourceTree = "<group>"; };
		CA1F42CA21A3E87000901ADB /* ic_bell_selected@2x.png */ = {isa = PBXFileReference; lastKnownFileType = image.png; path = "ic_bell_selected@2x.png"; sourceTree = "<group>"; };
		CA1F42CB21A3E87300901ADB /* ic_bell_unselected@2x.png */ = {isa = PBXFileReference; lastKnownFileType = image.png; path = "ic_bell_unselected@2x.png"; sourceTree = "<group>"; };
		CA1F42CC21A3E87500901ADB /* ic_bell_unselected@3x.png */ = {isa = PBXFileReference; lastKnownFileType = image.png; path = "ic_bell_unselected@3x.png"; sourceTree = "<group>"; };
		CA1F42CD21A3E87700901ADB /* ic_bell_unselected.png */ = {isa = PBXFileReference; lastKnownFileType = image.png; path = ic_bell_unselected.png; sourceTree = "<group>"; };
		CA1F42CE21A3E87900901ADB /* ic_bell_selected.png */ = {isa = PBXFileReference; lastKnownFileType = image.png; path = ic_bell_selected.png; sourceTree = "<group>"; };
		CA87661C21C16C2700B31B7E /* UIView+Box.swift */ = {isa = PBXFileReference; lastKnownFileType = sourcecode.swift; path = "UIView+Box.swift"; sourceTree = "<group>"; };
		CAC4368A21C106CE00B0BDCA /* ic_avatar_default.png */ = {isa = PBXFileReference; lastKnownFileType = image.png; path = ic_avatar_default.png; sourceTree = "<group>"; };
		CAC4368C21C1078C00B0BDCA /* LobbiesViewController.swift */ = {isa = PBXFileReference; lastKnownFileType = sourcecode.swift; path = LobbiesViewController.swift; sourceTree = "<group>"; };
		CAC4368E21C112C900B0BDCA /* ic_group.png */ = {isa = PBXFileReference; lastKnownFileType = image.png; path = ic_group.png; sourceTree = "<group>"; };
		CAC4368F21C112CF00B0BDCA /* ic_plus_white@3x.png */ = {isa = PBXFileReference; lastKnownFileType = image.png; path = "ic_plus_white@3x.png"; sourceTree = "<group>"; };
		CAC4369021C112D500B0BDCA /* ic_group@3x.png */ = {isa = PBXFileReference; lastKnownFileType = image.png; path = "ic_group@3x.png"; sourceTree = "<group>"; };
		CAC4369121C112DA00B0BDCA /* ic_group@2x.png */ = {isa = PBXFileReference; lastKnownFileType = image.png; path = "ic_group@2x.png"; sourceTree = "<group>"; };
		CAC4369221C112E400B0BDCA /* ic_plus_white.png */ = {isa = PBXFileReference; lastKnownFileType = image.png; path = ic_plus_white.png; sourceTree = "<group>"; };
		CAC4369321C112EC00B0BDCA /* ic_plus_white@2x.png */ = {isa = PBXFileReference; lastKnownFileType = image.png; path = "ic_plus_white@2x.png"; sourceTree = "<group>"; };
		CACDCAC221C0AF0600E7A85D /* ic_flag_unselect@2x.png */ = {isa = PBXFileReference; lastKnownFileType = image.png; path = "ic_flag_unselect@2x.png"; sourceTree = "<group>"; };
		CACDCAC321C0AF0700E7A85D /* ic_flag_select.png */ = {isa = PBXFileReference; lastKnownFileType = image.png; path = ic_flag_select.png; sourceTree = "<group>"; };
		CACDCAC421C0AF0700E7A85D /* ic_flag_unselect.png */ = {isa = PBXFileReference; lastKnownFileType = image.png; path = ic_flag_unselect.png; sourceTree = "<group>"; };
		CACDCAC521C0AF0700E7A85D /* ic_flag_unselect@3x.png */ = {isa = PBXFileReference; lastKnownFileType = image.png; path = "ic_flag_unselect@3x.png"; sourceTree = "<group>"; };
		CACDCAC621C0AF0700E7A85D /* ic_eye@2x.png */ = {isa = PBXFileReference; lastKnownFileType = image.png; path = "ic_eye@2x.png"; sourceTree = "<group>"; };
		CACDCAC721C0AF0700E7A85D /* ic_eye@3x.png */ = {isa = PBXFileReference; lastKnownFileType = image.png; path = "ic_eye@3x.png"; sourceTree = "<group>"; };
		CACDCAC821C0AF0800E7A85D /* btn_close@2x.png */ = {isa = PBXFileReference; lastKnownFileType = image.png; path = "btn_close@2x.png"; sourceTree = "<group>"; };
		CACDCAC921C0AF0800E7A85D /* btn_close_white@2x.png */ = {isa = PBXFileReference; lastKnownFileType = image.png; path = "btn_close_white@2x.png"; sourceTree = "<group>"; };
		CACDCACA21C0AF0800E7A85D /* btn_close_white@3x.png */ = {isa = PBXFileReference; lastKnownFileType = image.png; path = "btn_close_white@3x.png"; sourceTree = "<group>"; };
		CACDCACB21C0AF0800E7A85D /* ic_flag_select@2x.png */ = {isa = PBXFileReference; lastKnownFileType = image.png; path = "ic_flag_select@2x.png"; sourceTree = "<group>"; };
		CACDCACC21C0AF0800E7A85D /* ic_flag_select@3x.png */ = {isa = PBXFileReference; lastKnownFileType = image.png; path = "ic_flag_select@3x.png"; sourceTree = "<group>"; };
		CACDCACD21C0AF0900E7A85D /* btn_close@3x.png */ = {isa = PBXFileReference; lastKnownFileType = image.png; path = "btn_close@3x.png"; sourceTree = "<group>"; };
		CACDCADA21C0AFB800E7A85D /* InstructorsViewController.swift */ = {isa = PBXFileReference; lastKnownFileType = sourcecode.swift; path = InstructorsViewController.swift; sourceTree = "<group>"; };
		CACDCADC21C0BBC900E7A85D /* InstrcutorCollectionViewCell.swift */ = {isa = PBXFileReference; lastKnownFileType = sourcecode.swift; path = InstrcutorCollectionViewCell.swift; sourceTree = "<group>"; };
		CACF144F21D97D2B006817E2 /* RootViewController.swift */ = {isa = PBXFileReference; fileEncoding = 4; lastKnownFileType = sourcecode.swift; path = RootViewController.swift; sourceTree = "<group>"; };
/* End PBXFileReference section */

/* Begin PBXFrameworksBuildPhase section */
		3E3DA41A2163488B00B5055C /* Frameworks */ = {
			isa = PBXFrameworksBuildPhase;
			buildActionMask = 2147483647;
			files = (
				F580CC481327293742D752A2 /* Pods_ClubRow.framework in Frameworks */,
			);
			runOnlyForDeploymentPostprocessing = 0;
		};
/* End PBXFrameworksBuildPhase section */

/* Begin PBXGroup section */
		3E0D70D6216A430300F6BC95 /* View */ = {
			isa = PBXGroup;
			children = (
				3EFFA6842175E6D5002B5678 /* DragView.xib */,
				3E904FEF216AC9230052CF68 /* NibDateView.xib */,
				3E0D70D7216A432A00F6BC95 /* ClassCell.swift */,
				3EE73C1D216AAC2600A20AF4 /* NibDateView.swift */,
			);
			path = View;
			sourceTree = "<group>";
		};
		3E3DA4142163488B00B5055C = {
			isa = PBXGroup;
			children = (
				A40951AF217C7BC7001EE7A5 /* C2Library */,
				3E3DA41F2163488B00B5055C /* ClubRow */,
				3E3DA41E2163488B00B5055C /* Products */,
				DB79D9911181FC10015977F9 /* Pods */,
				EFD2DFB152A6CCB351356BE8 /* Frameworks */,
			);
			sourceTree = "<group>";
		};
		3E3DA41E2163488B00B5055C /* Products */ = {
			isa = PBXGroup;
			children = (
				3E3DA41D2163488B00B5055C /* ClubRow.app */,
			);
			name = Products;
			sourceTree = "<group>";
		};
		3E3DA41F2163488B00B5055C /* ClubRow */ = {
			isa = PBXGroup;
			children = (
				3EE73C1F216AAEFB00A20AF4 /* Utils */,
				3E3DA4492163495F00B5055C /* Classes */,
				3E3DA4322163495300B5055C /* Resources */,
				3E3DA4202163488B00B5055C /* AppDelegate.swift */,
				3E3DA4242163488B00B5055C /* Main.storyboard */,
				3E3DA4272163489100B5055C /* Assets.xcassets */,
				3E3DA4292163489100B5055C /* LaunchScreen.storyboard */,
				3E3DA42C2163489100B5055C /* Info.plist */,
				A4809BFB21AC722D005C041B /* Constant.swift */,
				A4809BFD21AC753A005C041B /* Util.swift */,
			);
			path = ClubRow;
			sourceTree = "<group>";
		};
		3E3DA4322163495300B5055C /* Resources */ = {
			isa = PBXGroup;
			children = (
				CAC4368E21C112C900B0BDCA /* ic_group.png */,
				CAC4369121C112DA00B0BDCA /* ic_group@2x.png */,
				CAC4369021C112D500B0BDCA /* ic_group@3x.png */,
				CAC4369221C112E400B0BDCA /* ic_plus_white.png */,
				CAC4369321C112EC00B0BDCA /* ic_plus_white@2x.png */,
				CAC4368F21C112CF00B0BDCA /* ic_plus_white@3x.png */,
				CAC4368A21C106CE00B0BDCA /* ic_avatar_default.png */,
				CACDCAC921C0AF0800E7A85D /* btn_close_white@2x.png */,
				CACDCACA21C0AF0800E7A85D /* btn_close_white@3x.png */,
				CACDCAC821C0AF0800E7A85D /* btn_close@2x.png */,
				CACDCACD21C0AF0900E7A85D /* btn_close@3x.png */,
				CACDCAC621C0AF0700E7A85D /* ic_eye@2x.png */,
				CACDCAC721C0AF0700E7A85D /* ic_eye@3x.png */,
				CACDCAC321C0AF0700E7A85D /* ic_flag_select.png */,
				CACDCACB21C0AF0800E7A85D /* ic_flag_select@2x.png */,
				CACDCACC21C0AF0800E7A85D /* ic_flag_select@3x.png */,
				CACDCAC421C0AF0700E7A85D /* ic_flag_unselect.png */,
				CACDCAC221C0AF0600E7A85D /* ic_flag_unselect@2x.png */,
				CACDCAC521C0AF0700E7A85D /* ic_flag_unselect@3x.png */,
				CA1F42CE21A3E87900901ADB /* ic_bell_selected.png */,
				CA1F42CA21A3E87000901ADB /* ic_bell_selected@2x.png */,
				CA1F42C921A3E86C00901ADB /* ic_bell_selected@3x.png */,
				CA1F42CD21A3E87700901ADB /* ic_bell_unselected.png */,
				CA1F42CB21A3E87300901ADB /* ic_bell_unselected@2x.png */,
				CA1F42CC21A3E87500901ADB /* ic_bell_unselected@3x.png */,
				A41BF380219E63C400374C5B /* ic_double_arrow_down.png */,
				A41BF383219E63CC00374C5B /* ic_double_arrow_down@2x.png */,
				A41BF384219E63CE00374C5B /* ic_double_arrow_down@3x.png */,
				A41BF381219E63C700374C5B /* ic_double_arrow_up.png */,
				A41BF382219E63C900374C5B /* ic_double_arrow_up@2x.png */,
				A41BF37F219E63BE00374C5B /* ic_double_arrow_up@3x.png */,
				A416C2AA219D21A50038D67E /* bg_class_item.png */,
				A416C2AB219D21AA0038D67E /* ic_filter@2x.png */,
				A416C2AC219D21AF0038D67E /* ic_filter@3x.png */,
				A416C2A1219D005F0038D67E /* ic_next.png */,
				A416C2A2219D00610038D67E /* ic_next@2x.png */,
				A416C2A0219D005A0038D67E /* ic_next@3x.png */,
				A492E469219B3EF4001A6766 /* bg_class.png */,
				A492E473219B3EF6001A6766 /* bg_green.png */,
				A492E46A219B3EF5001A6766 /* bg_pink.png */,
				A492E46F219B3EF5001A6766 /* bg_rec_gray.png */,
				A492E45C219B3EF3001A6766 /* bg_rec.png */,
				A492E47A219B3EF7001A6766 /* bg_toolbar.png */,
				A492E467219B3EF4001A6766 /* bg_video.png */,
				A492E450219B3EF1001A6766 /* bg_white.png */,
				A492E464219B3EF4001A6766 /* btn_close_white.png */,
				A492E483219B3EF9001A6766 /* btn_close.png */,
				A492E486219B3EFA001A6766 /* btn_join_class.png */,
				A492E488219B3EFA001A6766 /* ic_action_more.png */,
				A492E453219B3EF2001A6766 /* ic_arrow_down.png */,
				A492E45E219B3EF3001A6766 /* ic_arrow_up.png */,
				A492E451219B3EF2001A6766 /* ic_bell_select.png */,
				A492E462219B3EF3001A6766 /* ic_bell_unselect.png */,
				A492E461219B3EF3001A6766 /* ic_bg_button.png */,
				A492E477219B3EF7001A6766 /* ic_calendar_select.png */,
				A492E474219B3EF6001A6766 /* ic_calendar_select@2x.png */,
				A492E459219B3EF3001A6766 /* ic_calendar_select@3x.png */,
				A492E487219B3EFA001A6766 /* ic_calendar_unselect.png */,
				A492E480219B3EF8001A6766 /* ic_calendar_unselect@2x.png */,
				A492E47C219B3EF8001A6766 /* ic_calendar_unselect@3x.png */,
				A492E45A219B3EF3001A6766 /* ic_dist.png */,
				A492E455219B3EF2001A6766 /* ic_distance.png */,
				A492E465219B3EF4001A6766 /* ic_eye.png */,
				A492E46D219B3EF5001A6766 /* ic_filter.png */,
				A492E45B219B3EF3001A6766 /* ic_gray_bar.png */,
				A492E475219B3EF6001A6766 /* ic_home_select.png */,
				A492E47B219B3EF7001A6766 /* ic_home_select@2x.png */,
				A492E463219B3EF4001A6766 /* ic_home_select@3x.png */,
				A492E46E219B3EF5001A6766 /* ic_home_unselect.png */,
				A492E46C219B3EF5001A6766 /* ic_home_unselect@2x.png */,
				A492E456219B3EF2001A6766 /* ic_home_unselect@3x.png */,
				A492E47E219B3EF8001A6766 /* ic_play_select.png */,
				A492E489219B3EFA001A6766 /* ic_play_select@2x.png */,
				A492E457219B3EF2001A6766 /* ic_play_select@3x.png */,
				A492E476219B3EF7001A6766 /* ic_play_unselect.png */,
				A492E48C219B3EFB001A6766 /* ic_play_unselect@2x.png */,
				A492E484219B3EF9001A6766 /* ic_play_unselect@3x.png */,
				A492E466219B3EF4001A6766 /* ic_profile_select.png */,
				A492E452219B3EF2001A6766 /* ic_profile_select@2x.png */,
				A492E47F219B3EF8001A6766 /* ic_profile_select@3x.png */,
				A492E454219B3EF2001A6766 /* ic_profile_unselect.png */,
				A492E482219B3EF9001A6766 /* ic_profile_unselect@2x.png */,
				A492E472219B3EF6001A6766 /* ic_profile_unselect@3x.png */,
				A492E47D219B3EF8001A6766 /* ic_speed.png */,
				A492E460219B3EF3001A6766 /* ic_speed2.png */,
				A492E48B219B3EFB001A6766 /* ic_star 2.png */,
				A492E478219B3EF7001A6766 /* ic_star_selected.png */,
				A492E485219B3EF9001A6766 /* ic_star_selected@2x.png */,
				A492E481219B3EF8001A6766 /* ic_star_selected@3x.png */,
				A492E470219B3EF6001A6766 /* ic_star.png */,
				A492E45D219B3EF3001A6766 /* ic_star@2x.png */,
				A492E468219B3EF4001A6766 /* ic_star@3x.png */,
				A492E479219B3EF7001A6766 /* ic_summary.png */,
				A492E46B219B3EF5001A6766 /* ic_time.png */,
				A492E45F219B3EF3001A6766 /* ic_time2.png */,
				A492E48D219B3EFB001A6766 /* ic_triangle.png */,
				A492E471219B3EF6001A6766 /* ic_triangle@2x.png */,
				A492E48A219B3EFA001A6766 /* ic_triangle@3x.png */,
				A492E458219B3EF2001A6766 /* if_road_1608816.png */,
			);
			path = Resources;
			sourceTree = "<group>";
		};
		3E3DA4492163495F00B5055C /* Classes */ = {
			isa = PBXGroup;
			children = (
				A463F1F8219276860091B7ED /* Models */,
				A403D00F2191E64E007833C1 /* Cellls */,
				3EE73C32216AB72700A20AF4 /* PresetsData */,
				3E0D70D6216A430300F6BC95 /* View */,
				3E3DA44D21634A3900B5055C /* Screens */,
				3E3DA44C21634A2400B5055C /* Super */,
			);
			path = Classes;
			sourceTree = "<group>";
		};
		3E3DA44C21634A2400B5055C /* Super */ = {
			isa = PBXGroup;
			children = (
				CACF144F21D97D2B006817E2 /* RootViewController.swift */,
				3E3DA44A21634A1700B5055C /* SuperViewController.swift */,
				3E3DA4542163552A00B5055C /* TabbarViewController.swift */,
			);
			path = Super;
			sourceTree = "<group>";
		};
		3E3DA44D21634A3900B5055C /* Screens */ = {
			isa = PBXGroup;
			children = (
				A43D96EE21A839A1007ACD56 /* SignUpViewController.swift */,
				A481149A21A4CD1A00E9B242 /* LoginViewController.swift */,
				3EFFA67F2175E6A7002B5678 /* CollectionViewController.swift */,
				3EFFA67E2175E6A7002B5678 /* MyImageCollectionViewCell.swift */,
				3EFFA6802175E6A7002B5678 /* ScrollViewController.swift */,
				3EE73C2E216AB33900A20AF4 /* DateViewController.swift */,
				3E3DA44E21634A7300B5055C /* MainViewController.swift */,
				3E3DA456216359EB00B5055C /* HomeViewController.swift */,
				3E3DA45821635A1800B5055C /* SchedulesViewController.swift */,
				3E3DA45A21635A2900B5055C /* ClassesViewController.swift */,
				3E3DA45C21635A4B00B5055C /* ProfileViewController.swift */,
				3E0D70D4216A35F900F6BC95 /* ClassDetailsViewController.swift */,
				3EDED40B216B3E7C00167FEF /* SummaryOneViewController.swift */,
				3EDED40D216B42C400167FEF /* DateFilterViewController.swift */,
				3EDED40F216B535B00167FEF /* SortFilterViewController.swift */,
				3EDED411216B5A3F00167FEF /* ClassVideoViewController.swift */,
				3E565586216DEEDC00EF8964 /* SummaryTwoViewController.swift */,
				3E565590216F327B00EF8964 /* SummaryViewController.swift */,
				3EFFA6762175170D002B5678 /* CalendarViewController.swift */,
				3EFFA67C2175DA22002B5678 /* ContainerViewController.swift */,
				3EFFA68A21760CE4002B5678 /* ClassTableViewController.swift */,
				A40951B4217C8093001EE7A5 /* DevicesViewController.swift */,
				CACDCADA21C0AFB800E7A85D /* InstructorsViewController.swift */,
				CAC4368C21C1078C00B0BDCA /* LobbiesViewController.swift */,
			);
			path = Screens;
			sourceTree = "<group>";
		};
		3EE73C1F216AAEFB00A20AF4 /* Utils */ = {
			isa = PBXGroup;
			children = (
				A493DD75219F0E380057C3A9 /* TSCDesignableView.swift */,
				A40951AD217C7B91001EE7A5 /* Log.swift */,
				3EE73C20216AAEFB00A20AF4 /* CGRect+Utils.swift */,
				3EE73C21216AAEFB00A20AF4 /* Font.swift */,
				3EE73C22216AAEFB00A20AF4 /* Object+ClassName.swift */,
				3EE73C23216AAEFB00A20AF4 /* UIColor+Utils.swift */,
				3EE73C24216AAEFB00A20AF4 /* UIScreen+Utils.swift */,
				3EE73C25216AAEFB00A20AF4 /* UIView+Nib.swift */,
				A463F1FD21928A2B0091B7ED /* HttpRequest.swift */,
				A431BAB9219322D8002BB3EF /* SocketManager.swift */,
				A40297BA2194170200F69E60 /* ProgressManager.swift */,
				A4DD2177219820EC00D7DC2E /* UIDevice.swift */,
				A492E44E219A7427001A6766 /* Shadow.swift */,
				CA87661C21C16C2700B31B7E /* UIView+Box.swift */,
			);
			path = Utils;
			sourceTree = "<group>";
		};
		3EE73C32216AB72700A20AF4 /* PresetsData */ = {
			isa = PBXGroup;
			children = (
				3EE73C33216AB72700A20AF4 /* PresetDescription.swift */,
				3EE73C34216AB72700A20AF4 /* PresetsDataSource.swift */,
			);
			path = PresetsData;
			sourceTree = "<group>";
		};
		A403D00F2191E64E007833C1 /* Cellls */ = {
			isa = PBXGroup;
			children = (
				A4467B6021B67754002F3A8C /* ClassMemberForStrokesCell.swift */,
				A4467B6121B67754002F3A8C /* ClassMemberForWattageCell.swift */,
				A4780E1A21B1F87500F047F6 /* ClassMemberForDistanceCell.swift */,
				A4780E1B21B1F87500F047F6 /* ClassMemberForSpeedCell.swift */,
				A4780E1C21B1F87500F047F6 /* ClassMemberForTimeCell.swift */,
				A4973DAC21AF1C9900A29EBD /* ClassLobbyCell.swift */,
				A4973DAB21AF1C9800A29EBD /* ClassLobbyCollectionViewCell.swift */,
				A403D0122191E995007833C1 /* SelectedTeacherCell.swift */,
				A4208199219252EF00169232 /* SelectedTeacherCollectionCell.swift */,
				A416C29E219C71560038D67E /* ClassDetailCell.swift */,
				A416C2A6219D08BC0038D67E /* ProfileDetailCell.swift */,
				A416C2A8219D08DA0038D67E /* ProfileHistoryCell.swift */,
				A416C2B0219D23050038D67E /* ClassesCell.swift */,
				A406F8D1219DA5BC00777374 /* DescriptionCell.swift */,
				A40AABC321AB176D00D7E371 /* LobbyTableViewCell.swift */,
				CACDCADC21C0BBC900E7A85D /* InstrcutorCollectionViewCell.swift */,
			);
			path = Cellls;
			sourceTree = "<group>";
		};
		A40951AF217C7BC7001EE7A5 /* C2Library */ = {
			isa = PBXGroup;
			children = (
				A40951B1217C7C3A001EE7A5 /* C2ConnectionManager.swift */,
				A40951B0217C7C3A001EE7A5 /* C2ScanningManager.swift */,
			);
			name = C2Library;
			path = "New Group";
			sourceTree = "<group>";
		};
		A463F1F8219276860091B7ED /* Models */ = {
			isa = PBXGroup;
			children = (
				A40AABC121AB0B1200D7E371 /* Lobby.swift */,
				A463F1F9219276C30091B7ED /* Teacher.swift */,
				A40297BC2194834200F69E60 /* ClassMember.swift */,
				A406237F21954AAB00077B0B /* BluetoothModel.swift */,
				A4973DAF21AF23D000A29EBD /* LiveClass.swift */,
			);
			path = Models;
			sourceTree = "<group>";
		};
		DB79D9911181FC10015977F9 /* Pods */ = {
			isa = PBXGroup;
			children = (
				667035B6151B7E70C9524D86 /* Pods-ClubRow.debug.xcconfig */,
				C4029E6216D84F85705C9137 /* Pods-ClubRow.release.xcconfig */,
			);
			name = Pods;
			sourceTree = "<group>";
		};
		EFD2DFB152A6CCB351356BE8 /* Frameworks */ = {
			isa = PBXGroup;
			children = (
				3EBDF5052166B84F00DDAAF1 /* EChart.framework */,
				A9D769B2ED5F887EC1438CC1 /* Pods_ClubRow.framework */,
			);
			name = Frameworks;
			sourceTree = "<group>";
		};
/* End PBXGroup section */

/* Begin PBXNativeTarget section */
		3E3DA41C2163488B00B5055C /* ClubRow */ = {
			isa = PBXNativeTarget;
			buildConfigurationList = 3E3DA42F2163489100B5055C /* Build configuration list for PBXNativeTarget "ClubRow" */;
			buildPhases = (
				D8103F17199620482EAA0402 /* [CP] Check Pods Manifest.lock */,
				3E3DA4192163488B00B5055C /* Sources */,
				3E3DA41A2163488B00B5055C /* Frameworks */,
				3E3DA41B2163488B00B5055C /* Resources */,
				C0C4C1E62BF6CA6D8A7CA6CC /* [CP] Embed Pods Frameworks */,
			);
			buildRules = (
			);
			dependencies = (
			);
			name = ClubRow;
			productName = ClubRow;
			productReference = 3E3DA41D2163488B00B5055C /* ClubRow.app */;
			productType = "com.apple.product-type.application";
		};
/* End PBXNativeTarget section */

/* Begin PBXProject section */
		3E3DA4152163488B00B5055C /* Project object */ = {
			isa = PBXProject;
			attributes = {
				LastSwiftUpdateCheck = 0940;
				LastUpgradeCheck = 0940;
				ORGANIZATIONNAME = "";
				TargetAttributes = {
					3E3DA41C2163488B00B5055C = {
						CreatedOnToolsVersion = 9.4.1;
					};
				};
			};
			buildConfigurationList = 3E3DA4182163488B00B5055C /* Build configuration list for PBXProject "ClubRow" */;
			compatibilityVersion = "Xcode 9.3";
			developmentRegion = en;
			hasScannedForEncodings = 0;
			knownRegions = (
				en,
				Base,
			);
			mainGroup = 3E3DA4142163488B00B5055C;
			productRefGroup = 3E3DA41E2163488B00B5055C /* Products */;
			projectDirPath = "";
			projectRoot = "";
			targets = (
				3E3DA41C2163488B00B5055C /* ClubRow */,
			);
		};
/* End PBXProject section */

/* Begin PBXResourcesBuildPhase section */
		3E3DA41B2163488B00B5055C /* Resources */ = {
			isa = PBXResourcesBuildPhase;
			buildActionMask = 2147483647;
			files = (
				A492E4A1219B3EFB001A6766 /* ic_home_select@3x.png in Resources */,
				A41BF386219E63D000374C5B /* ic_double_arrow_down.png in Resources */,
				A492E492219B3EFB001A6766 /* ic_profile_unselect.png in Resources */,
				A492E4AB219B3EFB001A6766 /* ic_filter.png in Resources */,
				A492E4B7219B3EFB001A6766 /* ic_summary.png in Resources */,
				CA1F42D421A3E87B00901ADB /* ic_bell_selected.png in Resources */,
				CACDCAD521C0AF0900E7A85D /* btn_close_white@2x.png in Resources */,
				A492E490219B3EFB001A6766 /* ic_profile_select@2x.png in Resources */,
				A492E4A3219B3EFB001A6766 /* ic_eye.png in Resources */,
				A492E4AF219B3EFB001A6766 /* ic_triangle@2x.png in Resources */,
				A492E4B4219B3EFB001A6766 /* ic_play_unselect.png in Resources */,
				A41BF38A219E63D000374C5B /* ic_double_arrow_down@3x.png in Resources */,
				A492E4A9219B3EFB001A6766 /* ic_time.png in Resources */,
				A41BF388219E63D000374C5B /* ic_double_arrow_up@2x.png in Resources */,
				A492E495219B3EFB001A6766 /* ic_play_select@3x.png in Resources */,
				A492E48E219B3EFB001A6766 /* bg_white.png in Resources */,
				CAC4369421C112F100B0BDCA /* ic_group.png in Resources */,
				A492E4C1219B3EFB001A6766 /* btn_close.png in Resources */,
				CAC4369821C112F200B0BDCA /* ic_plus_white.png in Resources */,
				A492E4A2219B3EFB001A6766 /* btn_close_white.png in Resources */,
				A492E4AC219B3EFB001A6766 /* ic_home_unselect.png in Resources */,
				A416C2AE219D21B20038D67E /* ic_filter@2x.png in Resources */,
				A492E4BE219B3EFB001A6766 /* ic_calendar_unselect@2x.png in Resources */,
				CACDCACF21C0AF0900E7A85D /* ic_flag_select.png in Resources */,
				A492E49C219B3EFB001A6766 /* ic_arrow_up.png in Resources */,
				A492E49D219B3EFB001A6766 /* ic_time2.png in Resources */,
				CACDCAD721C0AF0900E7A85D /* ic_flag_select@2x.png in Resources */,
				A416C2AD219D21B20038D67E /* bg_class_item.png in Resources */,
				A416C2AF219D21B20038D67E /* ic_filter@3x.png in Resources */,
				A492E49E219B3EFB001A6766 /* ic_speed2.png in Resources */,
				A416C2A3219D00620038D67E /* ic_next@3x.png in Resources */,
				A492E494219B3EFB001A6766 /* ic_home_unselect@3x.png in Resources */,
				A492E4AA219B3EFB001A6766 /* ic_home_unselect@2x.png in Resources */,
				A492E4B3219B3EFB001A6766 /* ic_home_select.png in Resources */,
				A492E4BF219B3EFB001A6766 /* ic_star_selected@3x.png in Resources */,
				A492E4A4219B3EFB001A6766 /* ic_profile_select.png in Resources */,
				CAC4369621C112F100B0BDCA /* ic_group@3x.png in Resources */,
				A492E49A219B3EFB001A6766 /* bg_rec.png in Resources */,
				A492E493219B3EFB001A6766 /* ic_distance.png in Resources */,
				A492E4C4219B3EFB001A6766 /* btn_join_class.png in Resources */,
				A492E4BA219B3EFB001A6766 /* ic_calendar_unselect@3x.png in Resources */,
				CACDCAD221C0AF0900E7A85D /* ic_eye@2x.png in Resources */,
				A492E491219B3EFB001A6766 /* ic_arrow_down.png in Resources */,
				A492E4A0219B3EFB001A6766 /* ic_bell_unselect.png in Resources */,
				A492E4BC219B3EFB001A6766 /* ic_play_select.png in Resources */,
				A492E497219B3EFB001A6766 /* ic_calendar_select@3x.png in Resources */,
				A41BF385219E63D000374C5B /* ic_double_arrow_up@3x.png in Resources */,
				CACDCAD921C0AF0900E7A85D /* btn_close@3x.png in Resources */,
				A41BF387219E63D000374C5B /* ic_double_arrow_up.png in Resources */,
				A492E4B9219B3EFB001A6766 /* ic_home_select@2x.png in Resources */,
				A492E4B0219B3EFB001A6766 /* ic_profile_unselect@3x.png in Resources */,
				A492E49F219B3EFB001A6766 /* ic_bg_button.png in Resources */,
				3E904FF0216AC9240052CF68 /* NibDateView.xib in Resources */,
				A492E4B8219B3EFB001A6766 /* bg_toolbar.png in Resources */,
				3E3DA42B2163489100B5055C /* LaunchScreen.storyboard in Resources */,
				A492E4C2219B3EFB001A6766 /* ic_play_unselect@3x.png in Resources */,
				A492E48F219B3EFB001A6766 /* ic_bell_select.png in Resources */,
				3E3DA4282163489100B5055C /* Assets.xcassets in Resources */,
				A492E4C3219B3EFB001A6766 /* ic_star_selected@2x.png in Resources */,
				CACDCACE21C0AF0900E7A85D /* ic_flag_unselect@2x.png in Resources */,
				A492E4C0219B3EFB001A6766 /* ic_profile_unselect@2x.png in Resources */,
				A492E4C6219B3EFB001A6766 /* ic_action_more.png in Resources */,
				3EFFA6852175E6D5002B5678 /* DragView.xib in Resources */,
				CAC4369721C112F200B0BDCA /* ic_group@2x.png in Resources */,
				A492E4A6219B3EFB001A6766 /* ic_star@3x.png in Resources */,
				A492E4C9219B3EFB001A6766 /* ic_star 2.png in Resources */,
				A492E4C7219B3EFB001A6766 /* ic_play_select@2x.png in Resources */,
				A492E4A8219B3EFB001A6766 /* bg_pink.png in Resources */,
				CACDCAD321C0AF0900E7A85D /* ic_eye@3x.png in Resources */,
				A492E498219B3EFB001A6766 /* ic_dist.png in Resources */,
				CA1F42D321A3E87B00901ADB /* ic_bell_unselected.png in Resources */,
				A492E4B1219B3EFB001A6766 /* bg_green.png in Resources */,
				A492E4C8219B3EFB001A6766 /* ic_triangle@3x.png in Resources */,
				CA1F42D221A3E87B00901ADB /* ic_bell_unselected@3x.png in Resources */,
				A492E4CB219B3EFB001A6766 /* ic_triangle.png in Resources */,
				A492E4B5219B3EFB001A6766 /* ic_calendar_select.png in Resources */,
				3E3DA4262163488B00B5055C /* Main.storyboard in Resources */,
				A492E4CA219B3EFB001A6766 /* ic_play_unselect@2x.png in Resources */,
				A492E496219B3EFB001A6766 /* if_road_1608816.png in Resources */,
				A492E499219B3EFB001A6766 /* ic_gray_bar.png in Resources */,
				CAC4369921C112F200B0BDCA /* ic_plus_white@2x.png in Resources */,
				A492E4BB219B3EFB001A6766 /* ic_speed.png in Resources */,
				CA1F42D121A3E87B00901ADB /* ic_bell_unselected@2x.png in Resources */,
				A416C2A5219D00620038D67E /* ic_next@2x.png in Resources */,
				A41BF389219E63D000374C5B /* ic_double_arrow_down@2x.png in Resources */,
				CA1F42D021A3E87B00901ADB /* ic_bell_selected@2x.png in Resources */,
				CACDCAD621C0AF0900E7A85D /* btn_close_white@3x.png in Resources */,
				A416C2A4219D00620038D67E /* ic_next.png in Resources */,
				A492E4BD219B3EFB001A6766 /* ic_profile_select@3x.png in Resources */,
				CA1F42CF21A3E87B00901ADB /* ic_bell_selected@3x.png in Resources */,
				A492E4AE219B3EFB001A6766 /* ic_star.png in Resources */,
				CACDCAD421C0AF0900E7A85D /* btn_close@2x.png in Resources */,
				CACDCAD121C0AF0900E7A85D /* ic_flag_unselect@3x.png in Resources */,
				CAC4369521C112F100B0BDCA /* ic_plus_white@3x.png in Resources */,
				CACDCAD821C0AF0900E7A85D /* ic_flag_select@3x.png in Resources */,
				A492E4B6219B3EFB001A6766 /* ic_star_selected.png in Resources */,
				CAC4368B21C106D600B0BDCA /* ic_avatar_default.png in Resources */,
				A492E4C5219B3EFB001A6766 /* ic_calendar_unselect.png in Resources */,
				A492E4A5219B3EFB001A6766 /* bg_video.png in Resources */,
				A492E49B219B3EFB001A6766 /* ic_star@2x.png in Resources */,
				A492E4A7219B3EFB001A6766 /* bg_class.png in Resources */,
				A492E4B2219B3EFB001A6766 /* ic_calendar_select@2x.png in Resources */,
				CACDCAD021C0AF0900E7A85D /* ic_flag_unselect.png in Resources */,
				A492E4AD219B3EFB001A6766 /* bg_rec_gray.png in Resources */,
			);
			runOnlyForDeploymentPostprocessing = 0;
		};
/* End PBXResourcesBuildPhase section */

/* Begin PBXShellScriptBuildPhase section */
		C0C4C1E62BF6CA6D8A7CA6CC /* [CP] Embed Pods Frameworks */ = {
			isa = PBXShellScriptBuildPhase;
			buildActionMask = 2147483647;
			files = (
			);
			inputPaths = (
				"${SRCROOT}/Pods/Target Support Files/Pods-ClubRow/Pods-ClubRow-frameworks.sh",
				"${BUILT_PRODUCTS_DIR}/Alamofire/Alamofire.framework",
				"${BUILT_PRODUCTS_DIR}/CRRefresh/CRRefresh.framework",
				"${BUILT_PRODUCTS_DIR}/Device/Device.framework",
				"${BUILT_PRODUCTS_DIR}/EChart/EChart.framework",
				"${BUILT_PRODUCTS_DIR}/FSCalendar/FSCalendar.framework",
				"${BUILT_PRODUCTS_DIR}/IQKeyboardManagerSwift/IQKeyboardManagerSwift.framework",
				"${BUILT_PRODUCTS_DIR}/KRActivityIndicatorView/KRActivityIndicatorView.framework",
				"${BUILT_PRODUCTS_DIR}/KRProgressHUD/KRProgressHUD.framework",
				"${BUILT_PRODUCTS_DIR}/MKProgress/MKProgress.framework",
				"${BUILT_PRODUCTS_DIR}/Presentr/Presentr.framework",
				"${BUILT_PRODUCTS_DIR}/ProgressHUD/ProgressHUD.framework",
				"${BUILT_PRODUCTS_DIR}/QuickLayout/QuickLayout.framework",
				"${BUILT_PRODUCTS_DIR}/SimpleAlert/SimpleAlert.framework",
				"${BUILT_PRODUCTS_DIR}/Starscream/Starscream.framework",
				"${BUILT_PRODUCTS_DIR}/SwiftChart/SwiftChart.framework",
				"${BUILT_PRODUCTS_DIR}/SwiftEntryKit/SwiftEntryKit.framework",
				"${BUILT_PRODUCTS_DIR}/SwiftPhoenixClient/SwiftPhoenixClient.framework",
				"${BUILT_PRODUCTS_DIR}/SwiftyAvatar/SwiftyAvatar.framework",
				"${BUILT_PRODUCTS_DIR}/SwiftyJSON/SwiftyJSON.framework",
				"${BUILT_PRODUCTS_DIR}/Toast-Swift/Toast_Swift.framework",
				"${BUILT_PRODUCTS_DIR}/XLPagerTabStrip/XLPagerTabStrip.framework",
				"${BUILT_PRODUCTS_DIR}/XLSlidingContainer/XLSlidingContainer.framework",
				"${BUILT_PRODUCTS_DIR}/YouTubePlayer/YouTubePlayer.framework",
			);
			name = "[CP] Embed Pods Frameworks";
			outputPaths = (
				"${TARGET_BUILD_DIR}/${FRAMEWORKS_FOLDER_PATH}/Alamofire.framework",
				"${TARGET_BUILD_DIR}/${FRAMEWORKS_FOLDER_PATH}/CRRefresh.framework",
				"${TARGET_BUILD_DIR}/${FRAMEWORKS_FOLDER_PATH}/Device.framework",
				"${TARGET_BUILD_DIR}/${FRAMEWORKS_FOLDER_PATH}/EChart.framework",
				"${TARGET_BUILD_DIR}/${FRAMEWORKS_FOLDER_PATH}/FSCalendar.framework",
				"${TARGET_BUILD_DIR}/${FRAMEWORKS_FOLDER_PATH}/IQKeyboardManagerSwift.framework",
				"${TARGET_BUILD_DIR}/${FRAMEWORKS_FOLDER_PATH}/KRActivityIndicatorView.framework",
				"${TARGET_BUILD_DIR}/${FRAMEWORKS_FOLDER_PATH}/KRProgressHUD.framework",
				"${TARGET_BUILD_DIR}/${FRAMEWORKS_FOLDER_PATH}/MKProgress.framework",
				"${TARGET_BUILD_DIR}/${FRAMEWORKS_FOLDER_PATH}/Presentr.framework",
				"${TARGET_BUILD_DIR}/${FRAMEWORKS_FOLDER_PATH}/ProgressHUD.framework",
				"${TARGET_BUILD_DIR}/${FRAMEWORKS_FOLDER_PATH}/QuickLayout.framework",
				"${TARGET_BUILD_DIR}/${FRAMEWORKS_FOLDER_PATH}/SimpleAlert.framework",
				"${TARGET_BUILD_DIR}/${FRAMEWORKS_FOLDER_PATH}/Starscream.framework",
				"${TARGET_BUILD_DIR}/${FRAMEWORKS_FOLDER_PATH}/SwiftChart.framework",
				"${TARGET_BUILD_DIR}/${FRAMEWORKS_FOLDER_PATH}/SwiftEntryKit.framework",
				"${TARGET_BUILD_DIR}/${FRAMEWORKS_FOLDER_PATH}/SwiftPhoenixClient.framework",
				"${TARGET_BUILD_DIR}/${FRAMEWORKS_FOLDER_PATH}/SwiftyAvatar.framework",
				"${TARGET_BUILD_DIR}/${FRAMEWORKS_FOLDER_PATH}/SwiftyJSON.framework",
				"${TARGET_BUILD_DIR}/${FRAMEWORKS_FOLDER_PATH}/Toast_Swift.framework",
				"${TARGET_BUILD_DIR}/${FRAMEWORKS_FOLDER_PATH}/XLPagerTabStrip.framework",
				"${TARGET_BUILD_DIR}/${FRAMEWORKS_FOLDER_PATH}/XLSlidingContainer.framework",
				"${TARGET_BUILD_DIR}/${FRAMEWORKS_FOLDER_PATH}/YouTubePlayer.framework",
			);
			runOnlyForDeploymentPostprocessing = 0;
			shellPath = /bin/sh;
			shellScript = "\"${SRCROOT}/Pods/Target Support Files/Pods-ClubRow/Pods-ClubRow-frameworks.sh\"\n";
			showEnvVarsInLog = 0;
		};
		D8103F17199620482EAA0402 /* [CP] Check Pods Manifest.lock */ = {
			isa = PBXShellScriptBuildPhase;
			buildActionMask = 2147483647;
			files = (
			);
			inputPaths = (
				"${PODS_PODFILE_DIR_PATH}/Podfile.lock",
				"${PODS_ROOT}/Manifest.lock",
			);
			name = "[CP] Check Pods Manifest.lock";
			outputPaths = (
				"$(DERIVED_FILE_DIR)/Pods-ClubRow-checkManifestLockResult.txt",
			);
			runOnlyForDeploymentPostprocessing = 0;
			shellPath = /bin/sh;
			shellScript = "diff \"${PODS_PODFILE_DIR_PATH}/Podfile.lock\" \"${PODS_ROOT}/Manifest.lock\" > /dev/null\nif [ $? != 0 ] ; then\n    # print error to STDERR\n    echo \"error: The sandbox is not in sync with the Podfile.lock. Run 'pod install' or update your CocoaPods installation.\" >&2\n    exit 1\nfi\n# This output is used by Xcode 'outputs' to avoid re-running this script phase.\necho \"SUCCESS\" > \"${SCRIPT_OUTPUT_FILE_0}\"\n";
			showEnvVarsInLog = 0;
		};
/* End PBXShellScriptBuildPhase section */

/* Begin PBXSourcesBuildPhase section */
		3E3DA4192163488B00B5055C /* Sources */ = {
			isa = PBXSourcesBuildPhase;
			buildActionMask = 2147483647;
			files = (
				3EDED40C216B3E7C00167FEF /* SummaryOneViewController.swift in Sources */,
				3EE73C35216AB72800A20AF4 /* PresetDescription.swift in Sources */,
				A406238021954AAB00077B0B /* BluetoothModel.swift in Sources */,
				3E3DA45921635A1800B5055C /* SchedulesViewController.swift in Sources */,
				3EFFA6832175E6A8002B5678 /* ScrollViewController.swift in Sources */,
				A416C29F219C71560038D67E /* ClassDetailCell.swift in Sources */,
				CA87661D21C16C2700B31B7E /* UIView+Box.swift in Sources */,
				A40AABC421AB176D00D7E371 /* LobbyTableViewCell.swift in Sources */,
				A492E44F219A7427001A6766 /* Shadow.swift in Sources */,
				A493DD76219F0E380057C3A9 /* TSCDesignableView.swift in Sources */,
				A40297BD2194834200F69E60 /* ClassMember.swift in Sources */,
				A4DD2178219820ED00D7DC2E /* UIDevice.swift in Sources */,
				A4780E1D21B1F87500F047F6 /* ClassMemberForDistanceCell.swift in Sources */,
				CACDCADB21C0AFB800E7A85D /* InstructorsViewController.swift in Sources */,
				A4467B6321B67755002F3A8C /* ClassMemberForWattageCell.swift in Sources */,
				A4780E1F21B1F87500F047F6 /* ClassMemberForTimeCell.swift in Sources */,
				A4973DAD21AF1C9900A29EBD /* ClassLobbyCollectionViewCell.swift in Sources */,
				A463F1FE21928A2B0091B7ED /* HttpRequest.swift in Sources */,
				CACDCADD21C0BBC900E7A85D /* InstrcutorCollectionViewCell.swift in Sources */,
				3EE73C2B216AAEFB00A20AF4 /* UIView+Nib.swift in Sources */,
				A4809BFC21AC722D005C041B /* Constant.swift in Sources */,
				3EE73C28216AAEFB00A20AF4 /* Object+ClassName.swift in Sources */,
				A40297BB2194170200F69E60 /* ProgressManager.swift in Sources */,
				3EE73C27216AAEFB00A20AF4 /* Font.swift in Sources */,
				A40AABC221AB0B1200D7E371 /* Lobby.swift in Sources */,
				A43D96EF21A839A2007ACD56 /* SignUpViewController.swift in Sources */,
				A40951B3217C7C3A001EE7A5 /* C2ConnectionManager.swift in Sources */,
				A40951AE217C7B91001EE7A5 /* Log.swift in Sources */,
				3E3DA44B21634A1800B5055C /* SuperViewController.swift in Sources */,
				3EFFA6812175E6A8002B5678 /* MyImageCollectionViewCell.swift in Sources */,
				A403D0132191E995007833C1 /* SelectedTeacherCell.swift in Sources */,
				A431BABA219322D8002BB3EF /* SocketManager.swift in Sources */,
				3EE73C2A216AAEFB00A20AF4 /* UIScreen+Utils.swift in Sources */,
				3EE73C26216AAEFB00A20AF4 /* CGRect+Utils.swift in Sources */,
				A4780E1E21B1F87500F047F6 /* ClassMemberForSpeedCell.swift in Sources */,
				CAC4368D21C1078C00B0BDCA /* LobbiesViewController.swift in Sources */,
				3E3DA45B21635A2900B5055C /* ClassesViewController.swift in Sources */,
				3EFFA6822175E6A8002B5678 /* CollectionViewController.swift in Sources */,
				3EE73C29216AAEFB00A20AF4 /* UIColor+Utils.swift in Sources */,
				3EFFA6772175170D002B5678 /* CalendarViewController.swift in Sources */,
				3E3DA4212163488B00B5055C /* AppDelegate.swift in Sources */,
				3E3DA4552163552A00B5055C /* TabbarViewController.swift in Sources */,
				A416C2B1219D23050038D67E /* ClassesCell.swift in Sources */,
				3EE73C2F216AB33A00A20AF4 /* DateViewController.swift in Sources */,
				A420819A219252EF00169232 /* SelectedTeacherCollectionCell.swift in Sources */,
				3EDED40E216B42C400167FEF /* DateFilterViewController.swift in Sources */,
				3EE73C36216AB72800A20AF4 /* PresetsDataSource.swift in Sources */,
				A40951B5217C8093001EE7A5 /* DevicesViewController.swift in Sources */,
				3EE73C1E216AAC2600A20AF4 /* NibDateView.swift in Sources */,
				A4973DAE21AF1C9900A29EBD /* ClassLobbyCell.swift in Sources */,
				A406F8D2219DA5BC00777374 /* DescriptionCell.swift in Sources */,
				3E3DA45D21635A4B00B5055C /* ProfileViewController.swift in Sources */,
				A481149B21A4CD1A00E9B242 /* LoginViewController.swift in Sources */,
				A416C2A7219D08BC0038D67E /* ProfileDetailCell.swift in Sources */,
				3E3DA44F21634A7300B5055C /* MainViewController.swift in Sources */,
				3E0D70D5216A35F900F6BC95 /* ClassDetailsViewController.swift in Sources */,
				3EFFA67D2175DA22002B5678 /* ContainerViewController.swift in Sources */,
				A416C2A9219D08DA0038D67E /* ProfileHistoryCell.swift in Sources */,
				CACF145021D97D2B006817E2 /* RootViewController.swift in Sources */,
				3E0D70D8216A432A00F6BC95 /* ClassCell.swift in Sources */,
				A4973DB021AF23D000A29EBD /* LiveClass.swift in Sources */,
				3E565587216DEEDC00EF8964 /* SummaryTwoViewController.swift in Sources */,
				3EDED410216B535B00167FEF /* SortFilterViewController.swift in Sources */,
				A463F1FA219276C30091B7ED /* Teacher.swift in Sources */,
				3E3DA457216359EB00B5055C /* HomeViewController.swift in Sources */,
				3EFFA68B21760CE4002B5678 /* ClassTableViewController.swift in Sources */,
				3EDED412216B5A3F00167FEF /* ClassVideoViewController.swift in Sources */,
				A4467B6221B67755002F3A8C /* ClassMemberForStrokesCell.swift in Sources */,
				A4809BFE21AC753A005C041B /* Util.swift in Sources */,
				A40951B2217C7C3A001EE7A5 /* C2ScanningManager.swift in Sources */,
				3E565591216F327B00EF8964 /* SummaryViewController.swift in Sources */,
			);
			runOnlyForDeploymentPostprocessing = 0;
		};
/* End PBXSourcesBuildPhase section */

/* Begin PBXVariantGroup section */
		3E3DA4242163488B00B5055C /* Main.storyboard */ = {
			isa = PBXVariantGroup;
			children = (
				3E3DA4252163488B00B5055C /* Base */,
			);
			name = Main.storyboard;
			sourceTree = "<group>";
		};
		3E3DA4292163489100B5055C /* LaunchScreen.storyboard */ = {
			isa = PBXVariantGroup;
			children = (
				3E3DA42A2163489100B5055C /* Base */,
			);
			name = LaunchScreen.storyboard;
			sourceTree = "<group>";
		};
/* End PBXVariantGroup section */

/* Begin XCBuildConfiguration section */
		3E3DA42D2163489100B5055C /* Debug */ = {
			isa = XCBuildConfiguration;
			buildSettings = {
				ALWAYS_SEARCH_USER_PATHS = NO;
				CLANG_ANALYZER_NONNULL = YES;
				CLANG_ANALYZER_NUMBER_OBJECT_CONVERSION = YES_AGGRESSIVE;
				CLANG_CXX_LANGUAGE_STANDARD = "gnu++14";
				CLANG_CXX_LIBRARY = "libc++";
				CLANG_ENABLE_MODULES = YES;
				CLANG_ENABLE_OBJC_ARC = YES;
				CLANG_ENABLE_OBJC_WEAK = YES;
				CLANG_WARN_BLOCK_CAPTURE_AUTORELEASING = YES;
				CLANG_WARN_BOOL_CONVERSION = YES;
				CLANG_WARN_COMMA = YES;
				CLANG_WARN_CONSTANT_CONVERSION = YES;
				CLANG_WARN_DEPRECATED_OBJC_IMPLEMENTATIONS = YES;
				CLANG_WARN_DIRECT_OBJC_ISA_USAGE = YES_ERROR;
				CLANG_WARN_DOCUMENTATION_COMMENTS = YES;
				CLANG_WARN_EMPTY_BODY = YES;
				CLANG_WARN_ENUM_CONVERSION = YES;
				CLANG_WARN_INFINITE_RECURSION = YES;
				CLANG_WARN_INT_CONVERSION = YES;
				CLANG_WARN_NON_LITERAL_NULL_CONVERSION = YES;
				CLANG_WARN_OBJC_IMPLICIT_RETAIN_SELF = YES;
				CLANG_WARN_OBJC_LITERAL_CONVERSION = YES;
				CLANG_WARN_OBJC_ROOT_CLASS = YES_ERROR;
				CLANG_WARN_RANGE_LOOP_ANALYSIS = YES;
				CLANG_WARN_STRICT_PROTOTYPES = YES;
				CLANG_WARN_SUSPICIOUS_MOVE = YES;
				CLANG_WARN_UNGUARDED_AVAILABILITY = YES_AGGRESSIVE;
				CLANG_WARN_UNREACHABLE_CODE = YES;
				CLANG_WARN__DUPLICATE_METHOD_MATCH = YES;
				CODE_SIGN_IDENTITY = "iPhone Developer";
				COPY_PHASE_STRIP = NO;
				DEBUG_INFORMATION_FORMAT = dwarf;
				ENABLE_STRICT_OBJC_MSGSEND = YES;
				ENABLE_TESTABILITY = YES;
				GCC_C_LANGUAGE_STANDARD = gnu11;
				GCC_DYNAMIC_NO_PIC = NO;
				GCC_NO_COMMON_BLOCKS = YES;
				GCC_OPTIMIZATION_LEVEL = 0;
				GCC_PREPROCESSOR_DEFINITIONS = (
					"DEBUG=1",
					"$(inherited)",
				);
				GCC_WARN_64_TO_32_BIT_CONVERSION = YES;
				GCC_WARN_ABOUT_RETURN_TYPE = YES_ERROR;
				GCC_WARN_UNDECLARED_SELECTOR = YES;
				GCC_WARN_UNINITIALIZED_AUTOS = YES_AGGRESSIVE;
				GCC_WARN_UNUSED_FUNCTION = YES;
				GCC_WARN_UNUSED_VARIABLE = YES;
				IPHONEOS_DEPLOYMENT_TARGET = 11.4;
				MTL_ENABLE_DEBUG_INFO = YES;
				ONLY_ACTIVE_ARCH = YES;
				SDKROOT = iphoneos;
				SWIFT_ACTIVE_COMPILATION_CONDITIONS = DEBUG;
				SWIFT_OPTIMIZATION_LEVEL = "-Onone";
			};
			name = Debug;
		};
		3E3DA42E2163489100B5055C /* Release */ = {
			isa = XCBuildConfiguration;
			buildSettings = {
				ALWAYS_SEARCH_USER_PATHS = NO;
				CLANG_ANALYZER_NONNULL = YES;
				CLANG_ANALYZER_NUMBER_OBJECT_CONVERSION = YES_AGGRESSIVE;
				CLANG_CXX_LANGUAGE_STANDARD = "gnu++14";
				CLANG_CXX_LIBRARY = "libc++";
				CLANG_ENABLE_MODULES = YES;
				CLANG_ENABLE_OBJC_ARC = YES;
				CLANG_ENABLE_OBJC_WEAK = YES;
				CLANG_WARN_BLOCK_CAPTURE_AUTORELEASING = YES;
				CLANG_WARN_BOOL_CONVERSION = YES;
				CLANG_WARN_COMMA = YES;
				CLANG_WARN_CONSTANT_CONVERSION = YES;
				CLANG_WARN_DEPRECATED_OBJC_IMPLEMENTATIONS = YES;
				CLANG_WARN_DIRECT_OBJC_ISA_USAGE = YES_ERROR;
				CLANG_WARN_DOCUMENTATION_COMMENTS = YES;
				CLANG_WARN_EMPTY_BODY = YES;
				CLANG_WARN_ENUM_CONVERSION = YES;
				CLANG_WARN_INFINITE_RECURSION = YES;
				CLANG_WARN_INT_CONVERSION = YES;
				CLANG_WARN_NON_LITERAL_NULL_CONVERSION = YES;
				CLANG_WARN_OBJC_IMPLICIT_RETAIN_SELF = YES;
				CLANG_WARN_OBJC_LITERAL_CONVERSION = YES;
				CLANG_WARN_OBJC_ROOT_CLASS = YES_ERROR;
				CLANG_WARN_RANGE_LOOP_ANALYSIS = YES;
				CLANG_WARN_STRICT_PROTOTYPES = YES;
				CLANG_WARN_SUSPICIOUS_MOVE = YES;
				CLANG_WARN_UNGUARDED_AVAILABILITY = YES_AGGRESSIVE;
				CLANG_WARN_UNREACHABLE_CODE = YES;
				CLANG_WARN__DUPLICATE_METHOD_MATCH = YES;
				CODE_SIGN_IDENTITY = "iPhone Developer";
				COPY_PHASE_STRIP = NO;
				DEBUG_INFORMATION_FORMAT = "dwarf-with-dsym";
				ENABLE_NS_ASSERTIONS = NO;
				ENABLE_STRICT_OBJC_MSGSEND = YES;
				GCC_C_LANGUAGE_STANDARD = gnu11;
				GCC_NO_COMMON_BLOCKS = YES;
				GCC_WARN_64_TO_32_BIT_CONVERSION = YES;
				GCC_WARN_ABOUT_RETURN_TYPE = YES_ERROR;
				GCC_WARN_UNDECLARED_SELECTOR = YES;
				GCC_WARN_UNINITIALIZED_AUTOS = YES_AGGRESSIVE;
				GCC_WARN_UNUSED_FUNCTION = YES;
				GCC_WARN_UNUSED_VARIABLE = YES;
				IPHONEOS_DEPLOYMENT_TARGET = 11.4;
				MTL_ENABLE_DEBUG_INFO = NO;
				SDKROOT = iphoneos;
				SWIFT_COMPILATION_MODE = wholemodule;
				SWIFT_OPTIMIZATION_LEVEL = "-O";
				VALIDATE_PRODUCT = YES;
			};
			name = Release;
		};
		3E3DA4302163489100B5055C /* Debug */ = {
			isa = XCBuildConfiguration;
			baseConfigurationReference = 667035B6151B7E70C9524D86 /* Pods-ClubRow.debug.xcconfig */;
			buildSettings = {
				ASSETCATALOG_COMPILER_APPICON_NAME = AppIcon;
				CODE_SIGN_IDENTITY = "iPhone Developer";
				CODE_SIGN_STYLE = Automatic;
				DEVELOPMENT_TEAM = W8C7268ZCN;
				INFOPLIST_FILE = ClubRow/Info.plist;
				IPHONEOS_DEPLOYMENT_TARGET = 10.0;
				LD_RUNPATH_SEARCH_PATHS = (
					"$(inherited)",
					"@executable_path/Frameworks",
				);
				PRODUCT_BUNDLE_IDENTIFIER = com.clubrowfitness.app;
				PRODUCT_NAME = "$(TARGET_NAME)";
				PROVISIONING_PROFILE_SPECIFIER = "";
				SWIFT_VERSION = 4.2;
				TARGETED_DEVICE_FAMILY = "1,2";
			};
			name = Debug;
		};
		3E3DA4312163489100B5055C /* Release */ = {
			isa = XCBuildConfiguration;
			baseConfigurationReference = C4029E6216D84F85705C9137 /* Pods-ClubRow.release.xcconfig */;
			buildSettings = {
				ASSETCATALOG_COMPILER_APPICON_NAME = AppIcon;
				CODE_SIGN_IDENTITY = "iPhone Developer";
				CODE_SIGN_STYLE = Automatic;
				DEVELOPMENT_TEAM = W8C7268ZCN;
				INFOPLIST_FILE = ClubRow/Info.plist;
				IPHONEOS_DEPLOYMENT_TARGET = 10.0;
				LD_RUNPATH_SEARCH_PATHS = (
					"$(inherited)",
					"@executable_path/Frameworks",
				);
				PRODUCT_BUNDLE_IDENTIFIER = com.clubrowfitness.app;
				PRODUCT_NAME = "$(TARGET_NAME)";
				PROVISIONING_PROFILE_SPECIFIER = "";
				SWIFT_VERSION = 4.2;
				TARGETED_DEVICE_FAMILY = "1,2";
			};
			name = Release;
		};
/* End XCBuildConfiguration section */

/* Begin XCConfigurationList section */
		3E3DA4182163488B00B5055C /* Build configuration list for PBXProject "ClubRow" */ = {
			isa = XCConfigurationList;
			buildConfigurations = (
				3E3DA42D2163489100B5055C /* Debug */,
				3E3DA42E2163489100B5055C /* Release */,
			);
			defaultConfigurationIsVisible = 0;
			defaultConfigurationName = Release;
		};
		3E3DA42F2163489100B5055C /* Build configuration list for PBXNativeTarget "ClubRow" */ = {
			isa = XCConfigurationList;
			buildConfigurations = (
				3E3DA4302163489100B5055C /* Debug */,
				3E3DA4312163489100B5055C /* Release */,
			);
			defaultConfigurationIsVisible = 0;
			defaultConfigurationName = Release;
		};
/* End XCConfigurationList section */
	};
	rootObject = 3E3DA4152163488B00B5055C /* Project object */;
}
