// !$*UTF8*$!
{
	archiveVersion = 1;
	classes = {
	};
	objectVersion = 50;
	objects = {

/* Begin PBXBuildFile section */
		CAA126B722D3592B00A01449 /* AppDelegate.swift in Sources */ = {isa = PBXBuildFile; fileRef = CAA126B622D3592B00A01449 /* AppDelegate.swift */; };
		CAA126BC22D3592B00A01449 /* Main.storyboard in Resources */ = {isa = PBXBuildFile; fileRef = CAA126BA22D3592B00A01449 /* Main.storyboard */; };
		CAA126BE22D3592C00A01449 /* Assets.xcassets in Resources */ = {isa = PBXBuildFile; fileRef = CAA126BD22D3592C00A01449 /* Assets.xcassets */; };
		CAA126C122D3592C00A01449 /* LaunchScreen.storyboard in Resources */ = {isa = PBXBuildFile; fileRef = CAA126BF22D3592C00A01449 /* LaunchScreen.storyboard */; };
		CAA126CB22D35A8300A01449 /* BaseViewController.swift in Sources */ = {isa = PBXBuildFile; fileRef = CAA126CA22D35A8300A01449 /* BaseViewController.swift */; };
		CAA126CD22D35A9800A01449 /* WelcomeViewController.swift in Sources */ = {isa = PBXBuildFile; fileRef = CAA126CC22D35A9800A01449 /* WelcomeViewController.swift */; };
		CAA126D022D3610600A01449 /* UIView+Extension.swift in Sources */ = {isa = PBXBuildFile; fileRef = CAA126CF22D3610600A01449 /* UIView+Extension.swift */; };
		CAF618FD22D36E4100D4551C /* BebasNeue Regular.ttf in Resources */ = {isa = PBXBuildFile; fileRef = CAF618FC22D36E4100D4551C /* BebasNeue Regular.ttf */; };
/* End PBXBuildFile section */

/* Begin PBXFileReference section */
		CAA126B322D3592B00A01449 /* ClubRow.app */ = {isa = PBXFileReference; explicitFileType = wrapper.application; includeInIndex = 0; path = ClubRow.app; sourceTree = BUILT_PRODUCTS_DIR; };
		CAA126B622D3592B00A01449 /* AppDelegate.swift */ = {isa = PBXFileReference; lastKnownFileType = sourcecode.swift; path = AppDelegate.swift; sourceTree = "<group>"; };
		CAA126BB22D3592B00A01449 /* Base */ = {isa = PBXFileReference; lastKnownFileType = file.storyboard; name = Base; path = Base.lproj/Main.storyboard; sourceTree = "<group>"; };
		CAA126BD22D3592C00A01449 /* Assets.xcassets */ = {isa = PBXFileReference; lastKnownFileType = folder.assetcatalog; path = Assets.xcassets; sourceTree = "<group>"; };
		CAA126C022D3592C00A01449 /* Base */ = {isa = PBXFileReference; lastKnownFileType = file.storyboard; name = Base; path = Base.lproj/LaunchScreen.storyboard; sourceTree = "<group>"; };
		CAA126C222D3592C00A01449 /* Info.plist */ = {isa = PBXFileReference; lastKnownFileType = text.plist.xml; path = Info.plist; sourceTree = "<group>"; };
		CAA126CA22D35A8300A01449 /* BaseViewController.swift */ = {isa = PBXFileReference; lastKnownFileType = sourcecode.swift; path = BaseViewController.swift; sourceTree = "<group>"; };
		CAA126CC22D35A9800A01449 /* WelcomeViewController.swift */ = {isa = PBXFileReference; lastKnownFileType = sourcecode.swift; path = WelcomeViewController.swift; sourceTree = "<group>"; };
		CAA126CF22D3610600A01449 /* UIView+Extension.swift */ = {isa = PBXFileReference; lastKnownFileType = sourcecode.swift; path = "UIView+Extension.swift"; sourceTree = "<group>"; };
		CAF618FC22D36E4100D4551C /* BebasNeue Regular.ttf */ = {isa = PBXFileReference; lastKnownFileType = file; path = "BebasNeue Regular.ttf"; sourceTree = "<group>"; };
/* End PBXFileReference section */

/* Begin PBXFrameworksBuildPhase section */
		CAA126B022D3592B00A01449 /* Frameworks */ = {
			isa = PBXFrameworksBuildPhase;
			buildActionMask = 2147483647;
			files = (
			);
			runOnlyForDeploymentPostprocessing = 0;
		};
/* End PBXFrameworksBuildPhase section */

/* Begin PBXGroup section */
		CAA126AA22D3592B00A01449 = {
			isa = PBXGroup;
			children = (
				CAA126B522D3592B00A01449 /* ClubRow */,
				CAA126B422D3592B00A01449 /* Products */,
			);
			sourceTree = "<group>";
		};
		CAA126B422D3592B00A01449 /* Products */ = {
			isa = PBXGroup;
			children = (
				CAA126B322D3592B00A01449 /* ClubRow.app */,
			);
			name = Products;
			sourceTree = "<group>";
		};
		CAA126B522D3592B00A01449 /* ClubRow */ = {
			isa = PBXGroup;
			children = (
				CAA126D122D3627700A01449 /* Resources */,
				CAA126CE22D360CB00A01449 /* Extensions */,
				CAA126C922D35A7700A01449 /* Main */,
				CAA126C822D35A7100A01449 /* Initial */,
				CAA126B622D3592B00A01449 /* AppDelegate.swift */,
				CAA126BA22D3592B00A01449 /* Main.storyboard */,
				CAA126BD22D3592C00A01449 /* Assets.xcassets */,
				CAA126BF22D3592C00A01449 /* LaunchScreen.storyboard */,
				CAA126C222D3592C00A01449 /* Info.plist */,
			);
			path = ClubRow;
			sourceTree = "<group>";
		};
		CAA126C822D35A7100A01449 /* Initial */ = {
			isa = PBXGroup;
			children = (
				CAA126CC22D35A9800A01449 /* WelcomeViewController.swift */,
			);
			path = Initial;
			sourceTree = "<group>";
		};
		CAA126C922D35A7700A01449 /* Main */ = {
			isa = PBXGroup;
			children = (
				CAA126CA22D35A8300A01449 /* BaseViewController.swift */,
			);
			path = Main;
			sourceTree = "<group>";
		};
		CAA126CE22D360CB00A01449 /* Extensions */ = {
			isa = PBXGroup;
			children = (
				CAA126CF22D3610600A01449 /* UIView+Extension.swift */,
			);
			path = Extensions;
			sourceTree = "<group>";
		};
		CAA126D122D3627700A01449 /* Resources */ = {
			isa = PBXGroup;
			children = (
				CAA126D222D3627F00A01449 /* Fonts */,
			);
			path = Resources;
			sourceTree = "<group>";
		};
		CAA126D222D3627F00A01449 /* Fonts */ = {
			isa = PBXGroup;
			children = (
				CAF618FC22D36E4100D4551C /* BebasNeue Regular.ttf */,
			);
			path = Fonts;
			sourceTree = "<group>";
		};
/* End PBXGroup section */

/* Begin PBXNativeTarget section */
		CAA126B222D3592B00A01449 /* ClubRow */ = {
			isa = PBXNativeTarget;
			buildConfigurationList = CAA126C522D3592C00A01449 /* Build configuration list for PBXNativeTarget "ClubRow" */;
			buildPhases = (
				CAA126AF22D3592B00A01449 /* Sources */,
				CAA126B022D3592B00A01449 /* Frameworks */,
				CAA126B122D3592B00A01449 /* Resources */,
			);
			buildRules = (
			);
			dependencies = (
			);
			name = ClubRow;
			productName = ClubRow;
			productReference = CAA126B322D3592B00A01449 /* ClubRow.app */;
			productType = "com.apple.product-type.application";
		};
/* End PBXNativeTarget section */

/* Begin PBXProject section */
		CAA126AB22D3592B00A01449 /* Project object */ = {
			isa = PBXProject;
			attributes = {
				LastSwiftUpdateCheck = 1020;
				LastUpgradeCheck = 1020;
				ORGANIZATIONNAME = CREATORSNEVERDIE;
				TargetAttributes = {
					CAA126B222D3592B00A01449 = {
						CreatedOnToolsVersion = 10.2.1;
					};
				};
			};
			buildConfigurationList = CAA126AE22D3592B00A01449 /* Build configuration list for PBXProject "ClubRow" */;
			compatibilityVersion = "Xcode 9.3";
			developmentRegion = en;
			hasScannedForEncodings = 0;
			knownRegions = (
				en,
				Base,
			);
			mainGroup = CAA126AA22D3592B00A01449;
			productRefGroup = CAA126B422D3592B00A01449 /* Products */;
			projectDirPath = "";
			projectRoot = "";
			targets = (
				CAA126B222D3592B00A01449 /* ClubRow */,
			);
		};
/* End PBXProject section */

/* Begin PBXResourcesBuildPhase section */
		CAA126B122D3592B00A01449 /* Resources */ = {
			isa = PBXResourcesBuildPhase;
			buildActionMask = 2147483647;
			files = (
				CAA126C122D3592C00A01449 /* LaunchScreen.storyboard in Resources */,
				CAF618FD22D36E4100D4551C /* BebasNeue Regular.ttf in Resources */,
				CAA126BE22D3592C00A01449 /* Assets.xcassets in Resources */,
				CAA126BC22D3592B00A01449 /* Main.storyboard in Resources */,
			);
			runOnlyForDeploymentPostprocessing = 0;
		};
/* End PBXResourcesBuildPhase section */

/* Begin PBXSourcesBuildPhase section */
		CAA126AF22D3592B00A01449 /* Sources */ = {
			isa = PBXSourcesBuildPhase;
			buildActionMask = 2147483647;
			files = (
				CAA126CD22D35A9800A01449 /* WelcomeViewController.swift in Sources */,
				CAA126B722D3592B00A01449 /* AppDelegate.swift in Sources */,
				CAA126D022D3610600A01449 /* UIView+Extension.swift in Sources */,
				CAA126CB22D35A8300A01449 /* BaseViewController.swift in Sources */,
			);
			runOnlyForDeploymentPostprocessing = 0;
		};
/* End PBXSourcesBuildPhase section */

/* Begin PBXVariantGroup section */
		CAA126BA22D3592B00A01449 /* Main.storyboard */ = {
			isa = PBXVariantGroup;
			children = (
				CAA126BB22D3592B00A01449 /* Base */,
			);
			name = Main.storyboard;
			sourceTree = "<group>";
		};
		CAA126BF22D3592C00A01449 /* LaunchScreen.storyboard */ = {
			isa = PBXVariantGroup;
			children = (
				CAA126C022D3592C00A01449 /* Base */,
			);
			name = LaunchScreen.storyboard;
			sourceTree = "<group>";
		};
/* End PBXVariantGroup section */

/* Begin XCBuildConfiguration section */
		CAA126C322D3592C00A01449 /* Debug */ = {
			isa = XCBuildConfiguration;
			buildSettings = {
				ALWAYS_SEARCH_USER_PATHS = NO;
				CLANG_ANALYZER_NONNULL = YES;
				CLANG_ANALYZER_NUMBER_OBJECT_CONVERSION = YES_AGGRESSIVE;
				CLANG_CXX_LANGUAGE_STANDARD = "gnu++14";
				CLANG_CXX_LIBRARY = "libc++";
				CLANG_ENABLE_MODULES = YES;
				CLANG_ENABLE_OBJC_ARC = YES;
				CLANG_ENABLE_OBJC_WEAK = YES;
				CLANG_WARN_BLOCK_CAPTURE_AUTORELEASING = YES;
				CLANG_WARN_BOOL_CONVERSION = YES;
				CLANG_WARN_COMMA = YES;
				CLANG_WARN_CONSTANT_CONVERSION = YES;
				CLANG_WARN_DEPRECATED_OBJC_IMPLEMENTATIONS = YES;
				CLANG_WARN_DIRECT_OBJC_ISA_USAGE = YES_ERROR;
				CLANG_WARN_DOCUMENTATION_COMMENTS = YES;
				CLANG_WARN_EMPTY_BODY = YES;
				CLANG_WARN_ENUM_CONVERSION = YES;
				CLANG_WARN_INFINITE_RECURSION = YES;
				CLANG_WARN_INT_CONVERSION = YES;
				CLANG_WARN_NON_LITERAL_NULL_CONVERSION = YES;
				CLANG_WARN_OBJC_IMPLICIT_RETAIN_SELF = YES;
				CLANG_WARN_OBJC_LITERAL_CONVERSION = YES;
				CLANG_WARN_OBJC_ROOT_CLASS = YES_ERROR;
				CLANG_WARN_RANGE_LOOP_ANALYSIS = YES;
				CLANG_WARN_STRICT_PROTOTYPES = YES;
				CLANG_WARN_SUSPICIOUS_MOVE = YES;
				CLANG_WARN_UNGUARDED_AVAILABILITY = YES_AGGRESSIVE;
				CLANG_WARN_UNREACHABLE_CODE = YES;
				CLANG_WARN__DUPLICATE_METHOD_MATCH = YES;
				CODE_SIGN_IDENTITY = "iPhone Developer";
				COPY_PHASE_STRIP = NO;
				DEBUG_INFORMATION_FORMAT = dwarf;
				ENABLE_STRICT_OBJC_MSGSEND = YES;
				ENABLE_TESTABILITY = YES;
				GCC_C_LANGUAGE_STANDARD = gnu11;
				GCC_DYNAMIC_NO_PIC = NO;
				GCC_NO_COMMON_BLOCKS = YES;
				GCC_OPTIMIZATION_LEVEL = 0;
				GCC_PREPROCESSOR_DEFINITIONS = (
					"DEBUG=1",
					"$(inherited)",
				);
				GCC_WARN_64_TO_32_BIT_CONVERSION = YES;
				GCC_WARN_ABOUT_RETURN_TYPE = YES_ERROR;
				GCC_WARN_UNDECLARED_SELECTOR = YES;
				GCC_WARN_UNINITIALIZED_AUTOS = YES_AGGRESSIVE;
				GCC_WARN_UNUSED_FUNCTION = YES;
				GCC_WARN_UNUSED_VARIABLE = YES;
				IPHONEOS_DEPLOYMENT_TARGET = 12.2;
				MTL_ENABLE_DEBUG_INFO = INCLUDE_SOURCE;
				MTL_FAST_MATH = YES;
				ONLY_ACTIVE_ARCH = YES;
				SDKROOT = iphoneos;
				SWIFT_ACTIVE_COMPILATION_CONDITIONS = DEBUG;
				SWIFT_OPTIMIZATION_LEVEL = "-Onone";
			};
			name = Debug;
		};
		CAA126C422D3592C00A01449 /* Release */ = {
			isa = XCBuildConfiguration;
			buildSettings = {
				ALWAYS_SEARCH_USER_PATHS = NO;
				CLANG_ANALYZER_NONNULL = YES;
				CLANG_ANALYZER_NUMBER_OBJECT_CONVERSION = YES_AGGRESSIVE;
				CLANG_CXX_LANGUAGE_STANDARD = "gnu++14";
				CLANG_CXX_LIBRARY = "libc++";
				CLANG_ENABLE_MODULES = YES;
				CLANG_ENABLE_OBJC_ARC = YES;
				CLANG_ENABLE_OBJC_WEAK = YES;
				CLANG_WARN_BLOCK_CAPTURE_AUTORELEASING = YES;
				CLANG_WARN_BOOL_CONVERSION = YES;
				CLANG_WARN_COMMA = YES;
				CLANG_WARN_CONSTANT_CONVERSION = YES;
				CLANG_WARN_DEPRECATED_OBJC_IMPLEMENTATIONS = YES;
				CLANG_WARN_DIRECT_OBJC_ISA_USAGE = YES_ERROR;
				CLANG_WARN_DOCUMENTATION_COMMENTS = YES;
				CLANG_WARN_EMPTY_BODY = YES;
				CLANG_WARN_ENUM_CONVERSION = YES;
				CLANG_WARN_INFINITE_RECURSION = YES;
				CLANG_WARN_INT_CONVERSION = YES;
				CLANG_WARN_NON_LITERAL_NULL_CONVERSION = YES;
				CLANG_WARN_OBJC_IMPLICIT_RETAIN_SELF = YES;
				CLANG_WARN_OBJC_LITERAL_CONVERSION = YES;
				CLANG_WARN_OBJC_ROOT_CLASS = YES_ERROR;
				CLANG_WARN_RANGE_LOOP_ANALYSIS = YES;
				CLANG_WARN_STRICT_PROTOTYPES = YES;
				CLANG_WARN_SUSPICIOUS_MOVE = YES;
				CLANG_WARN_UNGUARDED_AVAILABILITY = YES_AGGRESSIVE;
				CLANG_WARN_UNREACHABLE_CODE = YES;
				CLANG_WARN__DUPLICATE_METHOD_MATCH = YES;
				CODE_SIGN_IDENTITY = "iPhone Developer";
				COPY_PHASE_STRIP = NO;
				DEBUG_INFORMATION_FORMAT = "dwarf-with-dsym";
				ENABLE_NS_ASSERTIONS = NO;
				ENABLE_STRICT_OBJC_MSGSEND = YES;
				GCC_C_LANGUAGE_STANDARD = gnu11;
				GCC_NO_COMMON_BLOCKS = YES;
				GCC_WARN_64_TO_32_BIT_CONVERSION = YES;
				GCC_WARN_ABOUT_RETURN_TYPE = YES_ERROR;
				GCC_WARN_UNDECLARED_SELECTOR = YES;
				GCC_WARN_UNINITIALIZED_AUTOS = YES_AGGRESSIVE;
				GCC_WARN_UNUSED_FUNCTION = YES;
				GCC_WARN_UNUSED_VARIABLE = YES;
				IPHONEOS_DEPLOYMENT_TARGET = 12.2;
				MTL_ENABLE_DEBUG_INFO = NO;
				MTL_FAST_MATH = YES;
				SDKROOT = iphoneos;
				SWIFT_COMPILATION_MODE = wholemodule;
				SWIFT_OPTIMIZATION_LEVEL = "-O";
				VALIDATE_PRODUCT = YES;
			};
			name = Release;
		};
		CAA126C622D3592C00A01449 /* Debug */ = {
			isa = XCBuildConfiguration;
			buildSettings = {
				ASSETCATALOG_COMPILER_APPICON_NAME = AppIcon;
				CODE_SIGN_STYLE = Manual;
				DEVELOPMENT_TEAM = D4J7AW2S69;
				INFOPLIST_FILE = ClubRow/Info.plist;
				IPHONEOS_DEPLOYMENT_TARGET = 11.0;
				LD_RUNPATH_SEARCH_PATHS = (
					"$(inherited)",
					"@executable_path/Frameworks",
				);
				PRODUCT_BUNDLE_IDENTIFIER = com.creatorsneverdie.ClubRow;
				PRODUCT_NAME = "$(TARGET_NAME)";
				PROVISIONING_PROFILE_SPECIFIER = All_Dev_160129;
				SWIFT_VERSION = 5.0;
				TARGETED_DEVICE_FAMILY = 1;
			};
			name = Debug;
		};
		CAA126C722D3592C00A01449 /* Release */ = {
			isa = XCBuildConfiguration;
			buildSettings = {
				ASSETCATALOG_COMPILER_APPICON_NAME = AppIcon;
				CODE_SIGN_STYLE = Manual;
				DEVELOPMENT_TEAM = "";
				INFOPLIST_FILE = ClubRow/Info.plist;
				IPHONEOS_DEPLOYMENT_TARGET = 11.0;
				LD_RUNPATH_SEARCH_PATHS = (
					"$(inherited)",
					"@executable_path/Frameworks",
				);
				PRODUCT_BUNDLE_IDENTIFIER = com.creatorsneverdie.ClubRow;
				PRODUCT_NAME = "$(TARGET_NAME)";
				PROVISIONING_PROFILE_SPECIFIER = "";
				SWIFT_VERSION = 5.0;
				TARGETED_DEVICE_FAMILY = 1;
			};
			name = Release;
		};
/* End XCBuildConfiguration section */

/* Begin XCConfigurationList section */
		CAA126AE22D3592B00A01449 /* Build configuration list for PBXProject "ClubRow" */ = {
			isa = XCConfigurationList;
			buildConfigurations = (
				CAA126C322D3592C00A01449 /* Debug */,
				CAA126C422D3592C00A01449 /* Release */,
			);
			defaultConfigurationIsVisible = 0;
			defaultConfigurationName = Release;
		};
		CAA126C522D3592C00A01449 /* Build configuration list for PBXNativeTarget "ClubRow" */ = {
			isa = XCConfigurationList;
			buildConfigurations = (
				CAA126C622D3592C00A01449 /* Debug */,
				CAA126C722D3592C00A01449 /* Release */,
			);
			defaultConfigurationIsVisible = 0;
			defaultConfigurationName = Release;
		};
/* End XCConfigurationList section */
	};
	rootObject = CAA126AB22D3592B00A01449 /* Project object */;
}
